{
  "version": 4,
  "terraform_version": "0.14.10",
  "serial": 92,
  "lineage": "be2a611e-5c56-52c6-5916-330545fcb7f7",
  "outputs": {
    "cluster_endpoint": {
      "value": "https://C0E3E5C2A4225DF4E7753B84AB1A637C.gr7.ap-south-1.eks.amazonaws.com",
      "type": "string"
    },
    "db_instance_endpoint": {
      "value": "moz-health-dev-db.cqqfmghbjssw.ap-south-1.rds.amazonaws.com:5432",
      "type": "string"
    },
    "db_instance_name": {
      "value": "mozhealthdev",
      "type": "string"
    },
    "db_instance_port": {
      "value": 5432,
      "type": "number"
    },
    "db_instance_username": {
      "value": "mozhealthdev",
      "type": "string",
      "sensitive": true
    },
    "es_data_infra_volume_ids": {
      "value": [
        "vol-0f9f6c121f393d6c8",
        "vol-0be19b46c9ddc93bc",
        "vol-012627f450bc864dc"
      ],
      "type": [
        "tuple",
        [
          "string",
          "string",
          "string"
        ]
      ]
    },
    "es_data_volume_ids": {
      "value": [
        "vol-0df8b9a899c1ecc24",
        "vol-04dbec25fc6a59831",
        "vol-060f4e426812292bf"
      ],
      "type": [
        "tuple",
        [
          "string",
          "string",
          "string"
        ]
      ]
    },
    "es_master_infra_volume_ids": {
      "value": [
        "vol-0d93c802a0080bce5",
        "vol-02076f56fff4afbc0",
        "vol-0f5c60b474093c582"
      ],
      "type": [
        "tuple",
        [
          "string",
          "string",
          "string"
        ]
      ]
    },
    "es_master_volume_ids": {
      "value": [
        "vol-06339101b9e9b08c0",
        "vol-054010910b200d6a8",
        "vol-0d82320a359d0fc1d"
      ],
      "type": [
        "tuple",
        [
          "string",
          "string",
          "string"
        ]
      ]
    },
    "kafka_infra_vol_ids": {
      "value": [
        "vol-0862b7011df4f1933",
        "vol-08251d51c9bbc922f",
        "vol-02edd10e7bf7f69b2"
      ],
      "type": [
        "tuple",
        [
          "string",
          "string",
          "string"
        ]
      ]
    },
    "kafka_vol_ids": {
      "value": [
        "vol-0e423a87086f57042",
        "vol-0b6e6261c826f4316",
        "vol-0ccaab3316c66ab64"
      ],
      "type": [
        "tuple",
        [
          "string",
          "string",
          "string"
        ]
      ]
    },
    "kubectl_config": {
      "value": "apiVersion: v1\npreferences: {}\nkind: Config\n\nclusters:\n- cluster:\n    server: https://C0E3E5C2A4225DF4E7753B84AB1A637C.gr7.ap-south-1.eks.amazonaws.com\n    certificate-authority-data: LS0tLS1CRUdJTiBDRVJUSUZJQ0FURS0tLS0tCk1JSUMvakNDQWVhZ0F3SUJBZ0lCQURBTkJna3Foa2lHOXcwQkFRc0ZBREFWTVJNd0VRWURWUVFERXdwcmRXSmwKY201bGRHVnpNQjRYRFRJek1ETXhOREE1TVRBeE9Gb1hEVE16TURNeE1UQTVNVEF4T0Zvd0ZURVRNQkVHQTFVRQpBeE1LYTNWaVpYSnVaWFJsY3pDQ0FTSXdEUVlKS29aSWh2Y05BUUVCQlFBRGdnRVBBRENDQVFvQ2dnRUJBTVBYCmdtMlhoNlFkVUNZOGZwMktZU2ZsOUxkZFVKd3hGSURsN25MQU52c09Cc3ptUWVXK1ArWitPQWxpV3pVaTFlVXYKV0hMYkZXWFNFRGN2ZlpMcjhhdWk1R1V5bk9qMi8rYmc1U255Q0h6M0dsMmVONCttdU5aQ2dGY1hrTUlBSEpueQpmdXlwU1N1R2RTU1F1M0psY25PT1cwYllQMmJJS0swOUV4Y0JmYWZLWWFoYXVacWVoU2ZNNW85YUMyeDFCQlN0Ck44WFRpZTl6RUd3ZTRIdHFoUHBjVERSUUl2bUJJSnMrd01YdHdTa2lvbm52STQvYzFVOEJtNlNDcVg2SXdqNXAKMGs1UXBtSUVsY1FRUDM4MlVPeldIWStHZ0wwcFlkV29RN0JRVkNjOHFWR3JjOEw3WkdKZ0VIb2x0L3NhRTlobgpRTEFmYVA1YUJ0R1pkd3k4QmxFQ0F3RUFBYU5aTUZjd0RnWURWUjBQQVFIL0JBUURBZ0trTUE4R0ExVWRFd0VCCi93UUZNQU1CQWY4d0hRWURWUjBPQkJZRUZJL1djMDhKRjd5MU5WSHV4OXRGOXBqNFYxTnhNQlVHQTFVZEVRUU8KTUF5Q0NtdDFZbVZ5Ym1WMFpYTXdEUVlKS29aSWh2Y05BUUVMQlFBRGdnRUJBSUpidkxaUUdpTGlWMTBCR1N4aApJN1RmanNtek52SkIwUGUvS01IWVMvZ1VPbTQ0LzV0L1dyTWIzdDR1MHVWTHhrcnduLzlINHJ0SG5CdUlJbElhCnlpQ3RTTEZiSHNYZVlKQkFzRW1TM01mQzhGd3dNdzJyeGxiSHl0Nm1uZks0NDVoMUsvckt4T3l4Q3hCc3NqTEkKNmZ0cnZYSkkrWjhuTCsrQlRBeTZLRjNUT0w3T2hmSzJxd2RuWjBXZzRad2hrbVhYSHQzTm5tZTZ5NWFsZjB2SwpvTGZXN29pZDNEeGRINk9WczFtNDgwdFBGVTZ5aDVFdFpsK2NaUlpUNFRNbVpYSDhqNWtIRWNYQ3Z4bGNHOE5BClRsUGVyZDFSSWV3NFc2aG16UW5LdS9QV3NtYUwybkFCdVBla1dMNTk2ZFBscktTV2tMdnQrYlF2enpMK2xDc3UKZUhvPQotLS0tLUVORCBDRVJUSUZJQ0FURS0tLS0tCg==\n  name: eks_moz-health-dev\n\ncontexts:\n- context:\n    cluster: eks_moz-health-dev\n    user: eks_moz-health-dev\n  name: eks_moz-health-dev\n\ncurrent-context: eks_moz-health-dev\n\nusers:\n- name: eks_moz-health-dev\n  user:\n    exec:\n      apiVersion: client.authentication.k8s.io/v1alpha1\n      command: aws-iam-authenticator\n      args:\n        - \"token\"\n        - \"-i\"\n        - \"moz-health-dev\"\n",
      "type": "string"
    },
    "private_subnets": {
      "value": [
        "subnet-00d75297743a1778d",
        "subnet-01087ede96fdea8b8"
      ],
      "type": [
        "tuple",
        [
          "string",
          "string"
        ]
      ]
    },
    "public_subnets": {
      "value": [
        "subnet-09f962f506d6b6a40",
        "subnet-02c0b2a716568a93f"
      ],
      "type": [
        "tuple",
        [
          "string",
          "string"
        ]
      ]
    },
    "vpc_id": {
      "value": "vpc-0f4619ac6dcb6e9a7",
      "type": "string"
    },
    "zookeeper_volume_ids": {
      "value": [
        "vol-0672cbd08ba7c1ad2",
        "vol-0dca7a8d2eab11f4d",
        "vol-0d4eab89e55277e37"
      ],
      "type": [
        "tuple",
        [
          "string",
          "string",
          "string"
        ]
      ]
    }
  },
  "resources": [
    {
      "mode": "data",
      "type": "aws_availability_zones",
      "name": "available",
      "provider": "provider[\"registry.terraform.io/hashicorp/aws\"]",
      "instances": [
        {
          "schema_version": 0,
          "attributes": {
            "all_availability_zones": null,
            "exclude_names": null,
            "exclude_zone_ids": null,
            "filter": null,
            "group_names": [
              "ap-south-1"
            ],
            "id": "ap-south-1",
            "names": [
              "ap-south-1a",
              "ap-south-1b",
              "ap-south-1c"
            ],
            "state": null,
            "timeouts": null,
            "zone_ids": [
              "aps1-az1",
              "aps1-az3",
              "aps1-az2"
            ]
          },
          "sensitive_attributes": []
        }
      ]
    },
    {
      "mode": "data",
      "type": "aws_eks_cluster",
      "name": "cluster",
      "provider": "provider[\"registry.terraform.io/hashicorp/aws\"]",
      "instances": [
        {
          "schema_version": 0,
          "attributes": {
            "arn": "arn:aws:eks:ap-south-1:680148267093:cluster/moz-health-dev",
            "certificate_authority": [
              {
                "data": "LS0tLS1CRUdJTiBDRVJUSUZJQ0FURS0tLS0tCk1JSUMvakNDQWVhZ0F3SUJBZ0lCQURBTkJna3Foa2lHOXcwQkFRc0ZBREFWTVJNd0VRWURWUVFERXdwcmRXSmwKY201bGRHVnpNQjRYRFRJek1ETXhOREE1TVRBeE9Gb1hEVE16TURNeE1UQTVNVEF4T0Zvd0ZURVRNQkVHQTFVRQpBeE1LYTNWaVpYSnVaWFJsY3pDQ0FTSXdEUVlKS29aSWh2Y05BUUVCQlFBRGdnRVBBRENDQVFvQ2dnRUJBTVBYCmdtMlhoNlFkVUNZOGZwMktZU2ZsOUxkZFVKd3hGSURsN25MQU52c09Cc3ptUWVXK1ArWitPQWxpV3pVaTFlVXYKV0hMYkZXWFNFRGN2ZlpMcjhhdWk1R1V5bk9qMi8rYmc1U255Q0h6M0dsMmVONCttdU5aQ2dGY1hrTUlBSEpueQpmdXlwU1N1R2RTU1F1M0psY25PT1cwYllQMmJJS0swOUV4Y0JmYWZLWWFoYXVacWVoU2ZNNW85YUMyeDFCQlN0Ck44WFRpZTl6RUd3ZTRIdHFoUHBjVERSUUl2bUJJSnMrd01YdHdTa2lvbm52STQvYzFVOEJtNlNDcVg2SXdqNXAKMGs1UXBtSUVsY1FRUDM4MlVPeldIWStHZ0wwcFlkV29RN0JRVkNjOHFWR3JjOEw3WkdKZ0VIb2x0L3NhRTlobgpRTEFmYVA1YUJ0R1pkd3k4QmxFQ0F3RUFBYU5aTUZjd0RnWURWUjBQQVFIL0JBUURBZ0trTUE4R0ExVWRFd0VCCi93UUZNQU1CQWY4d0hRWURWUjBPQkJZRUZJL1djMDhKRjd5MU5WSHV4OXRGOXBqNFYxTnhNQlVHQTFVZEVRUU8KTUF5Q0NtdDFZbVZ5Ym1WMFpYTXdEUVlKS29aSWh2Y05BUUVMQlFBRGdnRUJBSUpidkxaUUdpTGlWMTBCR1N4aApJN1RmanNtek52SkIwUGUvS01IWVMvZ1VPbTQ0LzV0L1dyTWIzdDR1MHVWTHhrcnduLzlINHJ0SG5CdUlJbElhCnlpQ3RTTEZiSHNYZVlKQkFzRW1TM01mQzhGd3dNdzJyeGxiSHl0Nm1uZks0NDVoMUsvckt4T3l4Q3hCc3NqTEkKNmZ0cnZYSkkrWjhuTCsrQlRBeTZLRjNUT0w3T2hmSzJxd2RuWjBXZzRad2hrbVhYSHQzTm5tZTZ5NWFsZjB2SwpvTGZXN29pZDNEeGRINk9WczFtNDgwdFBGVTZ5aDVFdFpsK2NaUlpUNFRNbVpYSDhqNWtIRWNYQ3Z4bGNHOE5BClRsUGVyZDFSSWV3NFc2aG16UW5LdS9QV3NtYUwybkFCdVBla1dMNTk2ZFBscktTV2tMdnQrYlF2enpMK2xDc3UKZUhvPQotLS0tLUVORCBDRVJUSUZJQ0FURS0tLS0tCg=="
              }
            ],
            "cluster_id": null,
            "created_at": "2023-03-14 09:04:44.996 +0000 UTC",
            "enabled_cluster_log_types": [],
            "endpoint": "https://C0E3E5C2A4225DF4E7753B84AB1A637C.gr7.ap-south-1.eks.amazonaws.com",
            "id": "moz-health-dev",
            "identity": [
              {
                "oidc": [
                  {
                    "issuer": "https://oidc.eks.ap-south-1.amazonaws.com/id/C0E3E5C2A4225DF4E7753B84AB1A637C"
                  }
                ]
              }
            ],
            "kubernetes_network_config": [
              {
                "ip_family": "ipv4",
                "service_ipv4_cidr": "10.100.0.0/16",
                "service_ipv6_cidr": ""
              }
            ],
            "name": "moz-health-dev",
            "outpost_config": [],
            "platform_version": "eks.14",
            "role_arn": "arn:aws:iam::680148267093:role/moz-health-dev20230314090418879400000007",
            "status": "ACTIVE",
            "tags": {
              "KubernetesCluster": "moz-health-dev",
              "kubernetes.io/cluster/moz-health-dev": "owned"
            },
            "version": "1.22",
            "vpc_config": [
              {
                "cluster_security_group_id": "sg-03a4392c899375967",
                "endpoint_private_access": false,
                "endpoint_public_access": true,
                "public_access_cidrs": [
                  "0.0.0.0/0"
                ],
                "security_group_ids": [
                  "sg-086ae0f4763e1f550"
                ],
                "subnet_ids": [
                  "subnet-00d75297743a1778d",
                  "subnet-01087ede96fdea8b8",
                  "subnet-02c0b2a716568a93f",
                  "subnet-09f962f506d6b6a40"
                ],
                "vpc_id": "vpc-0f4619ac6dcb6e9a7"
              }
            ]
          },
          "sensitive_attributes": []
        }
      ]
    },
    {
      "mode": "data",
      "type": "aws_eks_cluster_auth",
      "name": "cluster",
      "provider": "provider[\"registry.terraform.io/hashicorp/aws\"]",
      "instances": [
        {
          "schema_version": 0,
          "attributes": {
            "id": "moz-health-dev",
            "name": "moz-health-dev",
            "token": "k8s-aws-v1.aHR0cHM6Ly9zdHMuYW1hem9uYXdzLmNvbS8_QWN0aW9uPUdldENhbGxlcklkZW50aXR5JlZlcnNpb249MjAxMS0wNi0xNSZYLUFtei1BbGdvcml0aG09QVdTNC1ITUFDLVNIQTI1NiZYLUFtei1DcmVkZW50aWFsPUFLSUFaNFc3NjZCS1dRTzRFU0dKJTJGMjAyMzA4MTAlMkZ1cy1lYXN0LTElMkZzdHMlMkZhd3M0X3JlcXVlc3QmWC1BbXotRGF0ZT0yMDIzMDgxMFQwOTEzMjZaJlgtQW16LUV4cGlyZXM9MCZYLUFtei1TaWduZWRIZWFkZXJzPWhvc3QlM0J4LWs4cy1hd3MtaWQmWC1BbXotU2lnbmF0dXJlPTEzMzQ4YWZlYjQxMGJmMDFmMzdmZTQzMTViOTlhN2Q3Njc2YTM4OTc2MThhNDExMjJjMzE2YzFlOTg2MTZlZWM"
          },
          "sensitive_attributes": []
        }
      ]
    },
    {
      "mode": "data",
      "type": "aws_region",
      "name": "current",
      "provider": "provider[\"registry.terraform.io/hashicorp/aws\"]",
      "instances": [
        {
          "schema_version": 0,
          "attributes": {
            "description": "Asia Pacific (Mumbai)",
            "endpoint": "ec2.ap-south-1.amazonaws.com",
            "id": "ap-south-1",
            "name": "ap-south-1"
          },
          "sensitive_attributes": []
        }
      ]
    },
    {
      "module": "module.db",
      "mode": "managed",
      "type": "aws_db_instance",
      "name": "rds_postgres",
      "provider": "provider[\"registry.terraform.io/hashicorp/aws\"]",
      "instances": [
        {
          "schema_version": 1,
          "attributes": {
            "address": "moz-health-dev-db.cqqfmghbjssw.ap-south-1.rds.amazonaws.com",
            "allocated_storage": 100,
            "allow_major_version_upgrade": null,
            "apply_immediately": false,
            "arn": "arn:aws:rds:ap-south-1:680148267093:db:moz-health-dev-db",
            "auto_minor_version_upgrade": true,
            "availability_zone": "ap-south-1b",
            "backup_retention_period": 7,
            "backup_window": "19:11-19:41",
            "blue_green_update": [],
            "ca_cert_identifier": "rds-ca-2019",
            "character_set_name": "",
            "copy_tags_to_snapshot": true,
            "custom_iam_instance_profile": "",
            "customer_owned_ip_enabled": false,
            "db_name": "mozhealthdev",
            "db_subnet_group_name": "db-subnet-group-moz-health-dev",
            "delete_automated_backups": true,
            "deletion_protection": false,
            "domain": "",
            "domain_iam_role_name": "",
            "enabled_cloudwatch_logs_exports": [],
            "endpoint": "moz-health-dev-db.cqqfmghbjssw.ap-south-1.rds.amazonaws.com:5432",
            "engine": "postgres",
            "engine_version": "11.13",
            "engine_version_actual": "11.19",
            "final_snapshot_identifier": null,
            "hosted_zone_id": "Z2VFMSZA74J7XZ",
            "iam_database_authentication_enabled": false,
            "id": "moz-health-dev-db",
            "identifier": "moz-health-dev-db",
            "identifier_prefix": "",
            "instance_class": "db.t3.medium",
            "iops": 0,
            "kms_key_id": "",
            "latest_restorable_time": "2023-08-10T09:06:38Z",
            "license_model": "postgresql-license",
            "listener_endpoint": [],
            "maintenance_window": "thu:12:37-thu:13:07",
            "max_allocated_storage": 0,
            "monitoring_interval": 0,
            "monitoring_role_arn": "",
            "multi_az": false,
            "name": "mozhealthdev",
            "nchar_character_set_name": "",
            "network_type": "IPV4",
            "option_group_name": "default:postgres-11",
            "parameter_group_name": "default.postgres11",
            "password": "mozhealthdev",
            "performance_insights_enabled": false,
            "performance_insights_kms_key_id": "",
            "performance_insights_retention_period": 0,
            "port": 5432,
            "publicly_accessible": false,
            "replica_mode": "",
            "replicas": [],
            "replicate_source_db": "",
            "resource_id": "db-QHVFQIBF4MEGBY6ZEAGZ4BD6CU",
            "restore_to_point_in_time": [],
            "s3_import": [],
            "security_group_names": [],
            "skip_final_snapshot": true,
            "snapshot_identifier": null,
            "status": "available",
            "storage_encrypted": false,
            "storage_throughput": 0,
            "storage_type": "gp2",
            "tags": {
              "Name": "moz-health-dev-db",
              "environment": "moz-health-dev"
            },
            "tags_all": {
              "Name": "moz-health-dev-db",
              "environment": "moz-health-dev"
            },
            "timeouts": null,
            "timezone": "",
            "username": "mozhealthdev",
            "vpc_security_group_ids": [
              "sg-0cbb6ad336ac24a46"
            ]
          },
          "sensitive_attributes": [],
          "private": "eyJlMmJmYjczMC1lY2FhLTExZTYtOGY4OC0zNDM2M2JjN2M0YzAiOnsiY3JlYXRlIjoyNDAwMDAwMDAwMDAwLCJkZWxldGUiOjM2MDAwMDAwMDAwMDAsInVwZGF0ZSI6NDgwMDAwMDAwMDAwMH0sInNjaGVtYV92ZXJzaW9uIjoiMSJ9",
          "dependencies": [
            "module.db.aws_db_subnet_group.db_subnet_group",
            "module.network.aws_security_group.rds_db_sg"
          ]
        }
      ]
    },
    {
      "module": "module.db",
      "mode": "managed",
      "type": "aws_db_subnet_group",
      "name": "db_subnet_group",
      "provider": "provider[\"registry.terraform.io/hashicorp/aws\"]",
      "instances": [
        {
          "schema_version": 0,
          "attributes": {
            "arn": "arn:aws:rds:ap-south-1:680148267093:subgrp:db-subnet-group-moz-health-dev",
            "description": "Managed by Terraform",
            "id": "db-subnet-group-moz-health-dev",
            "name": "db-subnet-group-moz-health-dev",
            "name_prefix": "",
            "subnet_ids": [
              "subnet-00d75297743a1778d",
              "subnet-01087ede96fdea8b8"
            ],
            "supported_network_types": [
              "IPV4"
            ],
            "tags": {
              "Name": "db-subnet-group-moz-health-dev",
              "environment": "moz-health-dev"
            },
            "tags_all": {
              "Name": "db-subnet-group-moz-health-dev",
              "environment": "moz-health-dev"
            }
          },
          "sensitive_attributes": [],
          "private": "bnVsbA==",
          "dependencies": [
            "module.network.aws_subnet.private_subnet",
            "module.network.aws_vpc.vpc"
          ]
        }
      ]
    },
    {
      "module": "module.eks",
      "mode": "data",
      "type": "aws_ami",
      "name": "eks_worker",
      "provider": "provider[\"registry.terraform.io/hashicorp/aws\"]",
      "instances": [
        {
          "index_key": 0,
          "schema_version": 0,
          "attributes": {
            "architecture": "x86_64",
            "arn": "arn:aws:ec2:ap-south-1::image/ami-06ef51151943063fd",
            "block_device_mappings": [
              {
                "device_name": "/dev/xvda",
                "ebs": {
                  "delete_on_termination": "true",
                  "encrypted": "false",
                  "iops": "0",
                  "snapshot_id": "snap-02a300e1f25956d3d",
                  "throughput": "0",
                  "volume_size": "20",
                  "volume_type": "gp2"
                },
                "no_device": "",
                "virtual_name": ""
              }
            ],
            "boot_mode": "",
            "creation_date": "2023-07-03T11:20:06.000Z",
            "deprecation_time": "2025-07-03T11:20:06.000Z",
            "description": "EKS Kubernetes Worker AMI with AmazonLinux2 image, (k8s: 1.22.17, docker: 20.10.23-1.amzn2.0.1, containerd: 1.6.*)",
            "ena_support": true,
            "executable_users": null,
            "filter": [
              {
                "name": "name",
                "values": [
                  "amazon-eks-node-1.22-v*"
                ]
              }
            ],
            "hypervisor": "xen",
            "id": "ami-06ef51151943063fd",
            "image_id": "ami-06ef51151943063fd",
            "image_location": "amazon/amazon-eks-node-1.22-v20230703",
            "image_owner_alias": "amazon",
            "image_type": "machine",
            "imds_support": "",
            "include_deprecated": false,
            "kernel_id": "",
            "most_recent": true,
            "name": "amazon-eks-node-1.22-v20230703",
            "name_regex": null,
            "owner_id": "602401143452",
            "owners": [
              "amazon"
            ],
            "platform": "",
            "platform_details": "Linux/UNIX",
            "product_codes": [],
            "public": true,
            "ramdisk_id": "",
            "root_device_name": "/dev/xvda",
            "root_device_type": "ebs",
            "root_snapshot_id": "snap-02a300e1f25956d3d",
            "sriov_net_support": "simple",
            "state": "available",
            "state_reason": {
              "code": "UNSET",
              "message": "UNSET"
            },
            "tags": {},
            "timeouts": null,
            "tpm_support": "",
            "usage_operation": "RunInstances",
            "virtualization_type": "hvm"
          },
          "sensitive_attributes": []
        }
      ]
    },
    {
      "module": "module.eks",
      "mode": "data",
      "type": "aws_caller_identity",
      "name": "current",
      "provider": "provider[\"registry.terraform.io/hashicorp/aws\"]",
      "instances": [
        {
          "schema_version": 0,
          "attributes": {
            "account_id": "680148267093",
            "arn": "arn:aws:iam::680148267093:user/moz-cd",
            "id": "680148267093",
            "user_id": "AIDAZ4W766BKWLW37JQEE"
          },
          "sensitive_attributes": []
        }
      ]
    },
    {
      "module": "module.eks",
      "mode": "data",
      "type": "aws_iam_policy_document",
      "name": "cluster_assume_role_policy",
      "provider": "provider[\"registry.terraform.io/hashicorp/aws\"]",
      "instances": [
        {
          "schema_version": 0,
          "attributes": {
            "id": "2764486067",
            "json": "{\n  \"Version\": \"2012-10-17\",\n  \"Statement\": [\n    {\n      \"Sid\": \"EKSClusterAssumeRole\",\n      \"Effect\": \"Allow\",\n      \"Action\": \"sts:AssumeRole\",\n      \"Principal\": {\n        \"Service\": \"eks.amazonaws.com\"\n      }\n    }\n  ]\n}",
            "override_json": null,
            "override_policy_documents": null,
            "policy_id": null,
            "source_json": null,
            "source_policy_documents": null,
            "statement": [
              {
                "actions": [
                  "sts:AssumeRole"
                ],
                "condition": [],
                "effect": "Allow",
                "not_actions": [],
                "not_principals": [],
                "not_resources": [],
                "principals": [
                  {
                    "identifiers": [
                      "eks.amazonaws.com"
                    ],
                    "type": "Service"
                  }
                ],
                "resources": [],
                "sid": "EKSClusterAssumeRole"
              }
            ],
            "version": "2012-10-17"
          },
          "sensitive_attributes": []
        }
      ]
    },
    {
      "module": "module.eks",
      "mode": "data",
      "type": "aws_iam_policy_document",
      "name": "cluster_deny_log_group",
      "provider": "provider[\"registry.terraform.io/hashicorp/aws\"]",
      "instances": [
        {
          "index_key": 0,
          "schema_version": 0,
          "attributes": {
            "id": "2675893060",
            "json": "{\n  \"Version\": \"2012-10-17\",\n  \"Statement\": [\n    {\n      \"Sid\": \"\",\n      \"Effect\": \"Deny\",\n      \"Action\": \"logs:CreateLogGroup\",\n      \"Resource\": \"*\"\n    }\n  ]\n}",
            "override_json": null,
            "override_policy_documents": null,
            "policy_id": null,
            "source_json": null,
            "source_policy_documents": null,
            "statement": [
              {
                "actions": [
                  "logs:CreateLogGroup"
                ],
                "condition": [],
                "effect": "Deny",
                "not_actions": [],
                "not_principals": [],
                "not_resources": [],
                "principals": [],
                "resources": [
                  "*"
                ],
                "sid": ""
              }
            ],
            "version": "2012-10-17"
          },
          "sensitive_attributes": []
        }
      ]
    },
    {
      "module": "module.eks",
      "mode": "data",
      "type": "aws_iam_policy_document",
      "name": "cluster_elb_sl_role_creation",
      "provider": "provider[\"registry.terraform.io/hashicorp/aws\"]",
      "instances": [
        {
          "index_key": 0,
          "schema_version": 0,
          "attributes": {
            "id": "3709839417",
            "json": "{\n  \"Version\": \"2012-10-17\",\n  \"Statement\": [\n    {\n      \"Sid\": \"\",\n      \"Effect\": \"Allow\",\n      \"Action\": [\n        \"ec2:DescribeInternetGateways\",\n        \"ec2:DescribeAddresses\",\n        \"ec2:DescribeAccountAttributes\"\n      ],\n      \"Resource\": \"*\"\n    }\n  ]\n}",
            "override_json": null,
            "override_policy_documents": null,
            "policy_id": null,
            "source_json": null,
            "source_policy_documents": null,
            "statement": [
              {
                "actions": [
                  "ec2:DescribeAccountAttributes",
                  "ec2:DescribeAddresses",
                  "ec2:DescribeInternetGateways"
                ],
                "condition": [],
                "effect": "Allow",
                "not_actions": [],
                "not_principals": [],
                "not_resources": [],
                "principals": [],
                "resources": [
                  "*"
                ],
                "sid": ""
              }
            ],
            "version": "2012-10-17"
          },
          "sensitive_attributes": []
        }
      ]
    },
    {
      "module": "module.eks",
      "mode": "data",
      "type": "aws_iam_policy_document",
      "name": "workers_assume_role_policy",
      "provider": "provider[\"registry.terraform.io/hashicorp/aws\"]",
      "instances": [
        {
          "schema_version": 0,
          "attributes": {
            "id": "3778018924",
            "json": "{\n  \"Version\": \"2012-10-17\",\n  \"Statement\": [\n    {\n      \"Sid\": \"EKSWorkerAssumeRole\",\n      \"Effect\": \"Allow\",\n      \"Action\": \"sts:AssumeRole\",\n      \"Principal\": {\n        \"Service\": \"ec2.amazonaws.com\"\n      }\n    }\n  ]\n}",
            "override_json": null,
            "override_policy_documents": null,
            "policy_id": null,
            "source_json": null,
            "source_policy_documents": null,
            "statement": [
              {
                "actions": [
                  "sts:AssumeRole"
                ],
                "condition": [],
                "effect": "Allow",
                "not_actions": [],
                "not_principals": [],
                "not_resources": [],
                "principals": [
                  {
                    "identifiers": [
                      "ec2.amazonaws.com"
                    ],
                    "type": "Service"
                  }
                ],
                "resources": [],
                "sid": "EKSWorkerAssumeRole"
              }
            ],
            "version": "2012-10-17"
          },
          "sensitive_attributes": []
        }
      ]
    },
    {
      "module": "module.eks",
      "mode": "data",
      "type": "aws_partition",
      "name": "current",
      "provider": "provider[\"registry.terraform.io/hashicorp/aws\"]",
      "instances": [
        {
          "schema_version": 0,
          "attributes": {
            "dns_suffix": "amazonaws.com",
            "id": "aws",
            "partition": "aws",
            "reverse_dns_prefix": "com.amazonaws"
          },
          "sensitive_attributes": []
        }
      ]
    },
    {
      "module": "module.eks",
      "mode": "data",
      "type": "http",
      "name": "wait_for_cluster",
      "provider": "provider[\"registry.terraform.io/terraform-aws-modules/http\"]",
      "instances": [
        {
          "index_key": 0,
          "schema_version": 0,
          "attributes": {
            "body": "ok",
            "ca_certificate": "-----BEGIN CERTIFICATE-----\nMIIC/jCCAeagAwIBAgIBADANBgkqhkiG9w0BAQsFADAVMRMwEQYDVQQDEwprdWJl\ncm5ldGVzMB4XDTIzMDMxNDA5MTAxOFoXDTMzMDMxMTA5MTAxOFowFTETMBEGA1UE\nAxMKa3ViZXJuZXRlczCCASIwDQYJKoZIhvcNAQEBBQADggEPADCCAQoCggEBAMPX\ngm2Xh6QdUCY8fp2KYSfl9LddUJwxFIDl7nLANvsOBszmQeW+P+Z+OAliWzUi1eUv\nWHLbFWXSEDcvfZLr8aui5GUynOj2/+bg5SnyCHz3Gl2eN4+muNZCgFcXkMIAHJny\nfuypSSuGdSSQu3JlcnOOW0bYP2bIKK09ExcBfafKYahauZqehSfM5o9aC2x1BBSt\nN8XTie9zEGwe4HtqhPpcTDRQIvmBIJs+wMXtwSkionnvI4/c1U8Bm6SCqX6Iwj5p\n0k5QpmIElcQQP382UOzWHY+GgL0pYdWoQ7BQVCc8qVGrc8L7ZGJgEHolt/saE9hn\nQLAfaP5aBtGZdwy8BlECAwEAAaNZMFcwDgYDVR0PAQH/BAQDAgKkMA8GA1UdEwEB\n/wQFMAMBAf8wHQYDVR0OBBYEFI/Wc08JF7y1NVHux9tF9pj4V1NxMBUGA1UdEQQO\nMAyCCmt1YmVybmV0ZXMwDQYJKoZIhvcNAQELBQADggEBAIJbvLZQGiLiV10BGSxh\nI7TfjsmzNvJB0Pe/KMHYS/gUOm44/5t/WrMb3t4u0uVLxkrwn/9H4rtHnBuIIlIa\nyiCtSLFbHsXeYJBAsEmS3MfC8FwwMw2rxlbHyt6mnfK445h1K/rKxOyxCxBssjLI\n6ftrvXJI+Z8nL++BTAy6KF3TOL7OhfK2qwdnZ0Wg4ZwhkmXXHt3Nnme6y5alf0vK\noLfW7oid3DxdH6OVs1m480tPFU6yh5EtZl+cZRZT4TMmZXH8j5kHEcXCvxlcG8NA\nTlPerd1RIew4W6hmzQnKu/PWsmaL2nABuPekWL596dPlrKSWkLvt+bQvzzL+lCsu\neHo=\n-----END CERTIFICATE-----\n",
            "id": "https://C0E3E5C2A4225DF4E7753B84AB1A637C.gr7.ap-south-1.eks.amazonaws.com/healthz",
            "insecure": false,
            "request_headers": null,
            "response_headers": {
              "Audit-Id": "9facd5f3-f955-44b9-abdc-241e50575078",
              "Cache-Control": "no-cache, private",
              "Content-Length": "2",
              "Content-Type": "text/plain; charset=utf-8",
              "Date": "Thu, 10 Aug 2023 09:13:26 GMT",
              "X-Content-Type-Options": "nosniff",
              "X-Kubernetes-Pf-Flowschema-Uid": "2cd14461-2b26-4c00-a76b-64f04b2827f1",
              "X-Kubernetes-Pf-Prioritylevel-Uid": "a8a19056-1a35-495a-9e65-a2a9e40b0c56"
            },
            "timeout": 300,
            "url": "https://C0E3E5C2A4225DF4E7753B84AB1A637C.gr7.ap-south-1.eks.amazonaws.com/healthz"
          },
          "sensitive_attributes": []
        }
      ]
    },
    {
      "module": "module.eks",
      "mode": "managed",
      "type": "aws_autoscaling_group",
      "name": "workers",
      "provider": "provider[\"registry.terraform.io/hashicorp/aws\"]",
      "instances": [
        {
          "index_key": 0,
          "schema_version": 0,
          "attributes": {
            "arn": "arn:aws:autoscaling:ap-south-1:680148267093:autoScalingGroup:7749c5ce-ee32-4fbf-ac93-df0faa97574a:autoScalingGroupName/moz-health-dev-spot2023031409142779900000001e",
            "availability_zones": [
              "ap-south-1b"
            ],
            "capacity_rebalance": false,
            "context": "",
            "default_cooldown": 300,
            "default_instance_warmup": 0,
            "desired_capacity": 4,
            "desired_capacity_type": "",
            "enabled_metrics": [],
            "force_delete": false,
            "force_delete_warm_pool": false,
            "health_check_grace_period": 300,
            "health_check_type": "EC2",
            "id": "moz-health-dev-spot2023031409142779900000001e",
            "initial_lifecycle_hook": [],
            "instance_refresh": [],
            "launch_configuration": "moz-health-dev-spot20230810091402174000000016",
            "launch_template": [],
            "load_balancers": [],
            "max_instance_lifetime": 0,
            "max_size": 5,
            "metrics_granularity": "1Minute",
            "min_elb_capacity": null,
            "min_size": 1,
            "mixed_instances_policy": [],
            "name": "moz-health-dev-spot2023031409142779900000001e",
            "name_prefix": "moz-health-dev-spot",
            "placement_group": "",
            "protect_from_scale_in": false,
            "service_linked_role_arn": "arn:aws:iam::680148267093:role/aws-service-role/autoscaling.amazonaws.com/AWSServiceRoleForAutoScaling",
            "suspended_processes": [
              "AZRebalance"
            ],
            "tag": [
              {
                "key": "KubernetesCluster",
                "propagate_at_launch": true,
                "value": "moz-health-dev"
              },
              {
                "key": "Name",
                "propagate_at_launch": true,
                "value": "moz-health-dev-spot-eks_asg"
              },
              {
                "key": "k8s.io/cluster/moz-health-dev",
                "propagate_at_launch": true,
                "value": "owned"
              },
              {
                "key": "kubernetes.io/cluster/moz-health-dev",
                "propagate_at_launch": true,
                "value": "owned"
              }
            ],
            "tags": null,
            "target_group_arns": [],
            "termination_policies": [],
            "timeouts": null,
            "vpc_zone_identifier": [
              "subnet-00d75297743a1778d"
            ],
            "wait_for_capacity_timeout": "10m",
            "wait_for_elb_capacity": null,
            "warm_pool": []
          },
          "sensitive_attributes": [],
          "private": "eyJlMmJmYjczMC1lY2FhLTExZTYtOGY4OC0zNDM2M2JjN2M0YzAiOnsiZGVsZXRlIjo2MDAwMDAwMDAwMDAsInVwZGF0ZSI6NjAwMDAwMDAwMDAwfX0=",
          "dependencies": [
            "module.eks.aws_eks_cluster.this",
            "module.eks.aws_iam_instance_profile.workers",
            "module.eks.aws_iam_role_policy_attachment.workers_AmazonEC2ContainerRegistryReadOnly",
            "module.eks.aws_iam_role_policy_attachment.workers_AmazonEKSWorkerNodePolicy",
            "module.eks.aws_iam_role_policy_attachment.workers_AmazonEKS_CNI_Policy",
            "module.eks.aws_iam_role_policy_attachment.workers_additional_policies",
            "module.eks.aws_launch_configuration.workers",
            "module.eks.aws_security_group.workers",
            "module.eks.aws_security_group_rule.cluster_primary_ingress_workers",
            "module.eks.aws_security_group_rule.workers_egress_internet",
            "module.eks.aws_security_group_rule.workers_ingress_cluster",
            "module.eks.aws_security_group_rule.workers_ingress_cluster_https",
            "module.eks.aws_security_group_rule.workers_ingress_cluster_kubelet",
            "module.eks.aws_security_group_rule.workers_ingress_cluster_primary",
            "module.eks.aws_security_group_rule.workers_ingress_self",
            "module.eks.data.aws_ami.eks_worker",
            "module.eks.data.aws_ami.eks_worker_windows",
            "module.eks.data.aws_iam_instance_profile.custom_worker_group_iam_instance_profile",
            "module.network.aws_security_group.worker_nodes_sg",
            "module.network.aws_subnet.private_subnet",
            "module.network.aws_subnet.public_subnet"
          ],
          "create_before_destroy": true
        }
      ]
    },
    {
      "module": "module.eks",
      "mode": "managed",
      "type": "aws_eks_cluster",
      "name": "this",
      "provider": "provider[\"registry.terraform.io/hashicorp/aws\"]",
      "instances": [
        {
          "index_key": 0,
          "schema_version": 0,
          "attributes": {
            "arn": "arn:aws:eks:ap-south-1:680148267093:cluster/moz-health-dev",
            "certificate_authority": [
              {
                "data": "LS0tLS1CRUdJTiBDRVJUSUZJQ0FURS0tLS0tCk1JSUMvakNDQWVhZ0F3SUJBZ0lCQURBTkJna3Foa2lHOXcwQkFRc0ZBREFWTVJNd0VRWURWUVFERXdwcmRXSmwKY201bGRHVnpNQjRYRFRJek1ETXhOREE1TVRBeE9Gb1hEVE16TURNeE1UQTVNVEF4T0Zvd0ZURVRNQkVHQTFVRQpBeE1LYTNWaVpYSnVaWFJsY3pDQ0FTSXdEUVlKS29aSWh2Y05BUUVCQlFBRGdnRVBBRENDQVFvQ2dnRUJBTVBYCmdtMlhoNlFkVUNZOGZwMktZU2ZsOUxkZFVKd3hGSURsN25MQU52c09Cc3ptUWVXK1ArWitPQWxpV3pVaTFlVXYKV0hMYkZXWFNFRGN2ZlpMcjhhdWk1R1V5bk9qMi8rYmc1U255Q0h6M0dsMmVONCttdU5aQ2dGY1hrTUlBSEpueQpmdXlwU1N1R2RTU1F1M0psY25PT1cwYllQMmJJS0swOUV4Y0JmYWZLWWFoYXVacWVoU2ZNNW85YUMyeDFCQlN0Ck44WFRpZTl6RUd3ZTRIdHFoUHBjVERSUUl2bUJJSnMrd01YdHdTa2lvbm52STQvYzFVOEJtNlNDcVg2SXdqNXAKMGs1UXBtSUVsY1FRUDM4MlVPeldIWStHZ0wwcFlkV29RN0JRVkNjOHFWR3JjOEw3WkdKZ0VIb2x0L3NhRTlobgpRTEFmYVA1YUJ0R1pkd3k4QmxFQ0F3RUFBYU5aTUZjd0RnWURWUjBQQVFIL0JBUURBZ0trTUE4R0ExVWRFd0VCCi93UUZNQU1CQWY4d0hRWURWUjBPQkJZRUZJL1djMDhKRjd5MU5WSHV4OXRGOXBqNFYxTnhNQlVHQTFVZEVRUU8KTUF5Q0NtdDFZbVZ5Ym1WMFpYTXdEUVlKS29aSWh2Y05BUUVMQlFBRGdnRUJBSUpidkxaUUdpTGlWMTBCR1N4aApJN1RmanNtek52SkIwUGUvS01IWVMvZ1VPbTQ0LzV0L1dyTWIzdDR1MHVWTHhrcnduLzlINHJ0SG5CdUlJbElhCnlpQ3RTTEZiSHNYZVlKQkFzRW1TM01mQzhGd3dNdzJyeGxiSHl0Nm1uZks0NDVoMUsvckt4T3l4Q3hCc3NqTEkKNmZ0cnZYSkkrWjhuTCsrQlRBeTZLRjNUT0w3T2hmSzJxd2RuWjBXZzRad2hrbVhYSHQzTm5tZTZ5NWFsZjB2SwpvTGZXN29pZDNEeGRINk9WczFtNDgwdFBGVTZ5aDVFdFpsK2NaUlpUNFRNbVpYSDhqNWtIRWNYQ3Z4bGNHOE5BClRsUGVyZDFSSWV3NFc2aG16UW5LdS9QV3NtYUwybkFCdVBla1dMNTk2ZFBscktTV2tMdnQrYlF2enpMK2xDc3UKZUhvPQotLS0tLUVORCBDRVJUSUZJQ0FURS0tLS0tCg=="
              }
            ],
            "cluster_id": null,
            "created_at": "2023-03-14 09:04:44.996 +0000 UTC",
            "enabled_cluster_log_types": [],
            "encryption_config": [],
            "endpoint": "https://C0E3E5C2A4225DF4E7753B84AB1A637C.gr7.ap-south-1.eks.amazonaws.com",
            "id": "moz-health-dev",
            "identity": [
              {
                "oidc": [
                  {
                    "issuer": "https://oidc.eks.ap-south-1.amazonaws.com/id/C0E3E5C2A4225DF4E7753B84AB1A637C"
                  }
                ]
              }
            ],
            "kubernetes_network_config": [
              {
                "ip_family": "ipv4",
                "service_ipv4_cidr": "10.100.0.0/16",
                "service_ipv6_cidr": ""
              }
            ],
            "name": "moz-health-dev",
            "outpost_config": [],
            "platform_version": "eks.14",
            "role_arn": "arn:aws:iam::680148267093:role/moz-health-dev20230314090418879400000007",
            "status": "ACTIVE",
            "tags": {
              "KubernetesCluster": "moz-health-dev",
              "kubernetes.io/cluster/moz-health-dev": "owned"
            },
            "tags_all": {
              "KubernetesCluster": "moz-health-dev",
              "kubernetes.io/cluster/moz-health-dev": "owned"
            },
            "timeouts": {
              "create": "30m",
              "delete": "15m",
              "update": "60m"
            },
            "version": "1.22",
            "vpc_config": [
              {
                "cluster_security_group_id": "sg-03a4392c899375967",
                "endpoint_private_access": false,
                "endpoint_public_access": true,
                "public_access_cidrs": [
                  "0.0.0.0/0"
                ],
                "security_group_ids": [
                  "sg-086ae0f4763e1f550"
                ],
                "subnet_ids": [
                  "subnet-00d75297743a1778d",
                  "subnet-01087ede96fdea8b8",
                  "subnet-02c0b2a716568a93f",
                  "subnet-09f962f506d6b6a40"
                ],
                "vpc_id": "vpc-0f4619ac6dcb6e9a7"
              }
            ]
          },
          "sensitive_attributes": [],
          "private": "eyJlMmJmYjczMC1lY2FhLTExZTYtOGY4OC0zNDM2M2JjN2M0YzAiOnsiY3JlYXRlIjoxODAwMDAwMDAwMDAwLCJkZWxldGUiOjkwMDAwMDAwMDAwMCwidXBkYXRlIjozNjAwMDAwMDAwMDAwfX0=",
          "dependencies": [
            "module.eks.aws_cloudwatch_log_group.this",
            "module.eks.aws_iam_role.cluster",
            "module.eks.aws_iam_role_policy_attachment.cluster_AmazonEKSClusterPolicy",
            "module.eks.aws_iam_role_policy_attachment.cluster_AmazonEKSServicePolicy",
            "module.eks.aws_iam_role_policy_attachment.cluster_AmazonEKSVPCResourceControllerPolicy",
            "module.eks.aws_security_group.cluster",
            "module.eks.aws_security_group.workers",
            "module.eks.aws_security_group_rule.cluster_egress_internet",
            "module.eks.aws_security_group_rule.cluster_https_worker_ingress",
            "module.eks.data.aws_iam_policy_document.cluster_assume_role_policy",
            "module.eks.data.aws_iam_role.custom_cluster_iam_role",
            "module.eks.data.aws_partition.current",
            "module.network.aws_subnet.private_subnet",
            "module.network.aws_subnet.public_subnet",
            "module.network.aws_vpc.vpc"
          ],
          "create_before_destroy": true
        }
      ]
    },
    {
      "module": "module.eks",
      "mode": "managed",
      "type": "aws_iam_instance_profile",
      "name": "workers",
      "provider": "provider[\"registry.terraform.io/hashicorp/aws\"]",
      "instances": [
        {
          "index_key": 0,
          "schema_version": 0,
          "attributes": {
            "arn": "arn:aws:iam::680148267093:instance-profile/moz-health-dev20230314091416957800000019",
            "create_date": "2023-03-14T09:14:17Z",
            "id": "moz-health-dev20230314091416957800000019",
            "name": "moz-health-dev20230314091416957800000019",
            "name_prefix": "moz-health-dev",
            "path": "/",
            "role": "moz-health-dev20230314091415173800000018",
            "tags": {
              "KubernetesCluster": "moz-health-dev",
              "kubernetes.io/cluster/moz-health-dev": "owned"
            },
            "tags_all": {
              "KubernetesCluster": "moz-health-dev",
              "kubernetes.io/cluster/moz-health-dev": "owned"
            },
            "unique_id": "AIPAZ4W766BK26QBOQ626"
          },
          "sensitive_attributes": [],
          "private": "bnVsbA==",
          "dependencies": [
            "module.eks.aws_cloudwatch_log_group.this",
            "module.eks.aws_eks_cluster.this",
            "module.eks.aws_iam_role.cluster",
            "module.eks.aws_iam_role.workers",
            "module.eks.aws_iam_role_policy_attachment.cluster_AmazonEKSClusterPolicy",
            "module.eks.aws_iam_role_policy_attachment.cluster_AmazonEKSServicePolicy",
            "module.eks.aws_iam_role_policy_attachment.cluster_AmazonEKSVPCResourceControllerPolicy",
            "module.eks.aws_security_group.cluster",
            "module.eks.aws_security_group.workers",
            "module.eks.aws_security_group_rule.cluster_egress_internet",
            "module.eks.aws_security_group_rule.cluster_https_worker_ingress",
            "module.eks.data.aws_iam_policy_document.cluster_assume_role_policy",
            "module.eks.data.aws_iam_policy_document.workers_assume_role_policy",
            "module.eks.data.aws_iam_role.custom_cluster_iam_role",
            "module.eks.data.aws_partition.current",
            "module.network.aws_security_group.worker_nodes_sg",
            "module.network.aws_subnet.private_subnet",
            "module.network.aws_subnet.public_subnet",
            "module.network.aws_vpc.vpc"
          ],
          "create_before_destroy": true
        }
      ]
    },
    {
      "module": "module.eks",
      "mode": "managed",
      "type": "aws_iam_policy",
      "name": "cluster_deny_log_group",
      "provider": "provider[\"registry.terraform.io/hashicorp/aws\"]",
      "instances": [
        {
          "index_key": 0,
          "schema_version": 0,
          "attributes": {
            "arn": "arn:aws:iam::680148267093:policy/moz-health-dev-deny-log-group2023031409042937670000000e",
            "description": "Deny CreateLogGroup",
            "id": "arn:aws:iam::680148267093:policy/moz-health-dev-deny-log-group2023031409042937670000000e",
            "name": "moz-health-dev-deny-log-group2023031409042937670000000e",
            "name_prefix": "moz-health-dev-deny-log-group",
            "path": "/",
            "policy": "{\"Statement\":[{\"Action\":\"logs:CreateLogGroup\",\"Effect\":\"Deny\",\"Resource\":\"*\",\"Sid\":\"\"}],\"Version\":\"2012-10-17\"}",
            "policy_id": "ANPAZ4W766BK7TYFRRVOL",
            "tags": {
              "KubernetesCluster": "moz-health-dev",
              "kubernetes.io/cluster/moz-health-dev": "owned"
            },
            "tags_all": {
              "KubernetesCluster": "moz-health-dev",
              "kubernetes.io/cluster/moz-health-dev": "owned"
            }
          },
          "sensitive_attributes": [],
          "private": "bnVsbA==",
          "dependencies": [
            "module.eks.data.aws_iam_policy_document.cluster_deny_log_group"
          ]
        }
      ]
    },
    {
      "module": "module.eks",
      "mode": "managed",
      "type": "aws_iam_policy",
      "name": "cluster_elb_sl_role_creation",
      "provider": "provider[\"registry.terraform.io/hashicorp/aws\"]",
      "instances": [
        {
          "index_key": 0,
          "schema_version": 0,
          "attributes": {
            "arn": "arn:aws:iam::680148267093:policy/moz-health-dev-elb-sl-role-creation2023031409042937670000000f",
            "description": "Permissions for EKS to create AWSServiceRoleForElasticLoadBalancing service-linked role",
            "id": "arn:aws:iam::680148267093:policy/moz-health-dev-elb-sl-role-creation2023031409042937670000000f",
            "name": "moz-health-dev-elb-sl-role-creation2023031409042937670000000f",
            "name_prefix": "moz-health-dev-elb-sl-role-creation",
            "path": "/",
            "policy": "{\"Statement\":[{\"Action\":[\"ec2:DescribeInternetGateways\",\"ec2:DescribeAddresses\",\"ec2:DescribeAccountAttributes\"],\"Effect\":\"Allow\",\"Resource\":\"*\",\"Sid\":\"\"}],\"Version\":\"2012-10-17\"}",
            "policy_id": "ANPAZ4W766BK2ADWQEZPH",
            "tags": {
              "KubernetesCluster": "moz-health-dev",
              "kubernetes.io/cluster/moz-health-dev": "owned"
            },
            "tags_all": {
              "KubernetesCluster": "moz-health-dev",
              "kubernetes.io/cluster/moz-health-dev": "owned"
            }
          },
          "sensitive_attributes": [],
          "private": "bnVsbA==",
          "dependencies": [
            "module.eks.data.aws_iam_policy_document.cluster_elb_sl_role_creation"
          ]
        }
      ]
    },
    {
      "module": "module.eks",
      "mode": "managed",
      "type": "aws_iam_role",
      "name": "cluster",
      "provider": "provider[\"registry.terraform.io/hashicorp/aws\"]",
      "instances": [
        {
          "index_key": 0,
          "schema_version": 0,
          "attributes": {
            "arn": "arn:aws:iam::680148267093:role/moz-health-dev20230314090418879400000007",
            "assume_role_policy": "{\"Statement\":[{\"Action\":\"sts:AssumeRole\",\"Effect\":\"Allow\",\"Principal\":{\"Service\":\"eks.amazonaws.com\"},\"Sid\":\"EKSClusterAssumeRole\"}],\"Version\":\"2012-10-17\"}",
            "create_date": "2023-03-14T09:04:19Z",
            "description": "",
            "force_detach_policies": true,
            "id": "moz-health-dev20230314090418879400000007",
            "inline_policy": [],
            "managed_policy_arns": [
              "arn:aws:iam::680148267093:policy/moz-health-dev-deny-log-group2023031409042937670000000e",
              "arn:aws:iam::680148267093:policy/moz-health-dev-elb-sl-role-creation2023031409042937670000000f",
              "arn:aws:iam::aws:policy/AmazonEKSClusterPolicy",
              "arn:aws:iam::aws:policy/AmazonEKSServicePolicy",
              "arn:aws:iam::aws:policy/AmazonEKSVPCResourceController"
            ],
            "max_session_duration": 3600,
            "name": "moz-health-dev20230314090418879400000007",
            "name_prefix": "moz-health-dev",
            "path": "/",
            "permissions_boundary": null,
            "tags": {
              "KubernetesCluster": "moz-health-dev",
              "kubernetes.io/cluster/moz-health-dev": "owned"
            },
            "tags_all": {
              "KubernetesCluster": "moz-health-dev",
              "kubernetes.io/cluster/moz-health-dev": "owned"
            },
            "unique_id": "AROAZ4W766BK5NZIODQAU"
          },
          "sensitive_attributes": [],
          "private": "bnVsbA==",
          "dependencies": [
            "module.eks.data.aws_iam_policy_document.cluster_assume_role_policy"
          ],
          "create_before_destroy": true
        }
      ]
    },
    {
      "module": "module.eks",
      "mode": "managed",
      "type": "aws_iam_role",
      "name": "workers",
      "provider": "provider[\"registry.terraform.io/hashicorp/aws\"]",
      "instances": [
        {
          "index_key": 0,
          "schema_version": 0,
          "attributes": {
            "arn": "arn:aws:iam::680148267093:role/moz-health-dev20230314091415173800000018",
            "assume_role_policy": "{\"Statement\":[{\"Action\":\"sts:AssumeRole\",\"Effect\":\"Allow\",\"Principal\":{\"Service\":\"ec2.amazonaws.com\"},\"Sid\":\"EKSWorkerAssumeRole\"}],\"Version\":\"2012-10-17\"}",
            "create_date": "2023-03-14T09:14:15Z",
            "description": "",
            "force_detach_policies": true,
            "id": "moz-health-dev20230314091415173800000018",
            "inline_policy": [],
            "managed_policy_arns": [
              "arn:aws:iam::aws:policy/AmazonEC2ContainerRegistryReadOnly",
              "arn:aws:iam::aws:policy/AmazonEKSWorkerNodePolicy",
              "arn:aws:iam::aws:policy/AmazonEKS_CNI_Policy"
            ],
            "max_session_duration": 3600,
            "name": "moz-health-dev20230314091415173800000018",
            "name_prefix": "moz-health-dev",
            "path": "/",
            "permissions_boundary": null,
            "tags": {
              "KubernetesCluster": "moz-health-dev",
              "kubernetes.io/cluster/moz-health-dev": "owned"
            },
            "tags_all": {
              "KubernetesCluster": "moz-health-dev",
              "kubernetes.io/cluster/moz-health-dev": "owned"
            },
            "unique_id": "AROAZ4W766BK5B2JXMB7U"
          },
          "sensitive_attributes": [],
          "private": "bnVsbA==",
          "dependencies": [
            "module.eks.aws_cloudwatch_log_group.this",
            "module.eks.aws_eks_cluster.this",
            "module.eks.aws_iam_role.cluster",
            "module.eks.aws_iam_role_policy_attachment.cluster_AmazonEKSClusterPolicy",
            "module.eks.aws_iam_role_policy_attachment.cluster_AmazonEKSServicePolicy",
            "module.eks.aws_iam_role_policy_attachment.cluster_AmazonEKSVPCResourceControllerPolicy",
            "module.eks.aws_security_group.cluster",
            "module.eks.aws_security_group.workers",
            "module.eks.aws_security_group_rule.cluster_egress_internet",
            "module.eks.aws_security_group_rule.cluster_https_worker_ingress",
            "module.eks.data.aws_iam_policy_document.cluster_assume_role_policy",
            "module.eks.data.aws_iam_policy_document.workers_assume_role_policy",
            "module.eks.data.aws_iam_role.custom_cluster_iam_role",
            "module.eks.data.aws_partition.current",
            "module.network.aws_subnet.private_subnet",
            "module.network.aws_subnet.public_subnet",
            "module.network.aws_vpc.vpc"
          ],
          "create_before_destroy": true
        }
      ]
    },
    {
      "module": "module.eks",
      "mode": "managed",
      "type": "aws_iam_role_policy_attachment",
      "name": "cluster_AmazonEKSClusterPolicy",
      "provider": "provider[\"registry.terraform.io/hashicorp/aws\"]",
      "instances": [
        {
          "index_key": 0,
          "schema_version": 0,
          "attributes": {
            "id": "moz-health-dev20230314090418879400000007-20230314090429948200000011",
            "policy_arn": "arn:aws:iam::aws:policy/AmazonEKSClusterPolicy",
            "role": "moz-health-dev20230314090418879400000007"
          },
          "sensitive_attributes": [],
          "private": "bnVsbA==",
          "dependencies": [
            "module.eks.aws_iam_role.cluster",
            "module.eks.data.aws_iam_policy_document.cluster_assume_role_policy",
            "module.eks.data.aws_partition.current"
          ],
          "create_before_destroy": true
        }
      ]
    },
    {
      "module": "module.eks",
      "mode": "managed",
      "type": "aws_iam_role_policy_attachment",
      "name": "cluster_AmazonEKSServicePolicy",
      "provider": "provider[\"registry.terraform.io/hashicorp/aws\"]",
      "instances": [
        {
          "index_key": 0,
          "schema_version": 0,
          "attributes": {
            "id": "moz-health-dev20230314090418879400000007-20230314090429661800000010",
            "policy_arn": "arn:aws:iam::aws:policy/AmazonEKSServicePolicy",
            "role": "moz-health-dev20230314090418879400000007"
          },
          "sensitive_attributes": [],
          "private": "bnVsbA==",
          "dependencies": [
            "module.eks.aws_iam_role.cluster",
            "module.eks.data.aws_iam_policy_document.cluster_assume_role_policy",
            "module.eks.data.aws_partition.current"
          ],
          "create_before_destroy": true
        }
      ]
    },
    {
      "module": "module.eks",
      "mode": "managed",
      "type": "aws_iam_role_policy_attachment",
      "name": "cluster_AmazonEKSVPCResourceControllerPolicy",
      "provider": "provider[\"registry.terraform.io/hashicorp/aws\"]",
      "instances": [
        {
          "index_key": 0,
          "schema_version": 0,
          "attributes": {
            "id": "moz-health-dev20230314090418879400000007-20230314090430304600000012",
            "policy_arn": "arn:aws:iam::aws:policy/AmazonEKSVPCResourceController",
            "role": "moz-health-dev20230314090418879400000007"
          },
          "sensitive_attributes": [],
          "private": "bnVsbA==",
          "dependencies": [
            "module.eks.aws_iam_role.cluster",
            "module.eks.data.aws_iam_policy_document.cluster_assume_role_policy",
            "module.eks.data.aws_partition.current"
          ],
          "create_before_destroy": true
        }
      ]
    },
    {
      "module": "module.eks",
      "mode": "managed",
      "type": "aws_iam_role_policy_attachment",
      "name": "cluster_deny_log_group",
      "provider": "provider[\"registry.terraform.io/hashicorp/aws\"]",
      "instances": [
        {
          "index_key": 0,
          "schema_version": 0,
          "attributes": {
            "id": "moz-health-dev20230314090418879400000007-20230314090431132000000013",
            "policy_arn": "arn:aws:iam::680148267093:policy/moz-health-dev-deny-log-group2023031409042937670000000e",
            "role": "moz-health-dev20230314090418879400000007"
          },
          "sensitive_attributes": [],
          "private": "bnVsbA==",
          "dependencies": [
            "module.eks.aws_iam_policy.cluster_deny_log_group",
            "module.eks.aws_iam_role.cluster",
            "module.eks.data.aws_iam_policy_document.cluster_assume_role_policy",
            "module.eks.data.aws_iam_policy_document.cluster_deny_log_group"
          ]
        }
      ]
    },
    {
      "module": "module.eks",
      "mode": "managed",
      "type": "aws_iam_role_policy_attachment",
      "name": "cluster_elb_sl_role_creation",
      "provider": "provider[\"registry.terraform.io/hashicorp/aws\"]",
      "instances": [
        {
          "index_key": 0,
          "schema_version": 0,
          "attributes": {
            "id": "moz-health-dev20230314090418879400000007-20230314090431163500000014",
            "policy_arn": "arn:aws:iam::680148267093:policy/moz-health-dev-elb-sl-role-creation2023031409042937670000000f",
            "role": "moz-health-dev20230314090418879400000007"
          },
          "sensitive_attributes": [],
          "private": "bnVsbA==",
          "dependencies": [
            "module.eks.aws_iam_policy.cluster_elb_sl_role_creation",
            "module.eks.aws_iam_role.cluster",
            "module.eks.data.aws_iam_policy_document.cluster_assume_role_policy",
            "module.eks.data.aws_iam_policy_document.cluster_elb_sl_role_creation"
          ]
        }
      ]
    },
    {
      "module": "module.eks",
      "mode": "managed",
      "type": "aws_iam_role_policy_attachment",
      "name": "workers_AmazonEC2ContainerRegistryReadOnly",
      "provider": "provider[\"registry.terraform.io/hashicorp/aws\"]",
      "instances": [
        {
          "index_key": 0,
          "schema_version": 0,
          "attributes": {
            "id": "moz-health-dev20230314091415173800000018-2023031409141752470000001b",
            "policy_arn": "arn:aws:iam::aws:policy/AmazonEC2ContainerRegistryReadOnly",
            "role": "moz-health-dev20230314091415173800000018"
          },
          "sensitive_attributes": [],
          "private": "bnVsbA==",
          "dependencies": [
            "module.eks.aws_cloudwatch_log_group.this",
            "module.eks.aws_eks_cluster.this",
            "module.eks.aws_iam_role.cluster",
            "module.eks.aws_iam_role.workers",
            "module.eks.aws_iam_role_policy_attachment.cluster_AmazonEKSClusterPolicy",
            "module.eks.aws_iam_role_policy_attachment.cluster_AmazonEKSServicePolicy",
            "module.eks.aws_iam_role_policy_attachment.cluster_AmazonEKSVPCResourceControllerPolicy",
            "module.eks.aws_security_group.cluster",
            "module.eks.aws_security_group.workers",
            "module.eks.aws_security_group_rule.cluster_egress_internet",
            "module.eks.aws_security_group_rule.cluster_https_worker_ingress",
            "module.eks.data.aws_iam_policy_document.cluster_assume_role_policy",
            "module.eks.data.aws_iam_policy_document.workers_assume_role_policy",
            "module.eks.data.aws_iam_role.custom_cluster_iam_role",
            "module.eks.data.aws_partition.current",
            "module.network.aws_subnet.private_subnet",
            "module.network.aws_subnet.public_subnet",
            "module.network.aws_vpc.vpc"
          ],
          "create_before_destroy": true
        }
      ]
    },
    {
      "module": "module.eks",
      "mode": "managed",
      "type": "aws_iam_role_policy_attachment",
      "name": "workers_AmazonEKSWorkerNodePolicy",
      "provider": "provider[\"registry.terraform.io/hashicorp/aws\"]",
      "instances": [
        {
          "index_key": 0,
          "schema_version": 0,
          "attributes": {
            "id": "moz-health-dev20230314091415173800000018-2023031409141724090000001a",
            "policy_arn": "arn:aws:iam::aws:policy/AmazonEKSWorkerNodePolicy",
            "role": "moz-health-dev20230314091415173800000018"
          },
          "sensitive_attributes": [],
          "private": "bnVsbA==",
          "dependencies": [
            "module.eks.aws_cloudwatch_log_group.this",
            "module.eks.aws_eks_cluster.this",
            "module.eks.aws_iam_role.cluster",
            "module.eks.aws_iam_role.workers",
            "module.eks.aws_iam_role_policy_attachment.cluster_AmazonEKSClusterPolicy",
            "module.eks.aws_iam_role_policy_attachment.cluster_AmazonEKSServicePolicy",
            "module.eks.aws_iam_role_policy_attachment.cluster_AmazonEKSVPCResourceControllerPolicy",
            "module.eks.aws_security_group.cluster",
            "module.eks.aws_security_group.workers",
            "module.eks.aws_security_group_rule.cluster_egress_internet",
            "module.eks.aws_security_group_rule.cluster_https_worker_ingress",
            "module.eks.data.aws_iam_policy_document.cluster_assume_role_policy",
            "module.eks.data.aws_iam_policy_document.workers_assume_role_policy",
            "module.eks.data.aws_iam_role.custom_cluster_iam_role",
            "module.eks.data.aws_partition.current",
            "module.network.aws_subnet.private_subnet",
            "module.network.aws_subnet.public_subnet",
            "module.network.aws_vpc.vpc"
          ],
          "create_before_destroy": true
        }
      ]
    },
    {
      "module": "module.eks",
      "mode": "managed",
      "type": "aws_iam_role_policy_attachment",
      "name": "workers_AmazonEKS_CNI_Policy",
      "provider": "provider[\"registry.terraform.io/hashicorp/aws\"]",
      "instances": [
        {
          "index_key": 0,
          "schema_version": 0,
          "attributes": {
            "id": "moz-health-dev20230314091415173800000018-2023031409141781040000001c",
            "policy_arn": "arn:aws:iam::aws:policy/AmazonEKS_CNI_Policy",
            "role": "moz-health-dev20230314091415173800000018"
          },
          "sensitive_attributes": [],
          "private": "bnVsbA==",
          "dependencies": [
            "module.eks.aws_cloudwatch_log_group.this",
            "module.eks.aws_eks_cluster.this",
            "module.eks.aws_iam_role.cluster",
            "module.eks.aws_iam_role.workers",
            "module.eks.aws_iam_role_policy_attachment.cluster_AmazonEKSClusterPolicy",
            "module.eks.aws_iam_role_policy_attachment.cluster_AmazonEKSServicePolicy",
            "module.eks.aws_iam_role_policy_attachment.cluster_AmazonEKSVPCResourceControllerPolicy",
            "module.eks.aws_security_group.cluster",
            "module.eks.aws_security_group.workers",
            "module.eks.aws_security_group_rule.cluster_egress_internet",
            "module.eks.aws_security_group_rule.cluster_https_worker_ingress",
            "module.eks.data.aws_iam_policy_document.cluster_assume_role_policy",
            "module.eks.data.aws_iam_policy_document.workers_assume_role_policy",
            "module.eks.data.aws_iam_role.custom_cluster_iam_role",
            "module.eks.data.aws_partition.current",
            "module.network.aws_subnet.private_subnet",
            "module.network.aws_subnet.public_subnet",
            "module.network.aws_vpc.vpc"
          ],
          "create_before_destroy": true
        }
      ]
    },
    {
      "module": "module.eks",
      "mode": "managed",
      "type": "aws_launch_configuration",
      "name": "workers",
      "provider": "provider[\"registry.terraform.io/hashicorp/aws\"]",
      "instances": [
        {
          "index_key": 0,
          "schema_version": 0,
          "attributes": {
            "arn": "arn:aws:autoscaling:ap-south-1:680148267093:launchConfiguration:2a304366-e655-476c-ad29-b76b0542140f:launchConfigurationName/moz-health-dev-spot20230810091402174000000016",
            "associate_public_ip_address": false,
            "ebs_block_device": [],
            "ebs_optimized": true,
            "enable_monitoring": true,
            "ephemeral_block_device": [],
            "iam_instance_profile": "moz-health-dev20230314091416957800000019",
            "id": "moz-health-dev-spot20230810091402174000000016",
            "image_id": "ami-06ef51151943063fd",
            "instance_type": "m4.large",
            "key_name": "",
            "metadata_options": [
              {
                "http_endpoint": "enabled",
                "http_put_response_hop_limit": 1,
                "http_tokens": "optional"
              }
            ],
            "name": "moz-health-dev-spot20230810091402174000000016",
            "name_prefix": "moz-health-dev-spot",
            "placement_tenancy": "",
            "root_block_device": [
              {
                "delete_on_termination": true,
                "encrypted": false,
                "iops": 0,
                "throughput": 0,
                "volume_size": 100,
                "volume_type": "gp2"
              }
            ],
            "security_groups": [
              "sg-057c9506e61f27cf6",
              "sg-0d198b534c61a0655"
            ],
            "spot_price": "",
            "user_data": null,
            "user_data_base64": "IyEvYmluL2Jhc2ggLWUKCiMgQWxsb3cgdXNlciBzdXBwbGllZCBwcmUgdXNlcmRhdGEgY29kZQoKCiMgQm9vdHN0cmFwIGFuZCBqb2luIHRoZSBjbHVzdGVyCi9ldGMvZWtzL2Jvb3RzdHJhcC5zaCAtLWI2NC1jbHVzdGVyLWNhICdMUzB0TFMxQ1JVZEpUaUJEUlZKVVNVWkpRMEZVUlMwdExTMHRDazFKU1VNdmFrTkRRV1ZoWjBGM1NVSkJaMGxDUVVSQlRrSm5hM0ZvYTJsSE9YY3dRa0ZSYzBaQlJFRldUVkpOZDBWUldVUldVVkZFUlhkd2NtUlhTbXdLWTIwMWJHUkhWbnBOUWpSWVJGUkplazFFVFhoT1JFRTFUVlJCZUU5R2IxaEVWRTE2VFVSTmVFMVVRVFZOVkVGNFQwWnZkMFpVUlZSTlFrVkhRVEZWUlFwQmVFMUxZVE5XYVZwWVNuVmFXRkpzWTNwRFEwRlRTWGRFVVZsS1MyOWFTV2gyWTA1QlVVVkNRbEZCUkdkblJWQkJSRU5EUVZGdlEyZG5SVUpCVFZCWUNtZHRNbGhvTmxGa1ZVTlpPR1p3TWt0WlUyWnNPVXhrWkZWS2QzaEdTVVJzTjI1TVFVNTJjMDlDYzNwdFVXVlhLMUFyV2l0UFFXeHBWM3BWYVRGbFZYWUtWMGhNWWtaWFdGTkZSR04yWmxwTWNqaGhkV2sxUjFWNWJrOXFNaThyWW1jMVUyNTVRMGg2TTBkc01tVk9OQ3R0ZFU1YVEyZEdZMWhyVFVsQlNFcHVlUXBtZFhsd1UxTjFSMlJUVTFGMU0wcHNZMjVQVDFjd1lsbFFNbUpKUzBzd09VVjRZMEptWVdaTFdXRm9ZWFZhY1dWb1UyWk5OVzg1WVVNeWVERkNRbE4wQ2s0NFdGUnBaVGw2UlVkM1pUUklkSEZvVUhCalZFUlNVVWwyYlVKSlNuTXJkMDFZZEhkVGEybHZibTUyU1RRdll6RlZPRUp0TmxORGNWZzJTWGRxTlhBS01HczFVWEJ0U1VWc1kxRlJVRE00TWxWUGVsZElXU3RIWjB3d2NGbGtWMjlSTjBKUlZrTmpPSEZXUjNKak9FdzNXa2RLWjBWSWIyeDBMM05oUlRsb2JncFJURUZtWVZBMVlVSjBSMXBrZDNrNFFteEZRMEYzUlVGQllVNWFUVVpqZDBSbldVUldVakJRUVZGSUwwSkJVVVJCWjB0clRVRTRSMEV4VldSRmQwVkNDaTkzVVVaTlFVMUNRV1k0ZDBoUldVUldVakJQUWtKWlJVWkpMMWRqTURoS1JqZDVNVTVXU0hWNE9YUkdPWEJxTkZZeFRuaE5RbFZIUVRGVlpFVlJVVThLVFVGNVEwTnRkREZaYlZaNVltMVdNRnBZVFhkRVVWbEtTMjlhU1doMlkwNUJVVVZNUWxGQlJHZG5SVUpCU1VwaWRreGFVVWRwVEdsV01UQkNSMU40YUFwSk4xUm1hbk50ZWs1MlNrSXdVR1V2UzAxSVdWTXZaMVZQYlRRMEx6VjBMMWR5VFdJemREUjFNSFZXVEhocmNuZHVMemxJTkhKMFNHNUNkVWxKYkVsaENubHBRM1JUVEVaaVNITllaVmxLUWtGelJXMVRNMDFtUXpoR2QzZE5kekp5ZUd4aVNIbDBObTF1WmtzME5EVm9NVXN2Y2t0NFQzbDRRM2hDYzNOcVRFa0tObVowY25aWVNra3JXamh1VENzclFsUkJlVFpMUmpOVVQwdzNUMmhtU3pKeGQyUnVXakJYWnpSYWQyaHJiVmhZU0hRelRtNXRaVFo1TldGc1pqQjJTd3B2VEdaWE4yOXBaRE5FZUdSSU5rOVdjekZ0TkRnd2RGQkdWVFo1YURWRmRGcHNLMk5hVWxwVU5GUk5iVnBZU0RocU5XdElSV05ZUTNaNGJHTkhPRTVCQ2xSc1VHVnlaREZTU1dWM05GYzJhRzE2VVc1TGRTOVFWM050WVV3eWJrRkNkVkJsYTFkTU5UazJaRkJzY2t0VFYydE1kblFyWWxGMmVucE1LMnhEYzNVS1pVaHZQUW90TFMwdExVVk9SQ0JEUlZKVVNVWkpRMEZVUlMwdExTMHRDZz09JyAtLWFwaXNlcnZlci1lbmRwb2ludCAnaHR0cHM6Ly9DMEUzRTVDMkE0MjI1REY0RTc3NTNCODRBQjFBNjM3Qy5ncjcuYXAtc291dGgtMS5la3MuYW1hem9uYXdzLmNvbScgIC0ta3ViZWxldC1leHRyYS1hcmdzICItLW5vZGUtbGFiZWxzPW5vZGUua3ViZXJuZXRlcy5pby9saWZlY3ljbGU9c3BvdCIgJ21vei1oZWFsdGgtZGV2JwoKIyBBbGxvdyB1c2VyIHN1cHBsaWVkIHVzZXJkYXRhIGNvZGUKCg==",
            "vpc_classic_link_id": "",
            "vpc_classic_link_security_groups": null
          },
          "sensitive_attributes": [],
          "private": "bnVsbA==",
          "dependencies": [
            "module.eks.aws_eks_cluster.this",
            "module.eks.aws_iam_instance_profile.workers",
            "module.eks.aws_iam_role_policy_attachment.workers_AmazonEC2ContainerRegistryReadOnly",
            "module.eks.aws_iam_role_policy_attachment.workers_AmazonEKSWorkerNodePolicy",
            "module.eks.aws_iam_role_policy_attachment.workers_AmazonEKS_CNI_Policy",
            "module.eks.aws_iam_role_policy_attachment.workers_additional_policies",
            "module.eks.aws_security_group.workers",
            "module.eks.aws_security_group_rule.cluster_primary_ingress_workers",
            "module.eks.aws_security_group_rule.workers_egress_internet",
            "module.eks.aws_security_group_rule.workers_ingress_cluster",
            "module.eks.aws_security_group_rule.workers_ingress_cluster_https",
            "module.eks.aws_security_group_rule.workers_ingress_cluster_kubelet",
            "module.eks.aws_security_group_rule.workers_ingress_cluster_primary",
            "module.eks.aws_security_group_rule.workers_ingress_self",
            "module.eks.data.aws_ami.eks_worker",
            "module.eks.data.aws_ami.eks_worker_windows",
            "module.eks.data.aws_iam_instance_profile.custom_worker_group_iam_instance_profile",
            "module.network.aws_security_group.worker_nodes_sg",
            "module.network.aws_subnet.private_subnet",
            "module.network.aws_subnet.public_subnet"
          ],
          "create_before_destroy": true
        }
      ]
    },
    {
      "module": "module.eks",
      "mode": "managed",
      "type": "aws_security_group",
      "name": "cluster",
      "provider": "provider[\"registry.terraform.io/hashicorp/aws\"]",
      "instances": [
        {
          "index_key": 0,
          "schema_version": 1,
          "attributes": {
            "arn": "arn:aws:ec2:ap-south-1:680148267093:security-group/sg-086ae0f4763e1f550",
            "description": "EKS cluster security group.",
            "egress": [
              {
                "cidr_blocks": [
                  "0.0.0.0/0"
                ],
                "description": "Allow cluster egress access to the Internet.",
                "from_port": 0,
                "ipv6_cidr_blocks": [],
                "prefix_list_ids": [],
                "protocol": "-1",
                "security_groups": [],
                "self": false,
                "to_port": 0
              }
            ],
            "id": "sg-086ae0f4763e1f550",
            "ingress": [
              {
                "cidr_blocks": [],
                "description": "Allow pods to communicate with the EKS cluster API.",
                "from_port": 443,
                "ipv6_cidr_blocks": [],
                "prefix_list_ids": [],
                "protocol": "tcp",
                "security_groups": [
                  "sg-0d198b534c61a0655"
                ],
                "self": false,
                "to_port": 443
              }
            ],
            "name": "moz-health-dev20230314090440761400000015",
            "name_prefix": "moz-health-dev",
            "owner_id": "680148267093",
            "revoke_rules_on_delete": false,
            "tags": {
              "KubernetesCluster": "moz-health-dev",
              "Name": "moz-health-dev-eks_cluster_sg",
              "kubernetes.io/cluster/moz-health-dev": "owned"
            },
            "tags_all": {
              "KubernetesCluster": "moz-health-dev",
              "Name": "moz-health-dev-eks_cluster_sg",
              "kubernetes.io/cluster/moz-health-dev": "owned"
            },
            "timeouts": null,
            "vpc_id": "vpc-0f4619ac6dcb6e9a7"
          },
          "sensitive_attributes": [],
          "private": "eyJlMmJmYjczMC1lY2FhLTExZTYtOGY4OC0zNDM2M2JjN2M0YzAiOnsiY3JlYXRlIjo2MDAwMDAwMDAwMDAsImRlbGV0ZSI6OTAwMDAwMDAwMDAwfSwic2NoZW1hX3ZlcnNpb24iOiIxIn0=",
          "dependencies": [
            "module.network.aws_vpc.vpc"
          ],
          "create_before_destroy": true
        }
      ]
    },
    {
      "module": "module.eks",
      "mode": "managed",
      "type": "aws_security_group",
      "name": "workers",
      "provider": "provider[\"registry.terraform.io/hashicorp/aws\"]",
      "instances": [
        {
          "index_key": 0,
          "schema_version": 1,
          "attributes": {
            "arn": "arn:aws:ec2:ap-south-1:680148267093:security-group/sg-0d198b534c61a0655",
            "description": "Security group for all nodes in the cluster.",
            "egress": [
              {
                "cidr_blocks": [
                  "0.0.0.0/0"
                ],
                "description": "Allow nodes all egress to the Internet.",
                "from_port": 0,
                "ipv6_cidr_blocks": [],
                "prefix_list_ids": [],
                "protocol": "-1",
                "security_groups": [],
                "self": false,
                "to_port": 0
              }
            ],
            "id": "sg-0d198b534c61a0655",
            "ingress": [
              {
                "cidr_blocks": [],
                "description": "",
                "from_port": 0,
                "ipv6_cidr_blocks": [],
                "prefix_list_ids": [],
                "protocol": "-1",
                "security_groups": [
                  "sg-04cc7df1ed1a00f1f",
                  "sg-060a8e393f588a03b"
                ],
                "self": false,
                "to_port": 0
              },
              {
                "cidr_blocks": [],
                "description": "Allow node to communicate with each other.",
                "from_port": 0,
                "ipv6_cidr_blocks": [],
                "prefix_list_ids": [],
                "protocol": "-1",
                "security_groups": [],
                "self": true,
                "to_port": 0
              },
              {
                "cidr_blocks": [],
                "description": "Allow pods running extension API servers on port 443 to receive communication from cluster control plane.",
                "from_port": 443,
                "ipv6_cidr_blocks": [],
                "prefix_list_ids": [],
                "protocol": "tcp",
                "security_groups": [
                  "sg-086ae0f4763e1f550"
                ],
                "self": false,
                "to_port": 443
              },
              {
                "cidr_blocks": [],
                "description": "Allow workers pods to receive communication from the cluster control plane.",
                "from_port": 1025,
                "ipv6_cidr_blocks": [],
                "prefix_list_ids": [],
                "protocol": "tcp",
                "security_groups": [
                  "sg-086ae0f4763e1f550"
                ],
                "self": false,
                "to_port": 65535
              }
            ],
            "name": "moz-health-dev20230314090440761800000016",
            "name_prefix": "moz-health-dev",
            "owner_id": "680148267093",
            "revoke_rules_on_delete": false,
            "tags": {
              "KubernetesCluster": "moz-health-dev",
              "Name": "moz-health-dev-eks_worker_sg",
              "kubernetes.io/cluster/moz-health-dev": "owned"
            },
            "tags_all": {
              "KubernetesCluster": "moz-health-dev",
              "Name": "moz-health-dev-eks_worker_sg",
              "kubernetes.io/cluster/moz-health-dev": "owned"
            },
            "timeouts": null,
            "vpc_id": "vpc-0f4619ac6dcb6e9a7"
          },
          "sensitive_attributes": [],
          "private": "eyJlMmJmYjczMC1lY2FhLTExZTYtOGY4OC0zNDM2M2JjN2M0YzAiOnsiY3JlYXRlIjo2MDAwMDAwMDAwMDAsImRlbGV0ZSI6OTAwMDAwMDAwMDAwfSwic2NoZW1hX3ZlcnNpb24iOiIxIn0=",
          "dependencies": [
            "module.network.aws_vpc.vpc"
          ],
          "create_before_destroy": true
        }
      ]
    },
    {
      "module": "module.eks",
      "mode": "managed",
      "type": "aws_security_group_rule",
      "name": "cluster_egress_internet",
      "provider": "provider[\"registry.terraform.io/hashicorp/aws\"]",
      "instances": [
        {
          "index_key": 0,
          "schema_version": 2,
          "attributes": {
            "cidr_blocks": [
              "0.0.0.0/0"
            ],
            "description": "Allow cluster egress access to the Internet.",
            "from_port": 0,
            "id": "sgrule-3411233222",
            "ipv6_cidr_blocks": null,
            "prefix_list_ids": null,
            "protocol": "-1",
            "security_group_id": "sg-086ae0f4763e1f550",
            "security_group_rule_id": "sgr-076e5dcdb1b50c42b",
            "self": false,
            "source_security_group_id": null,
            "timeouts": null,
            "to_port": 0,
            "type": "egress"
          },
          "sensitive_attributes": [],
          "private": "eyJlMmJmYjczMC1lY2FhLTExZTYtOGY4OC0zNDM2M2JjN2M0YzAiOnsiY3JlYXRlIjozMDAwMDAwMDAwMDB9LCJzY2hlbWFfdmVyc2lvbiI6IjIifQ==",
          "dependencies": [
            "module.eks.aws_security_group.cluster",
            "module.network.aws_vpc.vpc"
          ],
          "create_before_destroy": true
        }
      ]
    },
    {
      "module": "module.eks",
      "mode": "managed",
      "type": "aws_security_group_rule",
      "name": "cluster_https_worker_ingress",
      "provider": "provider[\"registry.terraform.io/hashicorp/aws\"]",
      "instances": [
        {
          "index_key": 0,
          "schema_version": 2,
          "attributes": {
            "cidr_blocks": null,
            "description": "Allow pods to communicate with the EKS cluster API.",
            "from_port": 443,
            "id": "sgrule-410415970",
            "ipv6_cidr_blocks": null,
            "prefix_list_ids": null,
            "protocol": "tcp",
            "security_group_id": "sg-086ae0f4763e1f550",
            "security_group_rule_id": "sgr-0466693676d0e8364",
            "self": false,
            "source_security_group_id": "sg-0d198b534c61a0655",
            "timeouts": null,
            "to_port": 443,
            "type": "ingress"
          },
          "sensitive_attributes": [],
          "private": "eyJlMmJmYjczMC1lY2FhLTExZTYtOGY4OC0zNDM2M2JjN2M0YzAiOnsiY3JlYXRlIjozMDAwMDAwMDAwMDB9LCJzY2hlbWFfdmVyc2lvbiI6IjIifQ==",
          "dependencies": [
            "module.eks.aws_security_group.cluster",
            "module.eks.aws_security_group.workers",
            "module.network.aws_vpc.vpc"
          ],
          "create_before_destroy": true
        }
      ]
    },
    {
      "module": "module.eks",
      "mode": "managed",
      "type": "aws_security_group_rule",
      "name": "workers_egress_internet",
      "provider": "provider[\"registry.terraform.io/hashicorp/aws\"]",
      "instances": [
        {
          "index_key": 0,
          "schema_version": 2,
          "attributes": {
            "cidr_blocks": [
              "0.0.0.0/0"
            ],
            "description": "Allow nodes all egress to the Internet.",
            "from_port": 0,
            "id": "sgrule-2361668735",
            "ipv6_cidr_blocks": null,
            "prefix_list_ids": null,
            "protocol": "-1",
            "security_group_id": "sg-0d198b534c61a0655",
            "security_group_rule_id": "sgr-04d15c83a9bce52aa",
            "self": false,
            "source_security_group_id": null,
            "timeouts": null,
            "to_port": 0,
            "type": "egress"
          },
          "sensitive_attributes": [],
          "private": "eyJlMmJmYjczMC1lY2FhLTExZTYtOGY4OC0zNDM2M2JjN2M0YzAiOnsiY3JlYXRlIjozMDAwMDAwMDAwMDB9LCJzY2hlbWFfdmVyc2lvbiI6IjIifQ==",
          "dependencies": [
            "module.eks.aws_security_group.workers",
            "module.network.aws_vpc.vpc"
          ],
          "create_before_destroy": true
        }
      ]
    },
    {
      "module": "module.eks",
      "mode": "managed",
      "type": "aws_security_group_rule",
      "name": "workers_ingress_cluster",
      "provider": "provider[\"registry.terraform.io/hashicorp/aws\"]",
      "instances": [
        {
          "index_key": 0,
          "schema_version": 2,
          "attributes": {
            "cidr_blocks": null,
            "description": "Allow workers pods to receive communication from the cluster control plane.",
            "from_port": 1025,
            "id": "sgrule-3887868087",
            "ipv6_cidr_blocks": null,
            "prefix_list_ids": null,
            "protocol": "tcp",
            "security_group_id": "sg-0d198b534c61a0655",
            "security_group_rule_id": "sgr-05bd32a57a5d2c1d9",
            "self": false,
            "source_security_group_id": "sg-086ae0f4763e1f550",
            "timeouts": null,
            "to_port": 65535,
            "type": "ingress"
          },
          "sensitive_attributes": [],
          "private": "eyJlMmJmYjczMC1lY2FhLTExZTYtOGY4OC0zNDM2M2JjN2M0YzAiOnsiY3JlYXRlIjozMDAwMDAwMDAwMDB9LCJzY2hlbWFfdmVyc2lvbiI6IjIifQ==",
          "dependencies": [
            "module.eks.aws_security_group.cluster",
            "module.eks.aws_security_group.workers",
            "module.network.aws_vpc.vpc"
          ],
          "create_before_destroy": true
        }
      ]
    },
    {
      "module": "module.eks",
      "mode": "managed",
      "type": "aws_security_group_rule",
      "name": "workers_ingress_cluster_https",
      "provider": "provider[\"registry.terraform.io/hashicorp/aws\"]",
      "instances": [
        {
          "index_key": 0,
          "schema_version": 2,
          "attributes": {
            "cidr_blocks": null,
            "description": "Allow pods running extension API servers on port 443 to receive communication from cluster control plane.",
            "from_port": 443,
            "id": "sgrule-3081308852",
            "ipv6_cidr_blocks": null,
            "prefix_list_ids": null,
            "protocol": "tcp",
            "security_group_id": "sg-0d198b534c61a0655",
            "security_group_rule_id": "sgr-0408fe0fcd7553593",
            "self": false,
            "source_security_group_id": "sg-086ae0f4763e1f550",
            "timeouts": null,
            "to_port": 443,
            "type": "ingress"
          },
          "sensitive_attributes": [],
          "private": "eyJlMmJmYjczMC1lY2FhLTExZTYtOGY4OC0zNDM2M2JjN2M0YzAiOnsiY3JlYXRlIjozMDAwMDAwMDAwMDB9LCJzY2hlbWFfdmVyc2lvbiI6IjIifQ==",
          "dependencies": [
            "module.eks.aws_security_group.cluster",
            "module.eks.aws_security_group.workers",
            "module.network.aws_vpc.vpc"
          ],
          "create_before_destroy": true
        }
      ]
    },
    {
      "module": "module.eks",
      "mode": "managed",
      "type": "aws_security_group_rule",
      "name": "workers_ingress_self",
      "provider": "provider[\"registry.terraform.io/hashicorp/aws\"]",
      "instances": [
        {
          "index_key": 0,
          "schema_version": 2,
          "attributes": {
            "cidr_blocks": null,
            "description": "Allow node to communicate with each other.",
            "from_port": 0,
            "id": "sgrule-721122771",
            "ipv6_cidr_blocks": null,
            "prefix_list_ids": null,
            "protocol": "-1",
            "security_group_id": "sg-0d198b534c61a0655",
            "security_group_rule_id": "sgr-047b31e8dd1f61e1d",
            "self": false,
            "source_security_group_id": "sg-0d198b534c61a0655",
            "timeouts": null,
            "to_port": 0,
            "type": "ingress"
          },
          "sensitive_attributes": [],
          "private": "eyJlMmJmYjczMC1lY2FhLTExZTYtOGY4OC0zNDM2M2JjN2M0YzAiOnsiY3JlYXRlIjozMDAwMDAwMDAwMDB9LCJzY2hlbWFfdmVyc2lvbiI6IjIifQ==",
          "dependencies": [
            "module.eks.aws_security_group.workers",
            "module.network.aws_vpc.vpc"
          ],
          "create_before_destroy": true
        }
      ]
    },
    {
      "module": "module.eks",
      "mode": "managed",
      "type": "kubernetes_config_map",
      "name": "aws_auth",
      "provider": "provider[\"registry.terraform.io/hashicorp/kubernetes\"]",
      "instances": [
        {
          "index_key": 0,
          "schema_version": 0,
          "attributes": {
            "binary_data": {},
            "data": {
              "mapAccounts": "[]\n",
              "mapRoles": "- \"groups\":\n  - \"system:bootstrappers\"\n  - \"system:nodes\"\n  \"rolearn\": \"arn:aws:iam::680148267093:role/moz-health-dev20230314091415173800000018\"\n  \"username\": \"system:node:{{EC2PrivateDNSName}}\"\n",
              "mapUsers": "[]\n"
            },
            "id": "kube-system/aws-auth",
            "immutable": false,
            "metadata": [
              {
                "annotations": {},
                "generate_name": "",
                "generation": 0,
                "labels": {
                  "app.kubernetes.io/managed-by": "Terraform",
                  "terraform.io/module": "terraform-aws-modules.eks.aws"
                },
                "name": "aws-auth",
                "namespace": "kube-system",
                "resource_version": "368348089",
                "uid": "250a4103-60a0-4eff-aaa7-130161cd95d7"
              }
            ]
          },
          "sensitive_attributes": [],
          "private": "bnVsbA==",
          "dependencies": [
            "data.aws_eks_cluster.cluster",
            "data.aws_eks_cluster_auth.cluster",
            "module.eks.aws_eks_cluster.this",
            "module.eks.aws_iam_instance_profile.workers",
            "module.eks.aws_iam_instance_profile.workers_launch_template",
            "module.eks.aws_iam_role.workers",
            "module.eks.aws_iam_role_policy_attachment.workers_AmazonEC2ContainerRegistryReadOnly",
            "module.eks.aws_iam_role_policy_attachment.workers_AmazonEKSWorkerNodePolicy",
            "module.eks.aws_iam_role_policy_attachment.workers_AmazonEKS_CNI_Policy",
            "module.eks.data.aws_ami.eks_worker",
            "module.eks.data.aws_ami.eks_worker_windows",
            "module.eks.data.aws_caller_identity.current",
            "module.eks.data.aws_iam_instance_profile.custom_worker_group_iam_instance_profile",
            "module.eks.data.aws_iam_instance_profile.custom_worker_group_launch_template_iam_instance_profile",
            "module.eks.data.aws_partition.current",
            "module.eks.data.http.wait_for_cluster",
            "module.eks.module.fargate.aws_iam_role.eks_fargate_pod",
            "module.eks.module.fargate.data.aws_iam_role.custom_fargate_iam_role",
            "module.network.aws_security_group.worker_nodes_sg",
            "module.network.aws_subnet.private_subnet",
            "module.network.aws_subnet.public_subnet"
          ]
        }
      ]
    },
    {
      "module": "module.eks",
      "mode": "managed",
      "type": "local_file",
      "name": "kubeconfig",
      "provider": "provider[\"registry.terraform.io/hashicorp/local\"]",
      "instances": [
        {
          "index_key": 0,
          "schema_version": 0,
          "attributes": {
            "content": "apiVersion: v1\npreferences: {}\nkind: Config\n\nclusters:\n- cluster:\n    server: https://C0E3E5C2A4225DF4E7753B84AB1A637C.gr7.ap-south-1.eks.amazonaws.com\n    certificate-authority-data: LS0tLS1CRUdJTiBDRVJUSUZJQ0FURS0tLS0tCk1JSUMvakNDQWVhZ0F3SUJBZ0lCQURBTkJna3Foa2lHOXcwQkFRc0ZBREFWTVJNd0VRWURWUVFERXdwcmRXSmwKY201bGRHVnpNQjRYRFRJek1ETXhOREE1TVRBeE9Gb1hEVE16TURNeE1UQTVNVEF4T0Zvd0ZURVRNQkVHQTFVRQpBeE1LYTNWaVpYSnVaWFJsY3pDQ0FTSXdEUVlKS29aSWh2Y05BUUVCQlFBRGdnRVBBRENDQVFvQ2dnRUJBTVBYCmdtMlhoNlFkVUNZOGZwMktZU2ZsOUxkZFVKd3hGSURsN25MQU52c09Cc3ptUWVXK1ArWitPQWxpV3pVaTFlVXYKV0hMYkZXWFNFRGN2ZlpMcjhhdWk1R1V5bk9qMi8rYmc1U255Q0h6M0dsMmVONCttdU5aQ2dGY1hrTUlBSEpueQpmdXlwU1N1R2RTU1F1M0psY25PT1cwYllQMmJJS0swOUV4Y0JmYWZLWWFoYXVacWVoU2ZNNW85YUMyeDFCQlN0Ck44WFRpZTl6RUd3ZTRIdHFoUHBjVERSUUl2bUJJSnMrd01YdHdTa2lvbm52STQvYzFVOEJtNlNDcVg2SXdqNXAKMGs1UXBtSUVsY1FRUDM4MlVPeldIWStHZ0wwcFlkV29RN0JRVkNjOHFWR3JjOEw3WkdKZ0VIb2x0L3NhRTlobgpRTEFmYVA1YUJ0R1pkd3k4QmxFQ0F3RUFBYU5aTUZjd0RnWURWUjBQQVFIL0JBUURBZ0trTUE4R0ExVWRFd0VCCi93UUZNQU1CQWY4d0hRWURWUjBPQkJZRUZJL1djMDhKRjd5MU5WSHV4OXRGOXBqNFYxTnhNQlVHQTFVZEVRUU8KTUF5Q0NtdDFZbVZ5Ym1WMFpYTXdEUVlKS29aSWh2Y05BUUVMQlFBRGdnRUJBSUpidkxaUUdpTGlWMTBCR1N4aApJN1RmanNtek52SkIwUGUvS01IWVMvZ1VPbTQ0LzV0L1dyTWIzdDR1MHVWTHhrcnduLzlINHJ0SG5CdUlJbElhCnlpQ3RTTEZiSHNYZVlKQkFzRW1TM01mQzhGd3dNdzJyeGxiSHl0Nm1uZks0NDVoMUsvckt4T3l4Q3hCc3NqTEkKNmZ0cnZYSkkrWjhuTCsrQlRBeTZLRjNUT0w3T2hmSzJxd2RuWjBXZzRad2hrbVhYSHQzTm5tZTZ5NWFsZjB2SwpvTGZXN29pZDNEeGRINk9WczFtNDgwdFBGVTZ5aDVFdFpsK2NaUlpUNFRNbVpYSDhqNWtIRWNYQ3Z4bGNHOE5BClRsUGVyZDFSSWV3NFc2aG16UW5LdS9QV3NtYUwybkFCdVBla1dMNTk2ZFBscktTV2tMdnQrYlF2enpMK2xDc3UKZUhvPQotLS0tLUVORCBDRVJUSUZJQ0FURS0tLS0tCg==\n  name: eks_moz-health-dev\n\ncontexts:\n- context:\n    cluster: eks_moz-health-dev\n    user: eks_moz-health-dev\n  name: eks_moz-health-dev\n\ncurrent-context: eks_moz-health-dev\n\nusers:\n- name: eks_moz-health-dev\n  user:\n    exec:\n      apiVersion: client.authentication.k8s.io/v1alpha1\n      command: aws-iam-authenticator\n      args:\n        - \"token\"\n        - \"-i\"\n        - \"moz-health-dev\"\n",
            "content_base64": null,
            "content_base64sha256": "Gm0+M/+MlPsaOhnlYgv/krblVU3nYUveNASong/ozr4=",
            "content_base64sha512": "4LTn16vtm4SVMmHsLYCsM2p5glL6rg1Mir1T2oTjPTesiOel/sE46CNgzhCG4XzkLVj4W6jKZZzwhGClsPBvUw==",
            "content_md5": "c93906fff6cf41952dc718dc58c462bf",
            "content_sha1": "798d35219e6100fd6c2728ea0f585752cd4e5560",
            "content_sha256": "1a6d3e33ff8c94fb1a3a19e5620bff92b6e5554de7614bde3404a89e0fe8cebe",
            "content_sha512": "e0b4e7d7abed9b84953261ec2d80ac336a798252faae0d4c8abd53da84e33d37ac88e7a5fec138e82360ce1086e17ce42d58f85ba8ca659cf08460a5b0f06f53",
            "directory_permission": "0755",
            "file_permission": "0600",
            "filename": "./kubeconfig_moz-health-dev",
            "id": "798d35219e6100fd6c2728ea0f585752cd4e5560",
            "sensitive_content": null,
            "source": null
          },
          "sensitive_attributes": [],
          "dependencies": [
            "module.eks.aws_cloudwatch_log_group.this",
            "module.eks.aws_eks_cluster.this",
            "module.eks.aws_iam_role.cluster",
            "module.eks.aws_iam_role_policy_attachment.cluster_AmazonEKSClusterPolicy",
            "module.eks.aws_iam_role_policy_attachment.cluster_AmazonEKSServicePolicy",
            "module.eks.aws_iam_role_policy_attachment.cluster_AmazonEKSVPCResourceControllerPolicy",
            "module.eks.aws_security_group.cluster",
            "module.eks.aws_security_group.workers",
            "module.eks.aws_security_group_rule.cluster_egress_internet",
            "module.eks.aws_security_group_rule.cluster_https_worker_ingress",
            "module.eks.data.aws_iam_policy_document.cluster_assume_role_policy",
            "module.eks.data.aws_iam_role.custom_cluster_iam_role",
            "module.eks.data.aws_partition.current",
            "module.network.aws_subnet.private_subnet",
            "module.network.aws_subnet.public_subnet",
            "module.network.aws_vpc.vpc"
          ]
        }
      ]
    },
    {
      "module": "module.eks.module.fargate",
      "mode": "data",
      "type": "aws_partition",
      "name": "current",
      "provider": "provider[\"registry.terraform.io/hashicorp/aws\"]",
      "instances": [
        {
          "schema_version": 0,
          "attributes": {
            "dns_suffix": "amazonaws.com",
            "id": "aws",
            "partition": "aws",
            "reverse_dns_prefix": "com.amazonaws"
          },
          "sensitive_attributes": []
        }
      ]
    },
    {
      "module": "module.es-data-infra-v1",
      "mode": "managed",
      "type": "aws_ebs_volume",
      "name": "vol",
      "provider": "provider[\"registry.terraform.io/hashicorp/aws\"]",
      "instances": [
        {
          "index_key": 0,
          "schema_version": 0,
          "attributes": {
            "arn": "arn:aws:ec2:ap-south-1:680148267093:volume/vol-0f9f6c121f393d6c8",
            "availability_zone": "ap-south-1b",
            "encrypted": false,
            "final_snapshot": false,
            "id": "vol-0f9f6c121f393d6c8",
            "iops": 300,
            "kms_key_id": "",
            "multi_attach_enabled": false,
            "outpost_arn": "",
            "size": 100,
            "snapshot_id": "",
            "tags": {
              "KubernetesCluster": "moz-health-dev",
              "Name": "es-data-infra-v1-0"
            },
            "tags_all": {
              "KubernetesCluster": "moz-health-dev",
              "Name": "es-data-infra-v1-0"
            },
            "throughput": 0,
            "timeouts": null,
            "type": "gp2"
          },
          "sensitive_attributes": [],
          "private": "eyJlMmJmYjczMC1lY2FhLTExZTYtOGY4OC0zNDM2M2JjN2M0YzAiOnsiY3JlYXRlIjozMDAwMDAwMDAwMDAsImRlbGV0ZSI6MzAwMDAwMDAwMDAwLCJ1cGRhdGUiOjMwMDAwMDAwMDAwMH19"
        },
        {
          "index_key": 1,
          "schema_version": 0,
          "attributes": {
            "arn": "arn:aws:ec2:ap-south-1:680148267093:volume/vol-0be19b46c9ddc93bc",
            "availability_zone": "ap-south-1b",
            "encrypted": false,
            "final_snapshot": false,
            "id": "vol-0be19b46c9ddc93bc",
            "iops": 300,
            "kms_key_id": "",
            "multi_attach_enabled": false,
            "outpost_arn": "",
            "size": 100,
            "snapshot_id": "",
            "tags": {
              "KubernetesCluster": "moz-health-dev",
              "Name": "es-data-infra-v1-1"
            },
            "tags_all": {
              "KubernetesCluster": "moz-health-dev",
              "Name": "es-data-infra-v1-1"
            },
            "throughput": 0,
            "timeouts": null,
            "type": "gp2"
          },
          "sensitive_attributes": [],
          "private": "eyJlMmJmYjczMC1lY2FhLTExZTYtOGY4OC0zNDM2M2JjN2M0YzAiOnsiY3JlYXRlIjozMDAwMDAwMDAwMDAsImRlbGV0ZSI6MzAwMDAwMDAwMDAwLCJ1cGRhdGUiOjMwMDAwMDAwMDAwMH19"
        },
        {
          "index_key": 2,
          "schema_version": 0,
          "attributes": {
            "arn": "arn:aws:ec2:ap-south-1:680148267093:volume/vol-012627f450bc864dc",
            "availability_zone": "ap-south-1b",
            "encrypted": false,
            "final_snapshot": false,
            "id": "vol-012627f450bc864dc",
            "iops": 300,
            "kms_key_id": "",
            "multi_attach_enabled": false,
            "outpost_arn": "",
            "size": 100,
            "snapshot_id": "",
            "tags": {
              "KubernetesCluster": "moz-health-dev",
              "Name": "es-data-infra-v1-2"
            },
            "tags_all": {
              "KubernetesCluster": "moz-health-dev",
              "Name": "es-data-infra-v1-2"
            },
            "throughput": 0,
            "timeouts": null,
            "type": "gp2"
          },
          "sensitive_attributes": [],
          "private": "eyJlMmJmYjczMC1lY2FhLTExZTYtOGY4OC0zNDM2M2JjN2M0YzAiOnsiY3JlYXRlIjozMDAwMDAwMDAwMDAsImRlbGV0ZSI6MzAwMDAwMDAwMDAwLCJ1cGRhdGUiOjMwMDAwMDAwMDAwMH19"
        }
      ]
    },
    {
      "module": "module.es-data-v1",
      "mode": "managed",
      "type": "aws_ebs_volume",
      "name": "vol",
      "provider": "provider[\"registry.terraform.io/hashicorp/aws\"]",
      "instances": [
        {
          "index_key": 0,
          "schema_version": 0,
          "attributes": {
            "arn": "arn:aws:ec2:ap-south-1:680148267093:volume/vol-0df8b9a899c1ecc24",
            "availability_zone": "ap-south-1b",
            "encrypted": false,
            "final_snapshot": false,
            "id": "vol-0df8b9a899c1ecc24",
            "iops": 300,
            "kms_key_id": "",
            "multi_attach_enabled": false,
            "outpost_arn": "",
            "size": 100,
            "snapshot_id": "",
            "tags": {
              "KubernetesCluster": "moz-health-dev",
              "Name": "es-data-v1-0"
            },
            "tags_all": {
              "KubernetesCluster": "moz-health-dev",
              "Name": "es-data-v1-0"
            },
            "throughput": 0,
            "timeouts": null,
            "type": "gp2"
          },
          "sensitive_attributes": [],
          "private": "eyJlMmJmYjczMC1lY2FhLTExZTYtOGY4OC0zNDM2M2JjN2M0YzAiOnsiY3JlYXRlIjozMDAwMDAwMDAwMDAsImRlbGV0ZSI6MzAwMDAwMDAwMDAwLCJ1cGRhdGUiOjMwMDAwMDAwMDAwMH19"
        },
        {
          "index_key": 1,
          "schema_version": 0,
          "attributes": {
            "arn": "arn:aws:ec2:ap-south-1:680148267093:volume/vol-04dbec25fc6a59831",
            "availability_zone": "ap-south-1b",
            "encrypted": false,
            "final_snapshot": false,
            "id": "vol-04dbec25fc6a59831",
            "iops": 300,
            "kms_key_id": "",
            "multi_attach_enabled": false,
            "outpost_arn": "",
            "size": 100,
            "snapshot_id": "",
            "tags": {
              "KubernetesCluster": "moz-health-dev",
              "Name": "es-data-v1-1"
            },
            "tags_all": {
              "KubernetesCluster": "moz-health-dev",
              "Name": "es-data-v1-1"
            },
            "throughput": 0,
            "timeouts": null,
            "type": "gp2"
          },
          "sensitive_attributes": [],
          "private": "eyJlMmJmYjczMC1lY2FhLTExZTYtOGY4OC0zNDM2M2JjN2M0YzAiOnsiY3JlYXRlIjozMDAwMDAwMDAwMDAsImRlbGV0ZSI6MzAwMDAwMDAwMDAwLCJ1cGRhdGUiOjMwMDAwMDAwMDAwMH19"
        },
        {
          "index_key": 2,
          "schema_version": 0,
          "attributes": {
            "arn": "arn:aws:ec2:ap-south-1:680148267093:volume/vol-060f4e426812292bf",
            "availability_zone": "ap-south-1b",
            "encrypted": false,
            "final_snapshot": false,
            "id": "vol-060f4e426812292bf",
            "iops": 300,
            "kms_key_id": "",
            "multi_attach_enabled": false,
            "outpost_arn": "",
            "size": 100,
            "snapshot_id": "",
            "tags": {
              "KubernetesCluster": "moz-health-dev",
              "Name": "es-data-v1-2"
            },
            "tags_all": {
              "KubernetesCluster": "moz-health-dev",
              "Name": "es-data-v1-2"
            },
            "throughput": 0,
            "timeouts": null,
            "type": "gp2"
          },
          "sensitive_attributes": [],
          "private": "eyJlMmJmYjczMC1lY2FhLTExZTYtOGY4OC0zNDM2M2JjN2M0YzAiOnsiY3JlYXRlIjozMDAwMDAwMDAwMDAsImRlbGV0ZSI6MzAwMDAwMDAwMDAwLCJ1cGRhdGUiOjMwMDAwMDAwMDAwMH19"
        }
      ]
    },
    {
      "module": "module.es-master",
      "mode": "managed",
      "type": "aws_ebs_volume",
      "name": "vol",
      "provider": "provider[\"registry.terraform.io/hashicorp/aws\"]",
      "instances": [
        {
          "index_key": 0,
          "schema_version": 0,
          "attributes": {
            "arn": "arn:aws:ec2:ap-south-1:680148267093:volume/vol-06339101b9e9b08c0",
            "availability_zone": "ap-south-1b",
            "encrypted": false,
            "final_snapshot": false,
            "id": "vol-06339101b9e9b08c0",
            "iops": 100,
            "kms_key_id": "",
            "multi_attach_enabled": false,
            "outpost_arn": "",
            "size": 10,
            "snapshot_id": "",
            "tags": {
              "KubernetesCluster": "moz-health-dev",
              "Name": "es-master-0"
            },
            "tags_all": {
              "KubernetesCluster": "moz-health-dev",
              "Name": "es-master-0"
            },
            "throughput": 0,
            "timeouts": null,
            "type": "gp2"
          },
          "sensitive_attributes": [],
          "private": "eyJlMmJmYjczMC1lY2FhLTExZTYtOGY4OC0zNDM2M2JjN2M0YzAiOnsiY3JlYXRlIjozMDAwMDAwMDAwMDAsImRlbGV0ZSI6MzAwMDAwMDAwMDAwLCJ1cGRhdGUiOjMwMDAwMDAwMDAwMH19"
        },
        {
          "index_key": 1,
          "schema_version": 0,
          "attributes": {
            "arn": "arn:aws:ec2:ap-south-1:680148267093:volume/vol-054010910b200d6a8",
            "availability_zone": "ap-south-1b",
            "encrypted": false,
            "final_snapshot": false,
            "id": "vol-054010910b200d6a8",
            "iops": 100,
            "kms_key_id": "",
            "multi_attach_enabled": false,
            "outpost_arn": "",
            "size": 10,
            "snapshot_id": "",
            "tags": {
              "KubernetesCluster": "moz-health-dev",
              "Name": "es-master-1"
            },
            "tags_all": {
              "KubernetesCluster": "moz-health-dev",
              "Name": "es-master-1"
            },
            "throughput": 0,
            "timeouts": null,
            "type": "gp2"
          },
          "sensitive_attributes": [],
          "private": "eyJlMmJmYjczMC1lY2FhLTExZTYtOGY4OC0zNDM2M2JjN2M0YzAiOnsiY3JlYXRlIjozMDAwMDAwMDAwMDAsImRlbGV0ZSI6MzAwMDAwMDAwMDAwLCJ1cGRhdGUiOjMwMDAwMDAwMDAwMH19"
        },
        {
          "index_key": 2,
          "schema_version": 0,
          "attributes": {
            "arn": "arn:aws:ec2:ap-south-1:680148267093:volume/vol-0d82320a359d0fc1d",
            "availability_zone": "ap-south-1b",
            "encrypted": false,
            "final_snapshot": false,
            "id": "vol-0d82320a359d0fc1d",
            "iops": 100,
            "kms_key_id": "",
            "multi_attach_enabled": false,
            "outpost_arn": "",
            "size": 10,
            "snapshot_id": "",
            "tags": {
              "KubernetesCluster": "moz-health-dev",
              "Name": "es-master-2"
            },
            "tags_all": {
              "KubernetesCluster": "moz-health-dev",
              "Name": "es-master-2"
            },
            "throughput": 0,
            "timeouts": null,
            "type": "gp2"
          },
          "sensitive_attributes": [],
          "private": "eyJlMmJmYjczMC1lY2FhLTExZTYtOGY4OC0zNDM2M2JjN2M0YzAiOnsiY3JlYXRlIjozMDAwMDAwMDAwMDAsImRlbGV0ZSI6MzAwMDAwMDAwMDAwLCJ1cGRhdGUiOjMwMDAwMDAwMDAwMH19"
        }
      ]
    },
    {
      "module": "module.es-master-infra",
      "mode": "managed",
      "type": "aws_ebs_volume",
      "name": "vol",
      "provider": "provider[\"registry.terraform.io/hashicorp/aws\"]",
      "instances": [
        {
          "index_key": 0,
          "schema_version": 0,
          "attributes": {
            "arn": "arn:aws:ec2:ap-south-1:680148267093:volume/vol-0d93c802a0080bce5",
            "availability_zone": "ap-south-1b",
            "encrypted": false,
            "final_snapshot": false,
            "id": "vol-0d93c802a0080bce5",
            "iops": 100,
            "kms_key_id": "",
            "multi_attach_enabled": false,
            "outpost_arn": "",
            "size": 10,
            "snapshot_id": "",
            "tags": {
              "KubernetesCluster": "moz-health-dev",
              "Name": "es-master-infra-0"
            },
            "tags_all": {
              "KubernetesCluster": "moz-health-dev",
              "Name": "es-master-infra-0"
            },
            "throughput": 0,
            "timeouts": null,
            "type": "gp2"
          },
          "sensitive_attributes": [],
          "private": "eyJlMmJmYjczMC1lY2FhLTExZTYtOGY4OC0zNDM2M2JjN2M0YzAiOnsiY3JlYXRlIjozMDAwMDAwMDAwMDAsImRlbGV0ZSI6MzAwMDAwMDAwMDAwLCJ1cGRhdGUiOjMwMDAwMDAwMDAwMH19"
        },
        {
          "index_key": 1,
          "schema_version": 0,
          "attributes": {
            "arn": "arn:aws:ec2:ap-south-1:680148267093:volume/vol-02076f56fff4afbc0",
            "availability_zone": "ap-south-1b",
            "encrypted": false,
            "final_snapshot": false,
            "id": "vol-02076f56fff4afbc0",
            "iops": 100,
            "kms_key_id": "",
            "multi_attach_enabled": false,
            "outpost_arn": "",
            "size": 10,
            "snapshot_id": "",
            "tags": {
              "KubernetesCluster": "moz-health-dev",
              "Name": "es-master-infra-1"
            },
            "tags_all": {
              "KubernetesCluster": "moz-health-dev",
              "Name": "es-master-infra-1"
            },
            "throughput": 0,
            "timeouts": null,
            "type": "gp2"
          },
          "sensitive_attributes": [],
          "private": "eyJlMmJmYjczMC1lY2FhLTExZTYtOGY4OC0zNDM2M2JjN2M0YzAiOnsiY3JlYXRlIjozMDAwMDAwMDAwMDAsImRlbGV0ZSI6MzAwMDAwMDAwMDAwLCJ1cGRhdGUiOjMwMDAwMDAwMDAwMH19"
        },
        {
          "index_key": 2,
          "schema_version": 0,
          "attributes": {
            "arn": "arn:aws:ec2:ap-south-1:680148267093:volume/vol-0f5c60b474093c582",
            "availability_zone": "ap-south-1b",
            "encrypted": false,
            "final_snapshot": false,
            "id": "vol-0f5c60b474093c582",
            "iops": 100,
            "kms_key_id": "",
            "multi_attach_enabled": false,
            "outpost_arn": "",
            "size": 10,
            "snapshot_id": "",
            "tags": {
              "KubernetesCluster": "moz-health-dev",
              "Name": "es-master-infra-2"
            },
            "tags_all": {
              "KubernetesCluster": "moz-health-dev",
              "Name": "es-master-infra-2"
            },
            "throughput": 0,
            "timeouts": null,
            "type": "gp2"
          },
          "sensitive_attributes": [],
          "private": "eyJlMmJmYjczMC1lY2FhLTExZTYtOGY4OC0zNDM2M2JjN2M0YzAiOnsiY3JlYXRlIjozMDAwMDAwMDAwMDAsImRlbGV0ZSI6MzAwMDAwMDAwMDAwLCJ1cGRhdGUiOjMwMDAwMDAwMDAwMH19"
        }
      ]
    },
    {
      "module": "module.kafka",
      "mode": "managed",
      "type": "aws_ebs_volume",
      "name": "vol",
      "provider": "provider[\"registry.terraform.io/hashicorp/aws\"]",
      "instances": [
        {
          "index_key": 0,
          "schema_version": 0,
          "attributes": {
            "arn": "arn:aws:ec2:ap-south-1:680148267093:volume/vol-0e423a87086f57042",
            "availability_zone": "ap-south-1b",
            "encrypted": false,
            "final_snapshot": false,
            "id": "vol-0e423a87086f57042",
            "iops": 300,
            "kms_key_id": "",
            "multi_attach_enabled": false,
            "outpost_arn": "",
            "size": 100,
            "snapshot_id": "",
            "tags": {
              "KubernetesCluster": "moz-health-dev",
              "Name": "kafka-0"
            },
            "tags_all": {
              "KubernetesCluster": "moz-health-dev",
              "Name": "kafka-0"
            },
            "throughput": 0,
            "timeouts": null,
            "type": "gp2"
          },
          "sensitive_attributes": [],
          "private": "eyJlMmJmYjczMC1lY2FhLTExZTYtOGY4OC0zNDM2M2JjN2M0YzAiOnsiY3JlYXRlIjozMDAwMDAwMDAwMDAsImRlbGV0ZSI6MzAwMDAwMDAwMDAwLCJ1cGRhdGUiOjMwMDAwMDAwMDAwMH19"
        },
        {
          "index_key": 1,
          "schema_version": 0,
          "attributes": {
            "arn": "arn:aws:ec2:ap-south-1:680148267093:volume/vol-0b6e6261c826f4316",
            "availability_zone": "ap-south-1b",
            "encrypted": false,
            "final_snapshot": false,
            "id": "vol-0b6e6261c826f4316",
            "iops": 300,
            "kms_key_id": "",
            "multi_attach_enabled": false,
            "outpost_arn": "",
            "size": 100,
            "snapshot_id": "",
            "tags": {
              "KubernetesCluster": "moz-health-dev",
              "Name": "kafka-1"
            },
            "tags_all": {
              "KubernetesCluster": "moz-health-dev",
              "Name": "kafka-1"
            },
            "throughput": 0,
            "timeouts": null,
            "type": "gp2"
          },
          "sensitive_attributes": [],
          "private": "eyJlMmJmYjczMC1lY2FhLTExZTYtOGY4OC0zNDM2M2JjN2M0YzAiOnsiY3JlYXRlIjozMDAwMDAwMDAwMDAsImRlbGV0ZSI6MzAwMDAwMDAwMDAwLCJ1cGRhdGUiOjMwMDAwMDAwMDAwMH19"
        },
        {
          "index_key": 2,
          "schema_version": 0,
          "attributes": {
            "arn": "arn:aws:ec2:ap-south-1:680148267093:volume/vol-0ccaab3316c66ab64",
            "availability_zone": "ap-south-1b",
            "encrypted": false,
            "final_snapshot": false,
            "id": "vol-0ccaab3316c66ab64",
            "iops": 300,
            "kms_key_id": "",
            "multi_attach_enabled": false,
            "outpost_arn": "",
            "size": 100,
            "snapshot_id": "",
            "tags": {
              "KubernetesCluster": "moz-health-dev",
              "Name": "kafka-2"
            },
            "tags_all": {
              "KubernetesCluster": "moz-health-dev",
              "Name": "kafka-2"
            },
            "throughput": 0,
            "timeouts": null,
            "type": "gp2"
          },
          "sensitive_attributes": [],
          "private": "eyJlMmJmYjczMC1lY2FhLTExZTYtOGY4OC0zNDM2M2JjN2M0YzAiOnsiY3JlYXRlIjozMDAwMDAwMDAwMDAsImRlbGV0ZSI6MzAwMDAwMDAwMDAwLCJ1cGRhdGUiOjMwMDAwMDAwMDAwMH19"
        }
      ]
    },
    {
      "module": "module.kafka-infra",
      "mode": "managed",
      "type": "aws_ebs_volume",
      "name": "vol",
      "provider": "provider[\"registry.terraform.io/hashicorp/aws\"]",
      "instances": [
        {
          "index_key": 0,
          "schema_version": 0,
          "attributes": {
            "arn": "arn:aws:ec2:ap-south-1:680148267093:volume/vol-0862b7011df4f1933",
            "availability_zone": "ap-south-1b",
            "encrypted": false,
            "final_snapshot": false,
            "id": "vol-0862b7011df4f1933",
            "iops": 300,
            "kms_key_id": "",
            "multi_attach_enabled": false,
            "outpost_arn": "",
            "size": 100,
            "snapshot_id": "",
            "tags": {
              "KubernetesCluster": "moz-health-dev",
              "Name": "kafka-infra-0"
            },
            "tags_all": {
              "KubernetesCluster": "moz-health-dev",
              "Name": "kafka-infra-0"
            },
            "throughput": 0,
            "timeouts": null,
            "type": "gp2"
          },
          "sensitive_attributes": [],
          "private": "eyJlMmJmYjczMC1lY2FhLTExZTYtOGY4OC0zNDM2M2JjN2M0YzAiOnsiY3JlYXRlIjozMDAwMDAwMDAwMDAsImRlbGV0ZSI6MzAwMDAwMDAwMDAwLCJ1cGRhdGUiOjMwMDAwMDAwMDAwMH19"
        },
        {
          "index_key": 1,
          "schema_version": 0,
          "attributes": {
            "arn": "arn:aws:ec2:ap-south-1:680148267093:volume/vol-08251d51c9bbc922f",
            "availability_zone": "ap-south-1b",
            "encrypted": false,
            "final_snapshot": false,
            "id": "vol-08251d51c9bbc922f",
            "iops": 300,
            "kms_key_id": "",
            "multi_attach_enabled": false,
            "outpost_arn": "",
            "size": 100,
            "snapshot_id": "",
            "tags": {
              "KubernetesCluster": "moz-health-dev",
              "Name": "kafka-infra-1"
            },
            "tags_all": {
              "KubernetesCluster": "moz-health-dev",
              "Name": "kafka-infra-1"
            },
            "throughput": 0,
            "timeouts": null,
            "type": "gp2"
          },
          "sensitive_attributes": [],
          "private": "eyJlMmJmYjczMC1lY2FhLTExZTYtOGY4OC0zNDM2M2JjN2M0YzAiOnsiY3JlYXRlIjozMDAwMDAwMDAwMDAsImRlbGV0ZSI6MzAwMDAwMDAwMDAwLCJ1cGRhdGUiOjMwMDAwMDAwMDAwMH19"
        },
        {
          "index_key": 2,
          "schema_version": 0,
          "attributes": {
            "arn": "arn:aws:ec2:ap-south-1:680148267093:volume/vol-02edd10e7bf7f69b2",
            "availability_zone": "ap-south-1b",
            "encrypted": false,
            "final_snapshot": false,
            "id": "vol-02edd10e7bf7f69b2",
            "iops": 300,
            "kms_key_id": "",
            "multi_attach_enabled": false,
            "outpost_arn": "",
            "size": 100,
            "snapshot_id": "",
            "tags": {
              "KubernetesCluster": "moz-health-dev",
              "Name": "kafka-infra-2"
            },
            "tags_all": {
              "KubernetesCluster": "moz-health-dev",
              "Name": "kafka-infra-2"
            },
            "throughput": 0,
            "timeouts": null,
            "type": "gp2"
          },
          "sensitive_attributes": [],
          "private": "eyJlMmJmYjczMC1lY2FhLTExZTYtOGY4OC0zNDM2M2JjN2M0YzAiOnsiY3JlYXRlIjozMDAwMDAwMDAwMDAsImRlbGV0ZSI6MzAwMDAwMDAwMDAwLCJ1cGRhdGUiOjMwMDAwMDAwMDAwMH19"
        }
      ]
    },
    {
      "module": "module.network",
      "mode": "managed",
      "type": "aws_eip",
      "name": "eip",
      "provider": "provider[\"registry.terraform.io/hashicorp/aws\"]",
      "instances": [
        {
          "schema_version": 0,
          "attributes": {
            "address": null,
            "allocation_id": "eipalloc-0e6f3b9db256c8170",
            "associate_with_private_ip": null,
            "association_id": "eipassoc-0663989a3948c958d",
            "carrier_ip": "",
            "customer_owned_ip": "",
            "customer_owned_ipv4_pool": "",
            "domain": "vpc",
            "id": "eipalloc-0e6f3b9db256c8170",
            "instance": "",
            "network_border_group": "ap-south-1",
            "network_interface": "eni-09ccd4d487cfaa45d",
            "private_dns": "ip-192-168-2-104.ap-south-1.compute.internal",
            "private_ip": "192.168.2.104",
            "public_dns": "ec2-3-108-103-75.ap-south-1.compute.amazonaws.com",
            "public_ip": "3.108.103.75",
            "public_ipv4_pool": "amazon",
            "tags": {
              "KubernetesCluster": "moz-health-dev",
              "Name": "eip-moz-health-dev",
              "kubernetes.io/cluster/moz-health-dev": "shared"
            },
            "tags_all": {
              "KubernetesCluster": "moz-health-dev",
              "Name": "eip-moz-health-dev",
              "kubernetes.io/cluster/moz-health-dev": "shared"
            },
            "timeouts": null,
            "vpc": true
          },
          "sensitive_attributes": [],
          "private": "eyJlMmJmYjczMC1lY2FhLTExZTYtOGY4OC0zNDM2M2JjN2M0YzAiOnsiZGVsZXRlIjoxODAwMDAwMDAwMDAsInJlYWQiOjkwMDAwMDAwMDAwMCwidXBkYXRlIjozMDAwMDAwMDAwMDB9fQ==",
          "dependencies": [
            "module.network.aws_internet_gateway.internet_gateway",
            "module.network.aws_vpc.vpc"
          ]
        }
      ]
    },
    {
      "module": "module.network",
      "mode": "managed",
      "type": "aws_internet_gateway",
      "name": "internet_gateway",
      "provider": "provider[\"registry.terraform.io/hashicorp/aws\"]",
      "instances": [
        {
          "schema_version": 0,
          "attributes": {
            "arn": "arn:aws:ec2:ap-south-1:680148267093:internet-gateway/igw-024943682c5b02e31",
            "id": "igw-024943682c5b02e31",
            "owner_id": "680148267093",
            "tags": {
              "KubernetesCluster": "moz-health-dev",
              "Name": "moz-health-dev",
              "kubernetes.io/cluster/moz-health-dev": "shared"
            },
            "tags_all": {
              "KubernetesCluster": "moz-health-dev",
              "Name": "moz-health-dev",
              "kubernetes.io/cluster/moz-health-dev": "shared"
            },
            "timeouts": null,
            "vpc_id": "vpc-0f4619ac6dcb6e9a7"
          },
          "sensitive_attributes": [],
          "private": "eyJlMmJmYjczMC1lY2FhLTExZTYtOGY4OC0zNDM2M2JjN2M0YzAiOnsiY3JlYXRlIjoxMjAwMDAwMDAwMDAwLCJkZWxldGUiOjEyMDAwMDAwMDAwMDAsInVwZGF0ZSI6MTIwMDAwMDAwMDAwMH19",
          "dependencies": [
            "module.network.aws_vpc.vpc"
          ]
        }
      ]
    },
    {
      "module": "module.network",
      "mode": "managed",
      "type": "aws_nat_gateway",
      "name": "nat",
      "provider": "provider[\"registry.terraform.io/hashicorp/aws\"]",
      "instances": [
        {
          "schema_version": 0,
          "attributes": {
            "allocation_id": "eipalloc-0e6f3b9db256c8170",
            "connectivity_type": "public",
            "id": "nat-01ce6b2e2174a5365",
            "network_interface_id": "eni-09ccd4d487cfaa45d",
            "private_ip": "192.168.2.104",
            "public_ip": "3.108.103.75",
            "subnet_id": "subnet-09f962f506d6b6a40",
            "tags": {
              "KubernetesCluster": "moz-health-dev",
              "Name": "nat-gw-moz-health-dev",
              "kubernetes.io/cluster/moz-health-dev": "shared"
            },
            "tags_all": {
              "KubernetesCluster": "moz-health-dev",
              "Name": "nat-gw-moz-health-dev",
              "kubernetes.io/cluster/moz-health-dev": "shared"
            }
          },
          "sensitive_attributes": [],
          "private": "bnVsbA==",
          "dependencies": [
            "module.network.aws_eip.eip",
            "module.network.aws_internet_gateway.internet_gateway",
            "module.network.aws_subnet.public_subnet",
            "module.network.aws_vpc.vpc"
          ]
        }
      ]
    },
    {
      "module": "module.network",
      "mode": "managed",
      "type": "aws_route_table",
      "name": "private_route_table",
      "provider": "provider[\"registry.terraform.io/hashicorp/aws\"]",
      "instances": [
        {
          "schema_version": 0,
          "attributes": {
            "arn": "arn:aws:ec2:ap-south-1:680148267093:route-table/rtb-0ec3be04585c5b915",
            "id": "rtb-0ec3be04585c5b915",
            "owner_id": "680148267093",
            "propagating_vgws": [],
            "route": [
              {
                "carrier_gateway_id": "",
                "cidr_block": "0.0.0.0/0",
                "core_network_arn": "",
                "destination_prefix_list_id": "",
                "egress_only_gateway_id": "",
                "gateway_id": "",
                "instance_id": "",
                "ipv6_cidr_block": "",
                "local_gateway_id": "",
                "nat_gateway_id": "nat-01ce6b2e2174a5365",
                "network_interface_id": "",
                "transit_gateway_id": "",
                "vpc_endpoint_id": "",
                "vpc_peering_connection_id": ""
              }
            ],
            "tags": {
              "KubernetesCluster": "moz-health-dev",
              "Name": "private-moz-health-dev-rtb",
              "kubernetes.io/cluster/moz-health-dev": "shared"
            },
            "tags_all": {
              "KubernetesCluster": "moz-health-dev",
              "Name": "private-moz-health-dev-rtb",
              "kubernetes.io/cluster/moz-health-dev": "shared"
            },
            "timeouts": null,
            "vpc_id": "vpc-0f4619ac6dcb6e9a7"
          },
          "sensitive_attributes": [],
          "private": "eyJlMmJmYjczMC1lY2FhLTExZTYtOGY4OC0zNDM2M2JjN2M0YzAiOnsiY3JlYXRlIjozMDAwMDAwMDAwMDAsImRlbGV0ZSI6MzAwMDAwMDAwMDAwLCJ1cGRhdGUiOjEyMDAwMDAwMDAwMH19",
          "dependencies": [
            "module.network.aws_eip.eip",
            "module.network.aws_internet_gateway.internet_gateway",
            "module.network.aws_nat_gateway.nat",
            "module.network.aws_subnet.public_subnet",
            "module.network.aws_vpc.vpc"
          ]
        }
      ]
    },
    {
      "module": "module.network",
      "mode": "managed",
      "type": "aws_route_table",
      "name": "public_route_table",
      "provider": "provider[\"registry.terraform.io/hashicorp/aws\"]",
      "instances": [
        {
          "schema_version": 0,
          "attributes": {
            "arn": "arn:aws:ec2:ap-south-1:680148267093:route-table/rtb-051abbcd7e333fb71",
            "id": "rtb-051abbcd7e333fb71",
            "owner_id": "680148267093",
            "propagating_vgws": [],
            "route": [
              {
                "carrier_gateway_id": "",
                "cidr_block": "0.0.0.0/0",
                "core_network_arn": "",
                "destination_prefix_list_id": "",
                "egress_only_gateway_id": "",
                "gateway_id": "igw-024943682c5b02e31",
                "instance_id": "",
                "ipv6_cidr_block": "",
                "local_gateway_id": "",
                "nat_gateway_id": "",
                "network_interface_id": "",
                "transit_gateway_id": "",
                "vpc_endpoint_id": "",
                "vpc_peering_connection_id": ""
              }
            ],
            "tags": {
              "KubernetesCluster": "moz-health-dev",
              "Name": "public-moz-health-dev-rtb",
              "kubernetes.io/cluster/moz-health-dev": "shared"
            },
            "tags_all": {
              "KubernetesCluster": "moz-health-dev",
              "Name": "public-moz-health-dev-rtb",
              "kubernetes.io/cluster/moz-health-dev": "shared"
            },
            "timeouts": null,
            "vpc_id": "vpc-0f4619ac6dcb6e9a7"
          },
          "sensitive_attributes": [],
          "private": "eyJlMmJmYjczMC1lY2FhLTExZTYtOGY4OC0zNDM2M2JjN2M0YzAiOnsiY3JlYXRlIjozMDAwMDAwMDAwMDAsImRlbGV0ZSI6MzAwMDAwMDAwMDAwLCJ1cGRhdGUiOjEyMDAwMDAwMDAwMH19",
          "dependencies": [
            "module.network.aws_internet_gateway.internet_gateway",
            "module.network.aws_vpc.vpc"
          ]
        }
      ]
    },
    {
      "module": "module.network",
      "mode": "managed",
      "type": "aws_route_table_association",
      "name": "private",
      "provider": "provider[\"registry.terraform.io/hashicorp/aws\"]",
      "instances": [
        {
          "index_key": 0,
          "schema_version": 0,
          "attributes": {
            "gateway_id": "",
            "id": "rtbassoc-064ea224dcf9e1672",
            "route_table_id": "rtb-0ec3be04585c5b915",
            "subnet_id": "subnet-00d75297743a1778d"
          },
          "sensitive_attributes": [],
          "private": "bnVsbA==",
          "dependencies": [
            "module.network.aws_eip.eip",
            "module.network.aws_internet_gateway.internet_gateway",
            "module.network.aws_nat_gateway.nat",
            "module.network.aws_route_table.private_route_table",
            "module.network.aws_subnet.private_subnet",
            "module.network.aws_subnet.public_subnet",
            "module.network.aws_vpc.vpc"
          ]
        },
        {
          "index_key": 1,
          "schema_version": 0,
          "attributes": {
            "gateway_id": "",
            "id": "rtbassoc-03ac29b9f9db97df9",
            "route_table_id": "rtb-0ec3be04585c5b915",
            "subnet_id": "subnet-01087ede96fdea8b8"
          },
          "sensitive_attributes": [],
          "private": "bnVsbA==",
          "dependencies": [
            "module.network.aws_eip.eip",
            "module.network.aws_internet_gateway.internet_gateway",
            "module.network.aws_nat_gateway.nat",
            "module.network.aws_route_table.private_route_table",
            "module.network.aws_subnet.private_subnet",
            "module.network.aws_subnet.public_subnet",
            "module.network.aws_vpc.vpc"
          ]
        }
      ]
    },
    {
      "module": "module.network",
      "mode": "managed",
      "type": "aws_route_table_association",
      "name": "public",
      "provider": "provider[\"registry.terraform.io/hashicorp/aws\"]",
      "instances": [
        {
          "index_key": 0,
          "schema_version": 0,
          "attributes": {
            "gateway_id": "",
            "id": "rtbassoc-0ff8bf55e28aa991a",
            "route_table_id": "rtb-051abbcd7e333fb71",
            "subnet_id": "subnet-09f962f506d6b6a40"
          },
          "sensitive_attributes": [],
          "private": "bnVsbA==",
          "dependencies": [
            "module.network.aws_internet_gateway.internet_gateway",
            "module.network.aws_route_table.public_route_table",
            "module.network.aws_subnet.public_subnet",
            "module.network.aws_vpc.vpc"
          ]
        },
        {
          "index_key": 1,
          "schema_version": 0,
          "attributes": {
            "gateway_id": "",
            "id": "rtbassoc-0eb3451070a6e547a",
            "route_table_id": "rtb-051abbcd7e333fb71",
            "subnet_id": "subnet-02c0b2a716568a93f"
          },
          "sensitive_attributes": [],
          "private": "bnVsbA==",
          "dependencies": [
            "module.network.aws_internet_gateway.internet_gateway",
            "module.network.aws_route_table.public_route_table",
            "module.network.aws_subnet.public_subnet",
            "module.network.aws_vpc.vpc"
          ]
        }
      ]
    },
    {
      "module": "module.network",
      "mode": "managed",
      "type": "aws_security_group",
      "name": "master_nodes_sg",
      "provider": "provider[\"registry.terraform.io/hashicorp/aws\"]",
      "instances": [
        {
          "schema_version": 1,
          "attributes": {
            "arn": "arn:aws:ec2:ap-south-1:680148267093:security-group/sg-020902e7c61c6d38c",
            "description": "Master nodes security group",
            "egress": [
              {
                "cidr_blocks": [],
                "description": "Allow outbound traffic to worker nodes",
                "from_port": 10250,
                "ipv6_cidr_blocks": [],
                "prefix_list_ids": [],
                "protocol": "tcp",
                "security_groups": [
                  "sg-057c9506e61f27cf6"
                ],
                "self": false,
                "to_port": 65535
              }
            ],
            "id": "sg-020902e7c61c6d38c",
            "ingress": [
              {
                "cidr_blocks": [],
                "description": "Allow worker nodes to communicate with cluster API server",
                "from_port": 443,
                "ipv6_cidr_blocks": [],
                "prefix_list_ids": [],
                "protocol": "tcp",
                "security_groups": [
                  "sg-057c9506e61f27cf6"
                ],
                "self": false,
                "to_port": 443
              }
            ],
            "name": "masters-moz-health-dev",
            "name_prefix": "",
            "owner_id": "680148267093",
            "revoke_rules_on_delete": false,
            "tags": {
              "KubernetesCluster": "moz-health-dev",
              "Name": "masters-moz-health-dev",
              "kubernetes.io/cluster/moz-health-dev": "shared"
            },
            "tags_all": {
              "KubernetesCluster": "moz-health-dev",
              "Name": "masters-moz-health-dev",
              "kubernetes.io/cluster/moz-health-dev": "shared"
            },
            "timeouts": null,
            "vpc_id": "vpc-0f4619ac6dcb6e9a7"
          },
          "sensitive_attributes": [],
          "private": "eyJlMmJmYjczMC1lY2FhLTExZTYtOGY4OC0zNDM2M2JjN2M0YzAiOnsiY3JlYXRlIjo2MDAwMDAwMDAwMDAsImRlbGV0ZSI6OTAwMDAwMDAwMDAwfSwic2NoZW1hX3ZlcnNpb24iOiIxIn0=",
          "dependencies": [
            "module.network.aws_vpc.vpc"
          ]
        }
      ]
    },
    {
      "module": "module.network",
      "mode": "managed",
      "type": "aws_security_group",
      "name": "rds_db_sg",
      "provider": "provider[\"registry.terraform.io/hashicorp/aws\"]",
      "instances": [
        {
          "schema_version": 1,
          "attributes": {
            "arn": "arn:aws:ec2:ap-south-1:680148267093:security-group/sg-0cbb6ad336ac24a46",
            "description": "RDS Database security group",
            "egress": [],
            "id": "sg-0cbb6ad336ac24a46",
            "ingress": [
              {
                "cidr_blocks": [
                  "0.0.0.0/0"
                ],
                "description": "",
                "from_port": 5432,
                "ipv6_cidr_blocks": [],
                "prefix_list_ids": [],
                "protocol": "tcp",
                "security_groups": [
                  "sg-0d198b534c61a0655"
                ],
                "self": false,
                "to_port": 5432
              },
              {
                "cidr_blocks": [],
                "description": "Allow worker nodes to communicate with RDS database",
                "from_port": 5432,
                "ipv6_cidr_blocks": [],
                "prefix_list_ids": [],
                "protocol": "tcp",
                "security_groups": [
                  "sg-057c9506e61f27cf6"
                ],
                "self": false,
                "to_port": 5432
              }
            ],
            "name": "db-moz-health-dev",
            "name_prefix": "",
            "owner_id": "680148267093",
            "revoke_rules_on_delete": false,
            "tags": {
              "Name": "db-moz-health-dev"
            },
            "tags_all": {
              "Name": "db-moz-health-dev"
            },
            "timeouts": null,
            "vpc_id": "vpc-0f4619ac6dcb6e9a7"
          },
          "sensitive_attributes": [],
          "private": "eyJlMmJmYjczMC1lY2FhLTExZTYtOGY4OC0zNDM2M2JjN2M0YzAiOnsiY3JlYXRlIjo2MDAwMDAwMDAwMDAsImRlbGV0ZSI6OTAwMDAwMDAwMDAwfSwic2NoZW1hX3ZlcnNpb24iOiIxIn0=",
          "dependencies": [
            "module.network.aws_vpc.vpc"
          ]
        }
      ]
    },
    {
      "module": "module.network",
      "mode": "managed",
      "type": "aws_security_group",
      "name": "worker_nodes_sg",
      "provider": "provider[\"registry.terraform.io/hashicorp/aws\"]",
      "instances": [
        {
          "schema_version": 1,
          "attributes": {
            "arn": "arn:aws:ec2:ap-south-1:680148267093:security-group/sg-057c9506e61f27cf6",
            "description": "Security group for all worker nodes in the cluster",
            "egress": [
              {
                "cidr_blocks": [
                  "0.0.0.0/0"
                ],
                "description": "",
                "from_port": 0,
                "ipv6_cidr_blocks": [],
                "prefix_list_ids": [],
                "protocol": "-1",
                "security_groups": [],
                "self": false,
                "to_port": 0
              }
            ],
            "id": "sg-057c9506e61f27cf6",
            "ingress": [
              {
                "cidr_blocks": [],
                "description": "Allow node to communicate with each other",
                "from_port": 0,
                "ipv6_cidr_blocks": [],
                "prefix_list_ids": [],
                "protocol": "-1",
                "security_groups": [],
                "self": true,
                "to_port": 0
              },
              {
                "cidr_blocks": [],
                "description": "Allow worker Kubelets and pods to receive communication from the cluster control plane",
                "from_port": 1025,
                "ipv6_cidr_blocks": [],
                "prefix_list_ids": [],
                "protocol": "tcp",
                "security_groups": [
                  "sg-020902e7c61c6d38c"
                ],
                "self": false,
                "to_port": 65535
              }
            ],
            "name": "nodes-moz-health-dev",
            "name_prefix": "",
            "owner_id": "680148267093",
            "revoke_rules_on_delete": false,
            "tags": {
              "KubernetesCluster": "moz-health-dev",
              "Name": "nodes-moz-health-dev",
              "kubernetes.io/cluster/moz-health-dev": "shared"
            },
            "tags_all": {
              "KubernetesCluster": "moz-health-dev",
              "Name": "nodes-moz-health-dev",
              "kubernetes.io/cluster/moz-health-dev": "shared"
            },
            "timeouts": null,
            "vpc_id": "vpc-0f4619ac6dcb6e9a7"
          },
          "sensitive_attributes": [],
          "private": "eyJlMmJmYjczMC1lY2FhLTExZTYtOGY4OC0zNDM2M2JjN2M0YzAiOnsiY3JlYXRlIjo2MDAwMDAwMDAwMDAsImRlbGV0ZSI6OTAwMDAwMDAwMDAwfSwic2NoZW1hX3ZlcnNpb24iOiIxIn0=",
          "dependencies": [
            "module.network.aws_vpc.vpc"
          ],
          "create_before_destroy": true
        }
      ]
    },
    {
      "module": "module.network",
      "mode": "managed",
      "type": "aws_security_group_rule",
      "name": "master_nodes_egress_workers",
      "provider": "provider[\"registry.terraform.io/hashicorp/aws\"]",
      "instances": [
        {
          "schema_version": 2,
          "attributes": {
            "cidr_blocks": null,
            "description": "Allow outbound traffic to worker nodes",
            "from_port": 10250,
            "id": "sgrule-2273074513",
            "ipv6_cidr_blocks": null,
            "prefix_list_ids": null,
            "protocol": "tcp",
            "security_group_id": "sg-020902e7c61c6d38c",
            "security_group_rule_id": "sgr-0dc05db4a31c7e9c9",
            "self": false,
            "source_security_group_id": "sg-057c9506e61f27cf6",
            "timeouts": null,
            "to_port": 65535,
            "type": "egress"
          },
          "sensitive_attributes": [],
          "private": "eyJlMmJmYjczMC1lY2FhLTExZTYtOGY4OC0zNDM2M2JjN2M0YzAiOnsiY3JlYXRlIjozMDAwMDAwMDAwMDB9LCJzY2hlbWFfdmVyc2lvbiI6IjIifQ==",
          "dependencies": [
            "module.network.aws_security_group.master_nodes_sg",
            "module.network.aws_security_group.worker_nodes_sg",
            "module.network.aws_vpc.vpc"
          ]
        }
      ]
    },
    {
      "module": "module.network",
      "mode": "managed",
      "type": "aws_security_group_rule",
      "name": "master_nodes_ingress_workers",
      "provider": "provider[\"registry.terraform.io/hashicorp/aws\"]",
      "instances": [
        {
          "schema_version": 2,
          "attributes": {
            "cidr_blocks": null,
            "description": "Allow worker nodes to communicate with cluster API server",
            "from_port": 443,
            "id": "sgrule-4293820534",
            "ipv6_cidr_blocks": null,
            "prefix_list_ids": null,
            "protocol": "tcp",
            "security_group_id": "sg-020902e7c61c6d38c",
            "security_group_rule_id": "sgr-0663c21ccf01f8a46",
            "self": false,
            "source_security_group_id": "sg-057c9506e61f27cf6",
            "timeouts": null,
            "to_port": 443,
            "type": "ingress"
          },
          "sensitive_attributes": [],
          "private": "eyJlMmJmYjczMC1lY2FhLTExZTYtOGY4OC0zNDM2M2JjN2M0YzAiOnsiY3JlYXRlIjozMDAwMDAwMDAwMDB9LCJzY2hlbWFfdmVyc2lvbiI6IjIifQ==",
          "dependencies": [
            "module.network.aws_security_group.master_nodes_sg",
            "module.network.aws_security_group.worker_nodes_sg",
            "module.network.aws_vpc.vpc"
          ]
        }
      ]
    },
    {
      "module": "module.network",
      "mode": "managed",
      "type": "aws_security_group_rule",
      "name": "rds_db_ingress_workers",
      "provider": "provider[\"registry.terraform.io/hashicorp/aws\"]",
      "instances": [
        {
          "schema_version": 2,
          "attributes": {
            "cidr_blocks": null,
            "description": "Allow worker nodes to communicate with RDS database",
            "from_port": 5432,
            "id": "sgrule-243150340",
            "ipv6_cidr_blocks": null,
            "prefix_list_ids": null,
            "protocol": "tcp",
            "security_group_id": "sg-0cbb6ad336ac24a46",
            "security_group_rule_id": "sgr-0c8bb9f3b87671017",
            "self": false,
            "source_security_group_id": "sg-057c9506e61f27cf6",
            "timeouts": null,
            "to_port": 5432,
            "type": "ingress"
          },
          "sensitive_attributes": [],
          "private": "eyJlMmJmYjczMC1lY2FhLTExZTYtOGY4OC0zNDM2M2JjN2M0YzAiOnsiY3JlYXRlIjozMDAwMDAwMDAwMDB9LCJzY2hlbWFfdmVyc2lvbiI6IjIifQ==",
          "dependencies": [
            "module.network.aws_security_group.rds_db_sg",
            "module.network.aws_security_group.worker_nodes_sg",
            "module.network.aws_vpc.vpc"
          ]
        }
      ]
    },
    {
      "module": "module.network",
      "mode": "managed",
      "type": "aws_security_group_rule",
      "name": "worker_nodes_ingress_cluster",
      "provider": "provider[\"registry.terraform.io/hashicorp/aws\"]",
      "instances": [
        {
          "schema_version": 2,
          "attributes": {
            "cidr_blocks": null,
            "description": "Allow worker Kubelets and pods to receive communication from the cluster control plane",
            "from_port": 1025,
            "id": "sgrule-766472253",
            "ipv6_cidr_blocks": null,
            "prefix_list_ids": null,
            "protocol": "tcp",
            "security_group_id": "sg-057c9506e61f27cf6",
            "security_group_rule_id": "sgr-09e0d6945a7c1efe6",
            "self": false,
            "source_security_group_id": "sg-020902e7c61c6d38c",
            "timeouts": null,
            "to_port": 65535,
            "type": "ingress"
          },
          "sensitive_attributes": [],
          "private": "eyJlMmJmYjczMC1lY2FhLTExZTYtOGY4OC0zNDM2M2JjN2M0YzAiOnsiY3JlYXRlIjozMDAwMDAwMDAwMDB9LCJzY2hlbWFfdmVyc2lvbiI6IjIifQ==",
          "dependencies": [
            "module.network.aws_security_group.master_nodes_sg",
            "module.network.aws_security_group.worker_nodes_sg",
            "module.network.aws_vpc.vpc"
          ]
        }
      ]
    },
    {
      "module": "module.network",
      "mode": "managed",
      "type": "aws_security_group_rule",
      "name": "worker_nodes_ingress_self",
      "provider": "provider[\"registry.terraform.io/hashicorp/aws\"]",
      "instances": [
        {
          "schema_version": 2,
          "attributes": {
            "cidr_blocks": null,
            "description": "Allow node to communicate with each other",
            "from_port": 0,
            "id": "sgrule-1260279145",
            "ipv6_cidr_blocks": null,
            "prefix_list_ids": null,
            "protocol": "-1",
            "security_group_id": "sg-057c9506e61f27cf6",
            "security_group_rule_id": "sgr-06d5df0d69081e90d",
            "self": false,
            "source_security_group_id": "sg-057c9506e61f27cf6",
            "timeouts": null,
            "to_port": 0,
            "type": "ingress"
          },
          "sensitive_attributes": [],
          "private": "eyJlMmJmYjczMC1lY2FhLTExZTYtOGY4OC0zNDM2M2JjN2M0YzAiOnsiY3JlYXRlIjozMDAwMDAwMDAwMDB9LCJzY2hlbWFfdmVyc2lvbiI6IjIifQ==",
          "dependencies": [
            "module.network.aws_security_group.worker_nodes_sg",
            "module.network.aws_vpc.vpc"
          ]
        }
      ]
    },
    {
      "module": "module.network",
      "mode": "managed",
      "type": "aws_subnet",
      "name": "private_subnet",
      "provider": "provider[\"registry.terraform.io/hashicorp/aws\"]",
      "instances": [
        {
          "index_key": 0,
          "schema_version": 1,
          "attributes": {
            "arn": "arn:aws:ec2:ap-south-1:680148267093:subnet/subnet-00d75297743a1778d",
            "assign_ipv6_address_on_creation": false,
            "availability_zone": "ap-south-1b",
            "availability_zone_id": "aps1-az3",
            "cidr_block": "192.168.64.0/19",
            "customer_owned_ipv4_pool": "",
            "enable_dns64": false,
            "enable_resource_name_dns_a_record_on_launch": false,
            "enable_resource_name_dns_aaaa_record_on_launch": false,
            "id": "subnet-00d75297743a1778d",
            "ipv6_cidr_block": "",
            "ipv6_cidr_block_association_id": "",
            "ipv6_native": false,
            "map_customer_owned_ip_on_launch": false,
            "map_public_ip_on_launch": false,
            "outpost_arn": "",
            "owner_id": "680148267093",
            "private_dns_hostname_type_on_launch": "ip-name",
            "tags": {
              "KubernetesCluster": "moz-health-dev",
              "Name": "ap-south-1b-moz-health-dev",
              "SubnetType": "Private",
              "kubernetes.io/cluster/moz-health-dev": "shared",
              "kubernetes.io/role/internal-elb": "1"
            },
            "tags_all": {
              "KubernetesCluster": "moz-health-dev",
              "Name": "ap-south-1b-moz-health-dev",
              "SubnetType": "Private",
              "kubernetes.io/cluster/moz-health-dev": "shared",
              "kubernetes.io/role/internal-elb": "1"
            },
            "timeouts": null,
            "vpc_id": "vpc-0f4619ac6dcb6e9a7"
          },
          "sensitive_attributes": [],
          "private": "eyJlMmJmYjczMC1lY2FhLTExZTYtOGY4OC0zNDM2M2JjN2M0YzAiOnsiY3JlYXRlIjo2MDAwMDAwMDAwMDAsImRlbGV0ZSI6MTIwMDAwMDAwMDAwMH0sInNjaGVtYV92ZXJzaW9uIjoiMSJ9",
          "dependencies": [
            "module.network.aws_vpc.vpc"
          ],
          "create_before_destroy": true
        },
        {
          "index_key": 1,
          "schema_version": 1,
          "attributes": {
            "arn": "arn:aws:ec2:ap-south-1:680148267093:subnet/subnet-01087ede96fdea8b8",
            "assign_ipv6_address_on_creation": false,
            "availability_zone": "ap-south-1a",
            "availability_zone_id": "aps1-az1",
            "cidr_block": "192.168.96.0/19",
            "customer_owned_ipv4_pool": "",
            "enable_dns64": false,
            "enable_resource_name_dns_a_record_on_launch": false,
            "enable_resource_name_dns_aaaa_record_on_launch": false,
            "id": "subnet-01087ede96fdea8b8",
            "ipv6_cidr_block": "",
            "ipv6_cidr_block_association_id": "",
            "ipv6_native": false,
            "map_customer_owned_ip_on_launch": false,
            "map_public_ip_on_launch": false,
            "outpost_arn": "",
            "owner_id": "680148267093",
            "private_dns_hostname_type_on_launch": "ip-name",
            "tags": {
              "KubernetesCluster": "moz-health-dev",
              "Name": "ap-south-1a-moz-health-dev",
              "SubnetType": "Private",
              "kubernetes.io/cluster/moz-health-dev": "shared",
              "kubernetes.io/role/internal-elb": "1"
            },
            "tags_all": {
              "KubernetesCluster": "moz-health-dev",
              "Name": "ap-south-1a-moz-health-dev",
              "SubnetType": "Private",
              "kubernetes.io/cluster/moz-health-dev": "shared",
              "kubernetes.io/role/internal-elb": "1"
            },
            "timeouts": null,
            "vpc_id": "vpc-0f4619ac6dcb6e9a7"
          },
          "sensitive_attributes": [],
          "private": "eyJlMmJmYjczMC1lY2FhLTExZTYtOGY4OC0zNDM2M2JjN2M0YzAiOnsiY3JlYXRlIjo2MDAwMDAwMDAwMDAsImRlbGV0ZSI6MTIwMDAwMDAwMDAwMH0sInNjaGVtYV92ZXJzaW9uIjoiMSJ9",
          "dependencies": [
            "module.network.aws_vpc.vpc"
          ],
          "create_before_destroy": true
        }
      ]
    },
    {
      "module": "module.network",
      "mode": "managed",
      "type": "aws_subnet",
      "name": "public_subnet",
      "provider": "provider[\"registry.terraform.io/hashicorp/aws\"]",
      "instances": [
        {
          "index_key": 0,
          "schema_version": 1,
          "attributes": {
            "arn": "arn:aws:ec2:ap-south-1:680148267093:subnet/subnet-09f962f506d6b6a40",
            "assign_ipv6_address_on_creation": false,
            "availability_zone": "ap-south-1b",
            "availability_zone_id": "aps1-az3",
            "cidr_block": "192.168.0.0/21",
            "customer_owned_ipv4_pool": "",
            "enable_dns64": false,
            "enable_resource_name_dns_a_record_on_launch": false,
            "enable_resource_name_dns_aaaa_record_on_launch": false,
            "id": "subnet-09f962f506d6b6a40",
            "ipv6_cidr_block": "",
            "ipv6_cidr_block_association_id": "",
            "ipv6_native": false,
            "map_customer_owned_ip_on_launch": false,
            "map_public_ip_on_launch": false,
            "outpost_arn": "",
            "owner_id": "680148267093",
            "private_dns_hostname_type_on_launch": "ip-name",
            "tags": {
              "KubernetesCluster": "moz-health-dev",
              "Name": "utility-ap-south-1b-moz-health-dev",
              "SubnetType": "Utility",
              "kubernetes.io/cluster/moz-health-dev": "shared",
              "kubernetes.io/role/elb": "1"
            },
            "tags_all": {
              "KubernetesCluster": "moz-health-dev",
              "Name": "utility-ap-south-1b-moz-health-dev",
              "SubnetType": "Utility",
              "kubernetes.io/cluster/moz-health-dev": "shared",
              "kubernetes.io/role/elb": "1"
            },
            "timeouts": null,
            "vpc_id": "vpc-0f4619ac6dcb6e9a7"
          },
          "sensitive_attributes": [],
          "private": "eyJlMmJmYjczMC1lY2FhLTExZTYtOGY4OC0zNDM2M2JjN2M0YzAiOnsiY3JlYXRlIjo2MDAwMDAwMDAwMDAsImRlbGV0ZSI6MTIwMDAwMDAwMDAwMH0sInNjaGVtYV92ZXJzaW9uIjoiMSJ9",
          "dependencies": [
            "module.network.aws_vpc.vpc"
          ],
          "create_before_destroy": true
        },
        {
          "index_key": 1,
          "schema_version": 1,
          "attributes": {
            "arn": "arn:aws:ec2:ap-south-1:680148267093:subnet/subnet-02c0b2a716568a93f",
            "assign_ipv6_address_on_creation": false,
            "availability_zone": "ap-south-1a",
            "availability_zone_id": "aps1-az1",
            "cidr_block": "192.168.8.0/21",
            "customer_owned_ipv4_pool": "",
            "enable_dns64": false,
            "enable_resource_name_dns_a_record_on_launch": false,
            "enable_resource_name_dns_aaaa_record_on_launch": false,
            "id": "subnet-02c0b2a716568a93f",
            "ipv6_cidr_block": "",
            "ipv6_cidr_block_association_id": "",
            "ipv6_native": false,
            "map_customer_owned_ip_on_launch": false,
            "map_public_ip_on_launch": false,
            "outpost_arn": "",
            "owner_id": "680148267093",
            "private_dns_hostname_type_on_launch": "ip-name",
            "tags": {
              "KubernetesCluster": "moz-health-dev",
              "Name": "utility-ap-south-1a-moz-health-dev",
              "SubnetType": "Utility",
              "kubernetes.io/cluster/moz-health-dev": "shared",
              "kubernetes.io/role/elb": "1"
            },
            "tags_all": {
              "KubernetesCluster": "moz-health-dev",
              "Name": "utility-ap-south-1a-moz-health-dev",
              "SubnetType": "Utility",
              "kubernetes.io/cluster/moz-health-dev": "shared",
              "kubernetes.io/role/elb": "1"
            },
            "timeouts": null,
            "vpc_id": "vpc-0f4619ac6dcb6e9a7"
          },
          "sensitive_attributes": [],
          "private": "eyJlMmJmYjczMC1lY2FhLTExZTYtOGY4OC0zNDM2M2JjN2M0YzAiOnsiY3JlYXRlIjo2MDAwMDAwMDAwMDAsImRlbGV0ZSI6MTIwMDAwMDAwMDAwMH0sInNjaGVtYV92ZXJzaW9uIjoiMSJ9",
          "dependencies": [
            "module.network.aws_vpc.vpc"
          ],
          "create_before_destroy": true
        }
      ]
    },
    {
      "module": "module.network",
      "mode": "managed",
      "type": "aws_vpc",
      "name": "vpc",
      "provider": "provider[\"registry.terraform.io/hashicorp/aws\"]",
      "instances": [
        {
          "schema_version": 1,
          "attributes": {
            "arn": "arn:aws:ec2:ap-south-1:680148267093:vpc/vpc-0f4619ac6dcb6e9a7",
            "assign_generated_ipv6_cidr_block": false,
            "cidr_block": "192.168.0.0/16",
            "default_network_acl_id": "acl-09020ba397974382a",
            "default_route_table_id": "rtb-02f33b85e0805dcbc",
            "default_security_group_id": "sg-0fd254768d2c12349",
            "dhcp_options_id": "dopt-5e994435",
            "enable_classiclink": false,
            "enable_classiclink_dns_support": false,
            "enable_dns_hostnames": true,
            "enable_dns_support": true,
            "enable_network_address_usage_metrics": false,
            "id": "vpc-0f4619ac6dcb6e9a7",
            "instance_tenancy": "default",
            "ipv4_ipam_pool_id": null,
            "ipv4_netmask_length": null,
            "ipv6_association_id": "",
            "ipv6_cidr_block": "",
            "ipv6_cidr_block_network_border_group": "",
            "ipv6_ipam_pool_id": "",
            "ipv6_netmask_length": 0,
            "main_route_table_id": "rtb-02f33b85e0805dcbc",
            "owner_id": "680148267093",
            "tags": {
              "Name": "moz-health-dev",
              "kubernetes.io/cluster/moz-health-dev": "shared"
            },
            "tags_all": {
              "Name": "moz-health-dev",
              "kubernetes.io/cluster/moz-health-dev": "shared"
            }
          },
          "sensitive_attributes": [],
          "private": "eyJzY2hlbWFfdmVyc2lvbiI6IjEifQ==",
          "create_before_destroy": true
        }
      ]
    },
    {
      "module": "module.zookeeper",
      "mode": "managed",
      "type": "aws_ebs_volume",
      "name": "vol",
      "provider": "provider[\"registry.terraform.io/hashicorp/aws\"]",
      "instances": [
        {
          "index_key": 0,
          "schema_version": 0,
          "attributes": {
            "arn": "arn:aws:ec2:ap-south-1:680148267093:volume/vol-0672cbd08ba7c1ad2",
            "availability_zone": "ap-south-1b",
            "encrypted": false,
            "final_snapshot": false,
            "id": "vol-0672cbd08ba7c1ad2",
            "iops": 100,
            "kms_key_id": "",
            "multi_attach_enabled": false,
            "outpost_arn": "",
            "size": 10,
            "snapshot_id": "",
            "tags": {
              "KubernetesCluster": "moz-health-dev",
              "Name": "zookeeper-0"
            },
            "tags_all": {
              "KubernetesCluster": "moz-health-dev",
              "Name": "zookeeper-0"
            },
            "throughput": 0,
            "timeouts": null,
            "type": "gp2"
          },
          "sensitive_attributes": [],
          "private": "eyJlMmJmYjczMC1lY2FhLTExZTYtOGY4OC0zNDM2M2JjN2M0YzAiOnsiY3JlYXRlIjozMDAwMDAwMDAwMDAsImRlbGV0ZSI6MzAwMDAwMDAwMDAwLCJ1cGRhdGUiOjMwMDAwMDAwMDAwMH19"
        },
        {
          "index_key": 1,
          "schema_version": 0,
          "attributes": {
            "arn": "arn:aws:ec2:ap-south-1:680148267093:volume/vol-0dca7a8d2eab11f4d",
            "availability_zone": "ap-south-1b",
            "encrypted": false,
            "final_snapshot": false,
            "id": "vol-0dca7a8d2eab11f4d",
            "iops": 100,
            "kms_key_id": "",
            "multi_attach_enabled": false,
            "outpost_arn": "",
            "size": 10,
            "snapshot_id": "",
            "tags": {
              "KubernetesCluster": "moz-health-dev",
              "Name": "zookeeper-1"
            },
            "tags_all": {
              "KubernetesCluster": "moz-health-dev",
              "Name": "zookeeper-1"
            },
            "throughput": 0,
            "timeouts": null,
            "type": "gp2"
          },
          "sensitive_attributes": [],
          "private": "eyJlMmJmYjczMC1lY2FhLTExZTYtOGY4OC0zNDM2M2JjN2M0YzAiOnsiY3JlYXRlIjozMDAwMDAwMDAwMDAsImRlbGV0ZSI6MzAwMDAwMDAwMDAwLCJ1cGRhdGUiOjMwMDAwMDAwMDAwMH19"
        },
        {
          "index_key": 2,
          "schema_version": 0,
          "attributes": {
            "arn": "arn:aws:ec2:ap-south-1:680148267093:volume/vol-0d4eab89e55277e37",
            "availability_zone": "ap-south-1b",
            "encrypted": false,
            "final_snapshot": false,
            "id": "vol-0d4eab89e55277e37",
            "iops": 100,
            "kms_key_id": "",
            "multi_attach_enabled": false,
            "outpost_arn": "",
            "size": 10,
            "snapshot_id": "",
            "tags": {
              "KubernetesCluster": "moz-health-dev",
              "Name": "zookeeper-2"
            },
            "tags_all": {
              "KubernetesCluster": "moz-health-dev",
              "Name": "zookeeper-2"
            },
            "throughput": 0,
            "timeouts": null,
            "type": "gp2"
          },
          "sensitive_attributes": [],
          "private": "eyJlMmJmYjczMC1lY2FhLTExZTYtOGY4OC0zNDM2M2JjN2M0YzAiOnsiY3JlYXRlIjozMDAwMDAwMDAwMDAsImRlbGV0ZSI6MzAwMDAwMDAwMDAwLCJ1cGRhdGUiOjMwMDAwMDAwMDAwMH19"
        }
      ]
    }
  ]
}
