{
  "version": 4,
  "terraform_version": "0.14.10",
  "serial": 193,
  "lineage": "f5675735-905f-412a-8cd1-0e6cd90f18d2",
  "outputs": {},
  "resources": [
    {
      "module": "module.eks",
      "mode": "managed",
      "type": "kubernetes_config_map",
      "name": "aws_auth",
      "provider": "provider[\"registry.terraform.io/hashicorp/kubernetes\"]",
      "instances": [
        {
          "index_key": 0,
          "schema_version": 0,
          "attributes": {
            "binary_data": {},
            "data": {
              "mapAccounts": "[]\n",
              "mapRoles": "- \"groups\":\n  - \"system:bootstrappers\"\n  - \"system:nodes\"\n  \"rolearn\": \"arn:aws:iam::680148267093:role/moz-health-uat20230421092509674600000018\"\n  \"username\": \"system:node:{{EC2PrivateDNSName}}\"\n",
              "mapUsers": "[]\n"
            },
            "id": "kube-system/aws-auth",
            "immutable": false,
            "metadata": [
              {
                "annotations": {},
                "generate_name": "",
                "generation": 0,
                "labels": {
                  "app.kubernetes.io/managed-by": "Terraform",
                  "terraform.io/module": "terraform-aws-modules.eks.aws"
                },
                "name": "aws-auth",
                "namespace": "kube-system",
                "resource_version": "943",
                "uid": "cae489bd-5db7-497a-accd-4ffd30f58cb9"
              }
            ]
          },
          "sensitive_attributes": []
        }
      ]
    },
    {
      "module": "module.network",
      "mode": "managed",
      "type": "aws_internet_gateway",
      "name": "internet_gateway",
      "provider": "provider[\"registry.terraform.io/hashicorp/aws\"]",
      "instances": [
        {
          "schema_version": 0,
          "attributes": {
            "arn": "arn:aws:ec2:ap-south-1:680148267093:internet-gateway/igw-0d9f64898910c3d19",
            "id": "igw-0d9f64898910c3d19",
            "owner_id": "680148267093",
            "tags": {
              "KubernetesCluster": "moz-health-uat",
              "Name": "moz-health-uat",
              "kubernetes.io/cluster/moz-health-uat": "shared"
            },
            "tags_all": {
              "KubernetesCluster": "moz-health-uat",
              "Name": "moz-health-uat",
              "kubernetes.io/cluster/moz-health-uat": "shared"
            },
            "timeouts": null,
            "vpc_id": "vpc-0489bf9e92521ecbc"
          },
          "sensitive_attributes": []
        }
      ]
    },
    {
      "module": "module.network",
      "mode": "managed",
      "type": "aws_subnet",
      "name": "public_subnet",
      "provider": "provider[\"registry.terraform.io/hashicorp/aws\"]",
      "instances": [
        {
          "index_key": 1,
          "schema_version": 1,
          "attributes": {
            "arn": "arn:aws:ec2:ap-south-1:680148267093:subnet/subnet-00ce2bc80d598e593",
            "assign_ipv6_address_on_creation": false,
            "availability_zone": "ap-south-1a",
            "availability_zone_id": "aps1-az1",
            "cidr_block": "192.168.8.0/21",
            "customer_owned_ipv4_pool": "",
            "enable_dns64": false,
            "enable_lni_at_device_index": 0,
            "enable_resource_name_dns_a_record_on_launch": false,
            "enable_resource_name_dns_aaaa_record_on_launch": false,
            "id": "subnet-00ce2bc80d598e593",
            "ipv6_cidr_block": "",
            "ipv6_cidr_block_association_id": "",
            "ipv6_native": false,
            "map_customer_owned_ip_on_launch": false,
            "map_public_ip_on_launch": false,
            "outpost_arn": "",
            "owner_id": "680148267093",
            "private_dns_hostname_type_on_launch": "ip-name",
            "tags": {
              "KubernetesCluster": "moz-health-uat",
              "Name": "utility-ap-south-1a-moz-health-uat",
              "SubnetType": "Utility",
              "kubernetes.io/cluster/moz-health-uat": "shared",
              "kubernetes.io/role/elb": "1"
            },
            "tags_all": {
              "KubernetesCluster": "moz-health-uat",
              "Name": "utility-ap-south-1a-moz-health-uat",
              "SubnetType": "Utility",
              "kubernetes.io/cluster/moz-health-uat": "shared",
              "kubernetes.io/role/elb": "1"
            },
            "timeouts": null,
            "vpc_id": "vpc-0489bf9e92521ecbc"
          },
          "sensitive_attributes": []
        }
      ]
    },
    {
      "module": "module.network",
      "mode": "managed",
      "type": "aws_vpc",
      "name": "vpc",
      "provider": "provider[\"registry.terraform.io/hashicorp/aws\"]",
      "instances": [
        {
          "schema_version": 1,
          "attributes": {
            "arn": "arn:aws:ec2:ap-south-1:680148267093:vpc/vpc-0489bf9e92521ecbc",
            "assign_generated_ipv6_cidr_block": false,
            "cidr_block": "192.168.0.0/16",
            "default_network_acl_id": "acl-0216595a2c6e9856e",
            "default_route_table_id": "rtb-07702044e96d093d7",
            "default_security_group_id": "sg-0632b58d38bfe7ff8",
            "dhcp_options_id": "dopt-5e994435",
            "enable_classiclink": false,
            "enable_classiclink_dns_support": false,
            "enable_dns_hostnames": true,
            "enable_dns_support": true,
            "enable_network_address_usage_metrics": false,
            "id": "vpc-0489bf9e92521ecbc",
            "instance_tenancy": "default",
            "ipv4_ipam_pool_id": null,
            "ipv4_netmask_length": null,
            "ipv6_association_id": "",
            "ipv6_cidr_block": "",
            "ipv6_cidr_block_network_border_group": "",
            "ipv6_ipam_pool_id": "",
            "ipv6_netmask_length": 0,
            "main_route_table_id": "rtb-07702044e96d093d7",
            "owner_id": "680148267093",
            "tags": {
              "Name": "moz-health-uat",
              "kubernetes.io/cluster/moz-health-uat": "shared"
            },
            "tags_all": {
              "Name": "moz-health-uat",
              "kubernetes.io/cluster/moz-health-uat": "shared"
            }
          },
          "sensitive_attributes": [],
          "private": "eyJzY2hlbWFfdmVyc2lvbiI6IjEifQ==",
          "create_before_destroy": true
        }
      ]
    }
  ]
}
