{
  "version": 4,
  "terraform_version": "0.14.10",
  "serial": 66,
  "lineage": "f81f265e-e366-aef4-b0a9-1921113c9e16",
  "outputs": {
    "cluster_endpoint": {
      "value": "https://80CF42E0DAA992735D2FF7DD82E3875A.yl4.ap-south-1.eks.amazonaws.com",
      "type": "string"
    },
    "db_instance_endpoint": {
      "value": "moz-health-qa-db.cqqfmghbjssw.ap-south-1.rds.amazonaws.com:5432",
      "type": "string"
    },
    "db_instance_name": {
      "value": "mozhealthqa",
      "type": "string"
    },
    "db_instance_port": {
      "value": 5432,
      "type": "number"
    },
    "db_instance_username": {
      "value": "mozhealthqa",
      "type": "string",
      "sensitive": true
    },
    "es_data_volume_ids": {
      "value": [
        "vol-09d55fb62037b5d1f",
        "vol-038aba3b51849c8f8",
        "vol-0f41c0ca0926e0fed"
      ],
      "type": [
        "tuple",
        [
          "string",
          "string",
          "string"
        ]
      ]
    },
    "es_master_volume_ids": {
      "value": [
        "vol-0b1a0a0d69c16f99d",
        "vol-047cbd2544c64b6da",
        "vol-0f144434b9bb7e260"
      ],
      "type": [
        "tuple",
        [
          "string",
          "string",
          "string"
        ]
      ]
    },
    "kafka_vol_ids": {
      "value": [
        "vol-0cc74a64781eacc2a",
        "vol-0634dc712aa2896fb",
        "vol-06a5a5ac51c6e8e13"
      ],
      "type": [
        "tuple",
        [
          "string",
          "string",
          "string"
        ]
      ]
    },
    "kubectl_config": {
      "value": "apiVersion: v1\npreferences: {}\nkind: Config\n\nclusters:\n- cluster:\n    server: https://80CF42E0DAA992735D2FF7DD82E3875A.yl4.ap-south-1.eks.amazonaws.com\n    certificate-authority-data: LS0tLS1CRUdJTiBDRVJUSUZJQ0FURS0tLS0tCk1JSUMvakNDQWVhZ0F3SUJBZ0lCQURBTkJna3Foa2lHOXcwQkFRc0ZBREFWTVJNd0VRWURWUVFERXdwcmRXSmwKY201bGRHVnpNQjRYRFRJek1ETXlOVEE1TVRNek5Gb1hEVE16TURNeU1qQTVNVE16TkZvd0ZURVRNQkVHQTFVRQpBeE1LYTNWaVpYSnVaWFJsY3pDQ0FTSXdEUVlKS29aSWh2Y05BUUVCQlFBRGdnRVBBRENDQVFvQ2dnRUJBT1V0CkJyc0JLWGpoakN3MFo5MlZNMFBmZXBpbTR6eEtBRUIrY2orUkpDa25hZnZZdUtzQ2ZSRzA2TDJHV1pTcDdPZ3QKL2dlNURXZUNUZzdkOTh1QkhwZTUrTjQ0a2VnQWJ5Q0hlOUU4MXVEeTlkRCtocEMveEtoMjhCYUJHS0NBd1BqWApIcmNNdFVtVzVOeUx4MjVRdmQyV1h0OGp4WDl6VEV6TE1MR2N0SS9uZWM5Vkd4dmVZR2RQcU1xMHhlVUJySTk4CnZNVWlMSjlGbm5YOWt0Zk8xbERFdlJVOUhzWDN0alliL0dUM0k2dnpBbncvQzUvcnc5SW1lU3ZmZTZaTk4xVTAKNS9YWm9Sckp6NXRMK3plUWN4d2hEdVJUOTZvNGczc1RUNm5DS2pNR0w2L0lsOWdnTm5QeHBnWFYwTEtLL2g1MAp5cjFYUEl2RVJOVm9ZWlV0bzdzQ0F3RUFBYU5aTUZjd0RnWURWUjBQQVFIL0JBUURBZ0trTUE4R0ExVWRFd0VCCi93UUZNQU1CQWY4d0hRWURWUjBPQkJZRUZONUhPQzMzWGlpUlZnY0NJc2JyKzhhU3dhUkJNQlVHQTFVZEVRUU8KTUF5Q0NtdDFZbVZ5Ym1WMFpYTXdEUVlKS29aSWh2Y05BUUVMQlFBRGdnRUJBRUdRNThQUVkrTWxjZE95Q2JEeQo5eEp3U0cwTDZkL1VJby9yY1I1UHc5R3RHWVhhSytvWDdMNWkwYlF1UmlqSXp6Vm82UklaK0MzcmVqUHFydmt2CnN1QVgyTVB3NDUrWitoMnF5QUVxVEdJRWdlNVp0VjNtWm1MYkFqYWp0SzU5ZVFPamNCeFk5WVBFYTdzSm9jY2UKNDE1TXdzVy9vN1hkWkdBRzhZMHNqZXo4Zk5UbmY1UkQvVTBDbytWMzJKZTRjSERzLzc3YU1XT0l2L05mRVZacQpUNERjdG40QnFqQnpxUnZGN1lDN09MM3BCZzhUZC9XbWJSN2tLNURXUzFNYXF6MTJUOC9pQlpEY3kyelV2N2dWClR4dmpyRWtOd1FucTVOMVFEZEJGdng2VHZNQVJLMml1T3pBa0dmRWZSaHNpK2ltMUV4WUZuUm5Lb2ZSc0hIOTkKWUFNPQotLS0tLUVORCBDRVJUSUZJQ0FURS0tLS0tCg==\n  name: eks_moz-health-qa\n\ncontexts:\n- context:\n    cluster: eks_moz-health-qa\n    user: eks_moz-health-qa\n  name: eks_moz-health-qa\n\ncurrent-context: eks_moz-health-qa\n\nusers:\n- name: eks_moz-health-qa\n  user:\n    exec:\n      apiVersion: client.authentication.k8s.io/v1alpha1\n      command: aws-iam-authenticator\n      args:\n        - \"token\"\n        - \"-i\"\n        - \"moz-health-qa\"\n",
      "type": "string"
    },
    "private_subnets": {
      "value": [
        "subnet-0fa453f1cb3695cca",
        "subnet-01a7f0b7a595daacf"
      ],
      "type": [
        "tuple",
        [
          "string",
          "string"
        ]
      ]
    },
    "public_subnets": {
      "value": [
        "subnet-0aa36ae93fc7ef537",
        "subnet-02d7ec32d787715fd"
      ],
      "type": [
        "tuple",
        [
          "string",
          "string"
        ]
      ]
    },
    "vpc_id": {
      "value": "vpc-03321ad8ddc3ec8e9",
      "type": "string"
    },
    "zookeeper_volume_ids": {
      "value": [
        "vol-0eb4cda93097e8ff3",
        "vol-03a90642de18966e7",
        "vol-0de48e5878784f4e7"
      ],
      "type": [
        "tuple",
        [
          "string",
          "string",
          "string"
        ]
      ]
    }
  },
  "resources": [
    {
      "mode": "data",
      "type": "aws_availability_zones",
      "name": "available",
      "provider": "provider[\"registry.terraform.io/hashicorp/aws\"]",
      "instances": [
        {
          "schema_version": 0,
          "attributes": {
            "all_availability_zones": null,
            "exclude_names": null,
            "exclude_zone_ids": null,
            "filter": null,
            "group_names": [
              "ap-south-1"
            ],
            "id": "ap-south-1",
            "names": [
              "ap-south-1a",
              "ap-south-1b",
              "ap-south-1c"
            ],
            "state": null,
            "timeouts": null,
            "zone_ids": [
              "aps1-az1",
              "aps1-az3",
              "aps1-az2"
            ]
          },
          "sensitive_attributes": []
        }
      ]
    },
    {
      "mode": "data",
      "type": "aws_eks_cluster",
      "name": "cluster",
      "provider": "provider[\"registry.terraform.io/hashicorp/aws\"]",
      "instances": [
        {
          "schema_version": 0,
          "attributes": {
            "arn": "arn:aws:eks:ap-south-1:680148267093:cluster/moz-health-qa",
            "certificate_authority": [
              {
                "data": "LS0tLS1CRUdJTiBDRVJUSUZJQ0FURS0tLS0tCk1JSUMvakNDQWVhZ0F3SUJBZ0lCQURBTkJna3Foa2lHOXcwQkFRc0ZBREFWTVJNd0VRWURWUVFERXdwcmRXSmwKY201bGRHVnpNQjRYRFRJek1ETXlOVEE1TVRNek5Gb1hEVE16TURNeU1qQTVNVE16TkZvd0ZURVRNQkVHQTFVRQpBeE1LYTNWaVpYSnVaWFJsY3pDQ0FTSXdEUVlKS29aSWh2Y05BUUVCQlFBRGdnRVBBRENDQVFvQ2dnRUJBT1V0CkJyc0JLWGpoakN3MFo5MlZNMFBmZXBpbTR6eEtBRUIrY2orUkpDa25hZnZZdUtzQ2ZSRzA2TDJHV1pTcDdPZ3QKL2dlNURXZUNUZzdkOTh1QkhwZTUrTjQ0a2VnQWJ5Q0hlOUU4MXVEeTlkRCtocEMveEtoMjhCYUJHS0NBd1BqWApIcmNNdFVtVzVOeUx4MjVRdmQyV1h0OGp4WDl6VEV6TE1MR2N0SS9uZWM5Vkd4dmVZR2RQcU1xMHhlVUJySTk4CnZNVWlMSjlGbm5YOWt0Zk8xbERFdlJVOUhzWDN0alliL0dUM0k2dnpBbncvQzUvcnc5SW1lU3ZmZTZaTk4xVTAKNS9YWm9Sckp6NXRMK3plUWN4d2hEdVJUOTZvNGczc1RUNm5DS2pNR0w2L0lsOWdnTm5QeHBnWFYwTEtLL2g1MAp5cjFYUEl2RVJOVm9ZWlV0bzdzQ0F3RUFBYU5aTUZjd0RnWURWUjBQQVFIL0JBUURBZ0trTUE4R0ExVWRFd0VCCi93UUZNQU1CQWY4d0hRWURWUjBPQkJZRUZONUhPQzMzWGlpUlZnY0NJc2JyKzhhU3dhUkJNQlVHQTFVZEVRUU8KTUF5Q0NtdDFZbVZ5Ym1WMFpYTXdEUVlKS29aSWh2Y05BUUVMQlFBRGdnRUJBRUdRNThQUVkrTWxjZE95Q2JEeQo5eEp3U0cwTDZkL1VJby9yY1I1UHc5R3RHWVhhSytvWDdMNWkwYlF1UmlqSXp6Vm82UklaK0MzcmVqUHFydmt2CnN1QVgyTVB3NDUrWitoMnF5QUVxVEdJRWdlNVp0VjNtWm1MYkFqYWp0SzU5ZVFPamNCeFk5WVBFYTdzSm9jY2UKNDE1TXdzVy9vN1hkWkdBRzhZMHNqZXo4Zk5UbmY1UkQvVTBDbytWMzJKZTRjSERzLzc3YU1XT0l2L05mRVZacQpUNERjdG40QnFqQnpxUnZGN1lDN09MM3BCZzhUZC9XbWJSN2tLNURXUzFNYXF6MTJUOC9pQlpEY3kyelV2N2dWClR4dmpyRWtOd1FucTVOMVFEZEJGdng2VHZNQVJLMml1T3pBa0dmRWZSaHNpK2ltMUV4WUZuUm5Lb2ZSc0hIOTkKWUFNPQotLS0tLUVORCBDRVJUSUZJQ0FURS0tLS0tCg=="
              }
            ],
            "cluster_id": null,
            "created_at": "2023-03-25 09:08:51.975 +0000 UTC",
            "enabled_cluster_log_types": [],
            "endpoint": "https://80CF42E0DAA992735D2FF7DD82E3875A.yl4.ap-south-1.eks.amazonaws.com",
            "id": "moz-health-qa",
            "identity": [
              {
                "oidc": [
                  {
                    "issuer": "https://oidc.eks.ap-south-1.amazonaws.com/id/80CF42E0DAA992735D2FF7DD82E3875A"
                  }
                ]
              }
            ],
            "kubernetes_network_config": [
              {
                "ip_family": "ipv4",
                "service_ipv4_cidr": "10.100.0.0/16",
                "service_ipv6_cidr": ""
              }
            ],
            "name": "moz-health-qa",
            "outpost_config": [],
            "platform_version": "eks.10",
            "role_arn": "arn:aws:iam::680148267093:role/moz-health-qa20230325090835177400000009",
            "status": "ACTIVE",
            "tags": {
              "KubernetesCluster": "moz-health-qa",
              "kubernetes.io/cluster/moz-health-qa": "owned"
            },
            "version": "1.22",
            "vpc_config": [
              {
                "cluster_security_group_id": "sg-021d7a7f90884f8e0",
                "endpoint_private_access": false,
                "endpoint_public_access": true,
                "public_access_cidrs": [
                  "0.0.0.0/0"
                ],
                "security_group_ids": [
                  "sg-0c84db9e0ac08dc8a"
                ],
                "subnet_ids": [
                  "subnet-01a7f0b7a595daacf",
                  "subnet-02d7ec32d787715fd",
                  "subnet-0aa36ae93fc7ef537",
                  "subnet-0fa453f1cb3695cca"
                ],
                "vpc_id": "vpc-03321ad8ddc3ec8e9"
              }
            ]
          },
          "sensitive_attributes": []
        }
      ]
    },
    {
      "mode": "data",
      "type": "aws_eks_cluster_auth",
      "name": "cluster",
      "provider": "provider[\"registry.terraform.io/hashicorp/aws\"]",
      "instances": [
        {
          "schema_version": 0,
          "attributes": {
            "id": "moz-health-qa",
            "name": "moz-health-qa",
            "token": "k8s-aws-v1.aHR0cHM6Ly9zdHMuYW1hem9uYXdzLmNvbS8_QWN0aW9uPUdldENhbGxlcklkZW50aXR5JlZlcnNpb249MjAxMS0wNi0xNSZYLUFtei1BbGdvcml0aG09QVdTNC1ITUFDLVNIQTI1NiZYLUFtei1DcmVkZW50aWFsPUFLSUFaNFc3NjZCSzc0RkZVS1hZJTJGMjAyMzAzMjUlMkZ1cy1lYXN0LTElMkZzdHMlMkZhd3M0X3JlcXVlc3QmWC1BbXotRGF0ZT0yMDIzMDMyNVQwOTIzMjVaJlgtQW16LUV4cGlyZXM9MCZYLUFtei1TaWduZWRIZWFkZXJzPWhvc3QlM0J4LWs4cy1hd3MtaWQmWC1BbXotU2lnbmF0dXJlPTBmNDk3ZjkwZDU4M2IwZDcyYjJkMGQ2YjUyZWZhY2YxMDViYTU1Y2ZlYzY0YWRjMzZmOGYwOWJjZGZmNzc3ZjY"
          },
          "sensitive_attributes": []
        }
      ]
    },
    {
      "mode": "data",
      "type": "aws_region",
      "name": "current",
      "provider": "provider[\"registry.terraform.io/hashicorp/aws\"]",
      "instances": [
        {
          "schema_version": 0,
          "attributes": {
            "description": "Asia Pacific (Mumbai)",
            "endpoint": "ec2.ap-south-1.amazonaws.com",
            "id": "ap-south-1",
            "name": "ap-south-1"
          },
          "sensitive_attributes": []
        }
      ]
    },
    {
      "module": "module.db",
      "mode": "managed",
      "type": "aws_db_instance",
      "name": "rds_postgres",
      "provider": "provider[\"registry.terraform.io/hashicorp/aws\"]",
      "instances": [
        {
          "schema_version": 1,
          "attributes": {
            "address": "moz-health-qa-db.cqqfmghbjssw.ap-south-1.rds.amazonaws.com",
            "allocated_storage": 100,
            "allow_major_version_upgrade": null,
            "apply_immediately": false,
            "arn": "arn:aws:rds:ap-south-1:680148267093:db:moz-health-qa-db",
            "auto_minor_version_upgrade": true,
            "availability_zone": "ap-south-1b",
            "backup_retention_period": 7,
            "backup_window": "16:37-17:07",
            "blue_green_update": [],
            "ca_cert_identifier": "rds-ca-2019",
            "character_set_name": "",
            "copy_tags_to_snapshot": true,
            "custom_iam_instance_profile": "",
            "customer_owned_ip_enabled": false,
            "db_name": "mozhealthqa",
            "db_subnet_group_name": "db-subnet-group-moz-health-qa",
            "delete_automated_backups": true,
            "deletion_protection": false,
            "domain": "",
            "domain_iam_role_name": "",
            "enabled_cloudwatch_logs_exports": null,
            "endpoint": "moz-health-qa-db.cqqfmghbjssw.ap-south-1.rds.amazonaws.com:5432",
            "engine": "postgres",
            "engine_version": "11.13",
            "engine_version_actual": "11.13",
            "final_snapshot_identifier": null,
            "hosted_zone_id": "Z2VFMSZA74J7XZ",
            "iam_database_authentication_enabled": false,
            "id": "moz-health-qa-db",
            "identifier": "moz-health-qa-db",
            "identifier_prefix": "",
            "instance_class": "db.t3.medium",
            "iops": 0,
            "kms_key_id": "",
            "latest_restorable_time": "2023-03-25T09:12:54Z",
            "license_model": "postgresql-license",
            "listener_endpoint": [],
            "maintenance_window": "mon:10:51-mon:11:21",
            "max_allocated_storage": 0,
            "monitoring_interval": 0,
            "monitoring_role_arn": "",
            "multi_az": false,
            "name": "mozhealthqa",
            "nchar_character_set_name": "",
            "network_type": "IPV4",
            "option_group_name": "default:postgres-11",
            "parameter_group_name": "default.postgres11",
            "password": "mozhealthqa",
            "performance_insights_enabled": false,
            "performance_insights_kms_key_id": "",
            "performance_insights_retention_period": 0,
            "port": 5432,
            "publicly_accessible": false,
            "replica_mode": "",
            "replicas": [],
            "replicate_source_db": "",
            "resource_id": "db-OAAZB2QER7EIDVERHL3U6E2QNM",
            "restore_to_point_in_time": [],
            "s3_import": [],
            "security_group_names": null,
            "skip_final_snapshot": true,
            "snapshot_identifier": null,
            "status": "available",
            "storage_encrypted": false,
            "storage_throughput": 0,
            "storage_type": "gp2",
            "tags": {
              "Name": "moz-health-qa-db",
              "environment": "moz-health-qa"
            },
            "tags_all": {
              "Name": "moz-health-qa-db",
              "environment": "moz-health-qa"
            },
            "timeouts": null,
            "timezone": "",
            "username": "mozhealthqa",
            "vpc_security_group_ids": [
              "sg-0c83bab6ee83c3ccf"
            ]
          },
          "sensitive_attributes": [],
          "private": "eyJlMmJmYjczMC1lY2FhLTExZTYtOGY4OC0zNDM2M2JjN2M0YzAiOnsiY3JlYXRlIjoyNDAwMDAwMDAwMDAwLCJkZWxldGUiOjM2MDAwMDAwMDAwMDAsInVwZGF0ZSI6NDgwMDAwMDAwMDAwMH0sInNjaGVtYV92ZXJzaW9uIjoiMSJ9",
          "dependencies": [
            "module.db.aws_db_subnet_group.db_subnet_group",
            "module.network.aws_security_group.rds_db_sg",
            "module.network.aws_subnet.private_subnet",
            "module.network.aws_vpc.vpc"
          ]
        }
      ]
    },
    {
      "module": "module.db",
      "mode": "managed",
      "type": "aws_db_subnet_group",
      "name": "db_subnet_group",
      "provider": "provider[\"registry.terraform.io/hashicorp/aws\"]",
      "instances": [
        {
          "schema_version": 0,
          "attributes": {
            "arn": "arn:aws:rds:ap-south-1:680148267093:subgrp:db-subnet-group-moz-health-qa",
            "description": "Managed by Terraform",
            "id": "db-subnet-group-moz-health-qa",
            "name": "db-subnet-group-moz-health-qa",
            "name_prefix": "",
            "subnet_ids": [
              "subnet-01a7f0b7a595daacf",
              "subnet-0fa453f1cb3695cca"
            ],
            "supported_network_types": [
              "IPV4"
            ],
            "tags": {
              "Name": "db-subnet-group-moz-health-qa",
              "environment": "moz-health-qa"
            },
            "tags_all": {
              "Name": "db-subnet-group-moz-health-qa",
              "environment": "moz-health-qa"
            }
          },
          "sensitive_attributes": [],
          "private": "bnVsbA==",
          "dependencies": [
            "module.network.aws_subnet.private_subnet",
            "module.network.aws_vpc.vpc"
          ]
        }
      ]
    },
    {
      "module": "module.eks",
      "mode": "data",
      "type": "aws_ami",
      "name": "eks_worker",
      "provider": "provider[\"registry.terraform.io/hashicorp/aws\"]",
      "instances": [
        {
          "index_key": 0,
          "schema_version": 0,
          "attributes": {
            "architecture": "x86_64",
            "arn": "arn:aws:ec2:ap-south-1::image/ami-0b0a935e750050af4",
            "block_device_mappings": [
              {
                "device_name": "/dev/xvda",
                "ebs": {
                  "delete_on_termination": "true",
                  "encrypted": "false",
                  "iops": "0",
                  "snapshot_id": "snap-0f5a432c71d1b3119",
                  "throughput": "0",
                  "volume_size": "20",
                  "volume_type": "gp2"
                },
                "no_device": "",
                "virtual_name": ""
              }
            ],
            "boot_mode": "",
            "creation_date": "2023-03-05T17:40:32.646Z",
            "deprecation_time": "2025-03-05T17:40:32.646Z",
            "description": "EKS Kubernetes Worker AMI with AmazonLinux2 image, (k8s: 1.22.17, docker: 20.10.17-1.amzn2.0.1, containerd: 1.6.6-1.amzn2.0.2)",
            "ena_support": true,
            "executable_users": null,
            "filter": [
              {
                "name": "name",
                "values": [
                  "amazon-eks-node-1.22-v*"
                ]
              }
            ],
            "hypervisor": "xen",
            "id": "ami-0b0a935e750050af4",
            "image_id": "ami-0b0a935e750050af4",
            "image_location": "amazon/amazon-eks-node-1.22-v20230304",
            "image_owner_alias": "amazon",
            "image_type": "machine",
            "imds_support": "",
            "include_deprecated": false,
            "kernel_id": "",
            "most_recent": true,
            "name": "amazon-eks-node-1.22-v20230304",
            "name_regex": null,
            "owner_id": "602401143452",
            "owners": [
              "amazon"
            ],
            "platform": "",
            "platform_details": "Linux/UNIX",
            "product_codes": [],
            "public": true,
            "ramdisk_id": "",
            "root_device_name": "/dev/xvda",
            "root_device_type": "ebs",
            "root_snapshot_id": "snap-0f5a432c71d1b3119",
            "sriov_net_support": "simple",
            "state": "available",
            "state_reason": {
              "code": "UNSET",
              "message": "UNSET"
            },
            "tags": {},
            "timeouts": null,
            "tpm_support": "",
            "usage_operation": "RunInstances",
            "virtualization_type": "hvm"
          },
          "sensitive_attributes": []
        }
      ]
    },
    {
      "module": "module.eks",
      "mode": "data",
      "type": "aws_caller_identity",
      "name": "current",
      "provider": "provider[\"registry.terraform.io/hashicorp/aws\"]",
      "instances": [
        {
          "schema_version": 0,
          "attributes": {
            "account_id": "680148267093",
            "arn": "arn:aws:iam::680148267093:user/moz-health-cd-user",
            "id": "680148267093",
            "user_id": "AIDAZ4W766BKRCIDKPM5I"
          },
          "sensitive_attributes": []
        }
      ]
    },
    {
      "module": "module.eks",
      "mode": "data",
      "type": "aws_iam_policy_document",
      "name": "cluster_assume_role_policy",
      "provider": "provider[\"registry.terraform.io/hashicorp/aws\"]",
      "instances": [
        {
          "schema_version": 0,
          "attributes": {
            "id": "2764486067",
            "json": "{\n  \"Version\": \"2012-10-17\",\n  \"Statement\": [\n    {\n      \"Sid\": \"EKSClusterAssumeRole\",\n      \"Effect\": \"Allow\",\n      \"Action\": \"sts:AssumeRole\",\n      \"Principal\": {\n        \"Service\": \"eks.amazonaws.com\"\n      }\n    }\n  ]\n}",
            "override_json": null,
            "override_policy_documents": null,
            "policy_id": null,
            "source_json": null,
            "source_policy_documents": null,
            "statement": [
              {
                "actions": [
                  "sts:AssumeRole"
                ],
                "condition": [],
                "effect": "Allow",
                "not_actions": [],
                "not_principals": [],
                "not_resources": [],
                "principals": [
                  {
                    "identifiers": [
                      "eks.amazonaws.com"
                    ],
                    "type": "Service"
                  }
                ],
                "resources": [],
                "sid": "EKSClusterAssumeRole"
              }
            ],
            "version": "2012-10-17"
          },
          "sensitive_attributes": []
        }
      ]
    },
    {
      "module": "module.eks",
      "mode": "data",
      "type": "aws_iam_policy_document",
      "name": "cluster_deny_log_group",
      "provider": "provider[\"registry.terraform.io/hashicorp/aws\"]",
      "instances": [
        {
          "index_key": 0,
          "schema_version": 0,
          "attributes": {
            "id": "2675893060",
            "json": "{\n  \"Version\": \"2012-10-17\",\n  \"Statement\": [\n    {\n      \"Sid\": \"\",\n      \"Effect\": \"Deny\",\n      \"Action\": \"logs:CreateLogGroup\",\n      \"Resource\": \"*\"\n    }\n  ]\n}",
            "override_json": null,
            "override_policy_documents": null,
            "policy_id": null,
            "source_json": null,
            "source_policy_documents": null,
            "statement": [
              {
                "actions": [
                  "logs:CreateLogGroup"
                ],
                "condition": [],
                "effect": "Deny",
                "not_actions": [],
                "not_principals": [],
                "not_resources": [],
                "principals": [],
                "resources": [
                  "*"
                ],
                "sid": ""
              }
            ],
            "version": "2012-10-17"
          },
          "sensitive_attributes": []
        }
      ]
    },
    {
      "module": "module.eks",
      "mode": "data",
      "type": "aws_iam_policy_document",
      "name": "cluster_elb_sl_role_creation",
      "provider": "provider[\"registry.terraform.io/hashicorp/aws\"]",
      "instances": [
        {
          "index_key": 0,
          "schema_version": 0,
          "attributes": {
            "id": "3709839417",
            "json": "{\n  \"Version\": \"2012-10-17\",\n  \"Statement\": [\n    {\n      \"Sid\": \"\",\n      \"Effect\": \"Allow\",\n      \"Action\": [\n        \"ec2:DescribeInternetGateways\",\n        \"ec2:DescribeAddresses\",\n        \"ec2:DescribeAccountAttributes\"\n      ],\n      \"Resource\": \"*\"\n    }\n  ]\n}",
            "override_json": null,
            "override_policy_documents": null,
            "policy_id": null,
            "source_json": null,
            "source_policy_documents": null,
            "statement": [
              {
                "actions": [
                  "ec2:DescribeAccountAttributes",
                  "ec2:DescribeAddresses",
                  "ec2:DescribeInternetGateways"
                ],
                "condition": [],
                "effect": "Allow",
                "not_actions": [],
                "not_principals": [],
                "not_resources": [],
                "principals": [],
                "resources": [
                  "*"
                ],
                "sid": ""
              }
            ],
            "version": "2012-10-17"
          },
          "sensitive_attributes": []
        }
      ]
    },
    {
      "module": "module.eks",
      "mode": "data",
      "type": "aws_iam_policy_document",
      "name": "workers_assume_role_policy",
      "provider": "provider[\"registry.terraform.io/hashicorp/aws\"]",
      "instances": [
        {
          "schema_version": 0,
          "attributes": {
            "id": "3778018924",
            "json": "{\n  \"Version\": \"2012-10-17\",\n  \"Statement\": [\n    {\n      \"Sid\": \"EKSWorkerAssumeRole\",\n      \"Effect\": \"Allow\",\n      \"Action\": \"sts:AssumeRole\",\n      \"Principal\": {\n        \"Service\": \"ec2.amazonaws.com\"\n      }\n    }\n  ]\n}",
            "override_json": null,
            "override_policy_documents": null,
            "policy_id": null,
            "source_json": null,
            "source_policy_documents": null,
            "statement": [
              {
                "actions": [
                  "sts:AssumeRole"
                ],
                "condition": [],
                "effect": "Allow",
                "not_actions": [],
                "not_principals": [],
                "not_resources": [],
                "principals": [
                  {
                    "identifiers": [
                      "ec2.amazonaws.com"
                    ],
                    "type": "Service"
                  }
                ],
                "resources": [],
                "sid": "EKSWorkerAssumeRole"
              }
            ],
            "version": "2012-10-17"
          },
          "sensitive_attributes": []
        }
      ]
    },
    {
      "module": "module.eks",
      "mode": "data",
      "type": "aws_partition",
      "name": "current",
      "provider": "provider[\"registry.terraform.io/hashicorp/aws\"]",
      "instances": [
        {
          "schema_version": 0,
          "attributes": {
            "dns_suffix": "amazonaws.com",
            "id": "aws",
            "partition": "aws",
            "reverse_dns_prefix": "com.amazonaws"
          },
          "sensitive_attributes": []
        }
      ]
    },
    {
      "module": "module.eks",
      "mode": "data",
      "type": "http",
      "name": "wait_for_cluster",
      "provider": "provider[\"registry.terraform.io/terraform-aws-modules/http\"]",
      "instances": [
        {
          "index_key": 0,
          "schema_version": 0,
          "attributes": {
            "body": "ok",
            "ca_certificate": "-----BEGIN CERTIFICATE-----\nMIIC/jCCAeagAwIBAgIBADANBgkqhkiG9w0BAQsFADAVMRMwEQYDVQQDEwprdWJl\ncm5ldGVzMB4XDTIzMDMyNTA5MTMzNFoXDTMzMDMyMjA5MTMzNFowFTETMBEGA1UE\nAxMKa3ViZXJuZXRlczCCASIwDQYJKoZIhvcNAQEBBQADggEPADCCAQoCggEBAOUt\nBrsBKXjhjCw0Z92VM0Pfepim4zxKAEB+cj+RJCknafvYuKsCfRG06L2GWZSp7Ogt\n/ge5DWeCTg7d98uBHpe5+N44kegAbyCHe9E81uDy9dD+hpC/xKh28BaBGKCAwPjX\nHrcMtUmW5NyLx25Qvd2WXt8jxX9zTEzLMLGctI/nec9VGxveYGdPqMq0xeUBrI98\nvMUiLJ9FnnX9ktfO1lDEvRU9HsX3tjYb/GT3I6vzAnw/C5/rw9ImeSvfe6ZNN1U0\n5/XZoRrJz5tL+zeQcxwhDuRT96o4g3sTT6nCKjMGL6/Il9ggNnPxpgXV0LKK/h50\nyr1XPIvERNVoYZUto7sCAwEAAaNZMFcwDgYDVR0PAQH/BAQDAgKkMA8GA1UdEwEB\n/wQFMAMBAf8wHQYDVR0OBBYEFN5HOC33XiiRVgcCIsbr+8aSwaRBMBUGA1UdEQQO\nMAyCCmt1YmVybmV0ZXMwDQYJKoZIhvcNAQELBQADggEBAEGQ58PQY+MlcdOyCbDy\n9xJwSG0L6d/UIo/rcR5Pw9GtGYXaK+oX7L5i0bQuRijIzzVo6RIZ+C3rejPqrvkv\nsuAX2MPw45+Z+h2qyAEqTGIEge5ZtV3mZmLbAjajtK59eQOjcBxY9YPEa7sJocce\n415MwsW/o7XdZGAG8Y0sjez8fNTnf5RD/U0Co+V32Je4cHDs/77aMWOIv/NfEVZq\nT4Dctn4BqjBzqRvF7YC7OL3pBg8Td/WmbR7kK5DWS1Maqz12T8/iBZDcy2zUv7gV\nTxvjrEkNwQnq5N1QDdBFvx6TvMARK2iuOzAkGfEfRhsi+im1ExYFnRnKofRsHH99\nYAM=\n-----END CERTIFICATE-----\n",
            "id": "https://80CF42E0DAA992735D2FF7DD82E3875A.yl4.ap-south-1.eks.amazonaws.com/healthz",
            "insecure": false,
            "request_headers": null,
            "response_headers": {
              "Audit-Id": "b359c4d7-b4a5-43ad-8daf-e5067b0edf46",
              "Cache-Control": "no-cache, private",
              "Content-Length": "2",
              "Content-Type": "text/plain; charset=utf-8",
              "Date": "Sat, 25 Mar 2023 09:23:25 GMT",
              "X-Content-Type-Options": "nosniff",
              "X-Kubernetes-Pf-Flowschema-Uid": "44cba9d8-0c73-4679-b7ed-3a4090761978",
              "X-Kubernetes-Pf-Prioritylevel-Uid": "9fe31620-8343-4050-8b29-1717fe17fa49"
            },
            "timeout": 300,
            "url": "https://80CF42E0DAA992735D2FF7DD82E3875A.yl4.ap-south-1.eks.amazonaws.com/healthz"
          },
          "sensitive_attributes": []
        }
      ]
    },
    {
      "module": "module.eks",
      "mode": "managed",
      "type": "aws_autoscaling_group",
      "name": "workers",
      "provider": "provider[\"registry.terraform.io/hashicorp/aws\"]",
      "instances": [
        {
          "index_key": 0,
          "schema_version": 0,
          "attributes": {
            "arn": "arn:aws:autoscaling:ap-south-1:680148267093:autoScalingGroup:63f33d81-e92a-48fd-9c0d-75cc8b94cf5b:autoScalingGroupName/moz-health-qa-spot2023032509234138130000001e",
            "availability_zones": [
              "ap-south-1b"
            ],
            "capacity_rebalance": false,
            "context": "",
            "default_cooldown": 300,
            "default_instance_warmup": 0,
            "desired_capacity": 5,
            "desired_capacity_type": "",
            "enabled_metrics": null,
            "force_delete": false,
            "force_delete_warm_pool": false,
            "health_check_grace_period": 300,
            "health_check_type": "EC2",
            "id": "moz-health-qa-spot2023032509234138130000001e",
            "initial_lifecycle_hook": [],
            "instance_refresh": [],
            "launch_configuration": "moz-health-qa-spot2023032509232886660000001d",
            "launch_template": [],
            "load_balancers": null,
            "max_instance_lifetime": 0,
            "max_size": 5,
            "metrics_granularity": "1Minute",
            "min_elb_capacity": null,
            "min_size": 1,
            "mixed_instances_policy": [],
            "name": "moz-health-qa-spot2023032509234138130000001e",
            "name_prefix": "moz-health-qa-spot",
            "placement_group": "",
            "protect_from_scale_in": false,
            "service_linked_role_arn": "arn:aws:iam::680148267093:role/aws-service-role/autoscaling.amazonaws.com/AWSServiceRoleForAutoScaling",
            "suspended_processes": [
              "AZRebalance"
            ],
            "tag": [
              {
                "key": "KubernetesCluster",
                "propagate_at_launch": true,
                "value": "moz-health-qa"
              },
              {
                "key": "Name",
                "propagate_at_launch": true,
                "value": "moz-health-qa-spot-eks_asg"
              },
              {
                "key": "k8s.io/cluster/moz-health-qa",
                "propagate_at_launch": true,
                "value": "owned"
              },
              {
                "key": "kubernetes.io/cluster/moz-health-qa",
                "propagate_at_launch": true,
                "value": "owned"
              }
            ],
            "tags": null,
            "target_group_arns": null,
            "termination_policies": [],
            "timeouts": null,
            "vpc_zone_identifier": [
              "subnet-0fa453f1cb3695cca"
            ],
            "wait_for_capacity_timeout": "10m",
            "wait_for_elb_capacity": null,
            "warm_pool": []
          },
          "sensitive_attributes": [],
          "private": "eyJlMmJmYjczMC1lY2FhLTExZTYtOGY4OC0zNDM2M2JjN2M0YzAiOnsiZGVsZXRlIjo2MDAwMDAwMDAwMDAsInVwZGF0ZSI6NjAwMDAwMDAwMDAwfX0=",
          "dependencies": [
            "module.eks.aws_cloudwatch_log_group.this",
            "module.eks.aws_eks_cluster.this",
            "module.eks.aws_iam_instance_profile.workers",
            "module.eks.aws_iam_role.cluster",
            "module.eks.aws_iam_role.workers",
            "module.eks.aws_iam_role_policy_attachment.cluster_AmazonEKSClusterPolicy",
            "module.eks.aws_iam_role_policy_attachment.cluster_AmazonEKSServicePolicy",
            "module.eks.aws_iam_role_policy_attachment.cluster_AmazonEKSVPCResourceControllerPolicy",
            "module.eks.aws_iam_role_policy_attachment.workers_AmazonEC2ContainerRegistryReadOnly",
            "module.eks.aws_iam_role_policy_attachment.workers_AmazonEKSWorkerNodePolicy",
            "module.eks.aws_iam_role_policy_attachment.workers_AmazonEKS_CNI_Policy",
            "module.eks.aws_iam_role_policy_attachment.workers_additional_policies",
            "module.eks.aws_launch_configuration.workers",
            "module.eks.aws_security_group.cluster",
            "module.eks.aws_security_group.workers",
            "module.eks.aws_security_group_rule.cluster_egress_internet",
            "module.eks.aws_security_group_rule.cluster_https_worker_ingress",
            "module.eks.aws_security_group_rule.cluster_primary_ingress_workers",
            "module.eks.aws_security_group_rule.workers_egress_internet",
            "module.eks.aws_security_group_rule.workers_ingress_cluster",
            "module.eks.aws_security_group_rule.workers_ingress_cluster_https",
            "module.eks.aws_security_group_rule.workers_ingress_cluster_kubelet",
            "module.eks.aws_security_group_rule.workers_ingress_cluster_primary",
            "module.eks.aws_security_group_rule.workers_ingress_self",
            "module.eks.data.aws_ami.eks_worker",
            "module.eks.data.aws_ami.eks_worker_windows",
            "module.eks.data.aws_iam_instance_profile.custom_worker_group_iam_instance_profile",
            "module.eks.data.aws_iam_policy_document.cluster_assume_role_policy",
            "module.eks.data.aws_iam_policy_document.workers_assume_role_policy",
            "module.eks.data.aws_iam_role.custom_cluster_iam_role",
            "module.eks.data.aws_partition.current",
            "module.network.aws_security_group.worker_nodes_sg",
            "module.network.aws_subnet.private_subnet",
            "module.network.aws_subnet.public_subnet",
            "module.network.aws_vpc.vpc"
          ],
          "create_before_destroy": true
        }
      ]
    },
    {
      "module": "module.eks",
      "mode": "managed",
      "type": "aws_eks_cluster",
      "name": "this",
      "provider": "provider[\"registry.terraform.io/hashicorp/aws\"]",
      "instances": [
        {
          "index_key": 0,
          "schema_version": 0,
          "attributes": {
            "arn": "arn:aws:eks:ap-south-1:680148267093:cluster/moz-health-qa",
            "certificate_authority": [
              {
                "data": "LS0tLS1CRUdJTiBDRVJUSUZJQ0FURS0tLS0tCk1JSUMvakNDQWVhZ0F3SUJBZ0lCQURBTkJna3Foa2lHOXcwQkFRc0ZBREFWTVJNd0VRWURWUVFERXdwcmRXSmwKY201bGRHVnpNQjRYRFRJek1ETXlOVEE1TVRNek5Gb1hEVE16TURNeU1qQTVNVE16TkZvd0ZURVRNQkVHQTFVRQpBeE1LYTNWaVpYSnVaWFJsY3pDQ0FTSXdEUVlKS29aSWh2Y05BUUVCQlFBRGdnRVBBRENDQVFvQ2dnRUJBT1V0CkJyc0JLWGpoakN3MFo5MlZNMFBmZXBpbTR6eEtBRUIrY2orUkpDa25hZnZZdUtzQ2ZSRzA2TDJHV1pTcDdPZ3QKL2dlNURXZUNUZzdkOTh1QkhwZTUrTjQ0a2VnQWJ5Q0hlOUU4MXVEeTlkRCtocEMveEtoMjhCYUJHS0NBd1BqWApIcmNNdFVtVzVOeUx4MjVRdmQyV1h0OGp4WDl6VEV6TE1MR2N0SS9uZWM5Vkd4dmVZR2RQcU1xMHhlVUJySTk4CnZNVWlMSjlGbm5YOWt0Zk8xbERFdlJVOUhzWDN0alliL0dUM0k2dnpBbncvQzUvcnc5SW1lU3ZmZTZaTk4xVTAKNS9YWm9Sckp6NXRMK3plUWN4d2hEdVJUOTZvNGczc1RUNm5DS2pNR0w2L0lsOWdnTm5QeHBnWFYwTEtLL2g1MAp5cjFYUEl2RVJOVm9ZWlV0bzdzQ0F3RUFBYU5aTUZjd0RnWURWUjBQQVFIL0JBUURBZ0trTUE4R0ExVWRFd0VCCi93UUZNQU1CQWY4d0hRWURWUjBPQkJZRUZONUhPQzMzWGlpUlZnY0NJc2JyKzhhU3dhUkJNQlVHQTFVZEVRUU8KTUF5Q0NtdDFZbVZ5Ym1WMFpYTXdEUVlKS29aSWh2Y05BUUVMQlFBRGdnRUJBRUdRNThQUVkrTWxjZE95Q2JEeQo5eEp3U0cwTDZkL1VJby9yY1I1UHc5R3RHWVhhSytvWDdMNWkwYlF1UmlqSXp6Vm82UklaK0MzcmVqUHFydmt2CnN1QVgyTVB3NDUrWitoMnF5QUVxVEdJRWdlNVp0VjNtWm1MYkFqYWp0SzU5ZVFPamNCeFk5WVBFYTdzSm9jY2UKNDE1TXdzVy9vN1hkWkdBRzhZMHNqZXo4Zk5UbmY1UkQvVTBDbytWMzJKZTRjSERzLzc3YU1XT0l2L05mRVZacQpUNERjdG40QnFqQnpxUnZGN1lDN09MM3BCZzhUZC9XbWJSN2tLNURXUzFNYXF6MTJUOC9pQlpEY3kyelV2N2dWClR4dmpyRWtOd1FucTVOMVFEZEJGdng2VHZNQVJLMml1T3pBa0dmRWZSaHNpK2ltMUV4WUZuUm5Lb2ZSc0hIOTkKWUFNPQotLS0tLUVORCBDRVJUSUZJQ0FURS0tLS0tCg=="
              }
            ],
            "cluster_id": null,
            "created_at": "2023-03-25 09:08:51.975 +0000 UTC",
            "enabled_cluster_log_types": null,
            "encryption_config": [],
            "endpoint": "https://80CF42E0DAA992735D2FF7DD82E3875A.yl4.ap-south-1.eks.amazonaws.com",
            "id": "moz-health-qa",
            "identity": [
              {
                "oidc": [
                  {
                    "issuer": "https://oidc.eks.ap-south-1.amazonaws.com/id/80CF42E0DAA992735D2FF7DD82E3875A"
                  }
                ]
              }
            ],
            "kubernetes_network_config": [
              {
                "ip_family": "ipv4",
                "service_ipv4_cidr": "10.100.0.0/16",
                "service_ipv6_cidr": ""
              }
            ],
            "name": "moz-health-qa",
            "outpost_config": [],
            "platform_version": "eks.10",
            "role_arn": "arn:aws:iam::680148267093:role/moz-health-qa20230325090835177400000009",
            "status": "ACTIVE",
            "tags": {
              "KubernetesCluster": "moz-health-qa",
              "kubernetes.io/cluster/moz-health-qa": "owned"
            },
            "tags_all": {
              "KubernetesCluster": "moz-health-qa",
              "kubernetes.io/cluster/moz-health-qa": "owned"
            },
            "timeouts": {
              "create": "30m",
              "delete": "15m",
              "update": "60m"
            },
            "version": "1.22",
            "vpc_config": [
              {
                "cluster_security_group_id": "sg-021d7a7f90884f8e0",
                "endpoint_private_access": false,
                "endpoint_public_access": true,
                "public_access_cidrs": [
                  "0.0.0.0/0"
                ],
                "security_group_ids": [
                  "sg-0c84db9e0ac08dc8a"
                ],
                "subnet_ids": [
                  "subnet-01a7f0b7a595daacf",
                  "subnet-02d7ec32d787715fd",
                  "subnet-0aa36ae93fc7ef537",
                  "subnet-0fa453f1cb3695cca"
                ],
                "vpc_id": "vpc-03321ad8ddc3ec8e9"
              }
            ]
          },
          "sensitive_attributes": [],
          "private": "eyJlMmJmYjczMC1lY2FhLTExZTYtOGY4OC0zNDM2M2JjN2M0YzAiOnsiY3JlYXRlIjoxODAwMDAwMDAwMDAwLCJkZWxldGUiOjkwMDAwMDAwMDAwMCwidXBkYXRlIjozNjAwMDAwMDAwMDAwfX0=",
          "dependencies": [
            "module.eks.aws_cloudwatch_log_group.this",
            "module.eks.aws_iam_role.cluster",
            "module.eks.aws_iam_role_policy_attachment.cluster_AmazonEKSClusterPolicy",
            "module.eks.aws_iam_role_policy_attachment.cluster_AmazonEKSServicePolicy",
            "module.eks.aws_iam_role_policy_attachment.cluster_AmazonEKSVPCResourceControllerPolicy",
            "module.eks.aws_security_group.cluster",
            "module.eks.aws_security_group.workers",
            "module.eks.aws_security_group_rule.cluster_egress_internet",
            "module.eks.aws_security_group_rule.cluster_https_worker_ingress",
            "module.eks.data.aws_iam_policy_document.cluster_assume_role_policy",
            "module.eks.data.aws_iam_role.custom_cluster_iam_role",
            "module.eks.data.aws_partition.current",
            "module.network.aws_subnet.private_subnet",
            "module.network.aws_subnet.public_subnet",
            "module.network.aws_vpc.vpc"
          ],
          "create_before_destroy": true
        }
      ]
    },
    {
      "module": "module.eks",
      "mode": "managed",
      "type": "aws_iam_instance_profile",
      "name": "workers",
      "provider": "provider[\"registry.terraform.io/hashicorp/aws\"]",
      "instances": [
        {
          "index_key": 0,
          "schema_version": 0,
          "attributes": {
            "arn": "arn:aws:iam::680148267093:instance-profile/moz-health-qa20230325092327106100000019",
            "create_date": "2023-03-25T09:23:27Z",
            "id": "moz-health-qa20230325092327106100000019",
            "name": "moz-health-qa20230325092327106100000019",
            "name_prefix": "moz-health-qa",
            "path": "/",
            "role": "moz-health-qa20230325092325274000000018",
            "tags": {
              "KubernetesCluster": "moz-health-qa",
              "kubernetes.io/cluster/moz-health-qa": "owned"
            },
            "tags_all": {
              "KubernetesCluster": "moz-health-qa",
              "kubernetes.io/cluster/moz-health-qa": "owned"
            },
            "unique_id": "AIPAZ4W766BK3G7EXKWLH"
          },
          "sensitive_attributes": [],
          "private": "bnVsbA==",
          "dependencies": [
            "module.eks.aws_cloudwatch_log_group.this",
            "module.eks.aws_eks_cluster.this",
            "module.eks.aws_iam_role.cluster",
            "module.eks.aws_iam_role.workers",
            "module.eks.aws_iam_role_policy_attachment.cluster_AmazonEKSClusterPolicy",
            "module.eks.aws_iam_role_policy_attachment.cluster_AmazonEKSServicePolicy",
            "module.eks.aws_iam_role_policy_attachment.cluster_AmazonEKSVPCResourceControllerPolicy",
            "module.eks.aws_security_group.cluster",
            "module.eks.aws_security_group.workers",
            "module.eks.aws_security_group_rule.cluster_egress_internet",
            "module.eks.aws_security_group_rule.cluster_https_worker_ingress",
            "module.eks.data.aws_iam_policy_document.cluster_assume_role_policy",
            "module.eks.data.aws_iam_policy_document.workers_assume_role_policy",
            "module.eks.data.aws_iam_role.custom_cluster_iam_role",
            "module.eks.data.aws_partition.current",
            "module.network.aws_security_group.worker_nodes_sg",
            "module.network.aws_subnet.private_subnet",
            "module.network.aws_subnet.public_subnet",
            "module.network.aws_vpc.vpc"
          ],
          "create_before_destroy": true
        }
      ]
    },
    {
      "module": "module.eks",
      "mode": "managed",
      "type": "aws_iam_policy",
      "name": "cluster_deny_log_group",
      "provider": "provider[\"registry.terraform.io/hashicorp/aws\"]",
      "instances": [
        {
          "index_key": 0,
          "schema_version": 0,
          "attributes": {
            "arn": "arn:aws:iam::680148267093:policy/moz-health-qa-deny-log-group20230325090835176300000008",
            "description": "Deny CreateLogGroup",
            "id": "arn:aws:iam::680148267093:policy/moz-health-qa-deny-log-group20230325090835176300000008",
            "name": "moz-health-qa-deny-log-group20230325090835176300000008",
            "name_prefix": "moz-health-qa-deny-log-group",
            "path": "/",
            "policy": "{\"Statement\":[{\"Action\":\"logs:CreateLogGroup\",\"Effect\":\"Deny\",\"Resource\":\"*\",\"Sid\":\"\"}],\"Version\":\"2012-10-17\"}",
            "policy_id": "ANPAZ4W766BKWFAMOF6R6",
            "tags": {
              "KubernetesCluster": "moz-health-qa",
              "kubernetes.io/cluster/moz-health-qa": "owned"
            },
            "tags_all": {
              "KubernetesCluster": "moz-health-qa",
              "kubernetes.io/cluster/moz-health-qa": "owned"
            }
          },
          "sensitive_attributes": [],
          "private": "bnVsbA==",
          "dependencies": [
            "module.eks.data.aws_iam_policy_document.cluster_deny_log_group"
          ]
        }
      ]
    },
    {
      "module": "module.eks",
      "mode": "managed",
      "type": "aws_iam_policy",
      "name": "cluster_elb_sl_role_creation",
      "provider": "provider[\"registry.terraform.io/hashicorp/aws\"]",
      "instances": [
        {
          "index_key": 0,
          "schema_version": 0,
          "attributes": {
            "arn": "arn:aws:iam::680148267093:policy/moz-health-qa-elb-sl-role-creation20230325090835175500000006",
            "description": "Permissions for EKS to create AWSServiceRoleForElasticLoadBalancing service-linked role",
            "id": "arn:aws:iam::680148267093:policy/moz-health-qa-elb-sl-role-creation20230325090835175500000006",
            "name": "moz-health-qa-elb-sl-role-creation20230325090835175500000006",
            "name_prefix": "moz-health-qa-elb-sl-role-creation",
            "path": "/",
            "policy": "{\"Statement\":[{\"Action\":[\"ec2:DescribeInternetGateways\",\"ec2:DescribeAddresses\",\"ec2:DescribeAccountAttributes\"],\"Effect\":\"Allow\",\"Resource\":\"*\",\"Sid\":\"\"}],\"Version\":\"2012-10-17\"}",
            "policy_id": "ANPAZ4W766BK2UQJO4SUW",
            "tags": {
              "KubernetesCluster": "moz-health-qa",
              "kubernetes.io/cluster/moz-health-qa": "owned"
            },
            "tags_all": {
              "KubernetesCluster": "moz-health-qa",
              "kubernetes.io/cluster/moz-health-qa": "owned"
            }
          },
          "sensitive_attributes": [],
          "private": "bnVsbA==",
          "dependencies": [
            "module.eks.data.aws_iam_policy_document.cluster_elb_sl_role_creation"
          ]
        }
      ]
    },
    {
      "module": "module.eks",
      "mode": "managed",
      "type": "aws_iam_role",
      "name": "cluster",
      "provider": "provider[\"registry.terraform.io/hashicorp/aws\"]",
      "instances": [
        {
          "index_key": 0,
          "schema_version": 0,
          "attributes": {
            "arn": "arn:aws:iam::680148267093:role/moz-health-qa20230325090835177400000009",
            "assume_role_policy": "{\"Statement\":[{\"Action\":\"sts:AssumeRole\",\"Effect\":\"Allow\",\"Principal\":{\"Service\":\"eks.amazonaws.com\"},\"Sid\":\"EKSClusterAssumeRole\"}],\"Version\":\"2012-10-17\"}",
            "create_date": "2023-03-25T09:08:36Z",
            "description": "",
            "force_detach_policies": true,
            "id": "moz-health-qa20230325090835177400000009",
            "inline_policy": [],
            "managed_policy_arns": [],
            "max_session_duration": 3600,
            "name": "moz-health-qa20230325090835177400000009",
            "name_prefix": "moz-health-qa",
            "path": "/",
            "permissions_boundary": null,
            "tags": {
              "KubernetesCluster": "moz-health-qa",
              "kubernetes.io/cluster/moz-health-qa": "owned"
            },
            "tags_all": {
              "KubernetesCluster": "moz-health-qa",
              "kubernetes.io/cluster/moz-health-qa": "owned"
            },
            "unique_id": "AROAZ4W766BK67VUVAUSY"
          },
          "sensitive_attributes": [],
          "private": "bnVsbA==",
          "dependencies": [
            "module.eks.data.aws_iam_policy_document.cluster_assume_role_policy"
          ],
          "create_before_destroy": true
        }
      ]
    },
    {
      "module": "module.eks",
      "mode": "managed",
      "type": "aws_iam_role",
      "name": "workers",
      "provider": "provider[\"registry.terraform.io/hashicorp/aws\"]",
      "instances": [
        {
          "index_key": 0,
          "schema_version": 0,
          "attributes": {
            "arn": "arn:aws:iam::680148267093:role/moz-health-qa20230325092325274000000018",
            "assume_role_policy": "{\"Statement\":[{\"Action\":\"sts:AssumeRole\",\"Effect\":\"Allow\",\"Principal\":{\"Service\":\"ec2.amazonaws.com\"},\"Sid\":\"EKSWorkerAssumeRole\"}],\"Version\":\"2012-10-17\"}",
            "create_date": "2023-03-25T09:23:26Z",
            "description": "",
            "force_detach_policies": true,
            "id": "moz-health-qa20230325092325274000000018",
            "inline_policy": [],
            "managed_policy_arns": [],
            "max_session_duration": 3600,
            "name": "moz-health-qa20230325092325274000000018",
            "name_prefix": "moz-health-qa",
            "path": "/",
            "permissions_boundary": null,
            "tags": {
              "KubernetesCluster": "moz-health-qa",
              "kubernetes.io/cluster/moz-health-qa": "owned"
            },
            "tags_all": {
              "KubernetesCluster": "moz-health-qa",
              "kubernetes.io/cluster/moz-health-qa": "owned"
            },
            "unique_id": "AROAZ4W766BK745ADGUEK"
          },
          "sensitive_attributes": [],
          "private": "bnVsbA==",
          "dependencies": [
            "module.eks.aws_cloudwatch_log_group.this",
            "module.eks.aws_eks_cluster.this",
            "module.eks.aws_iam_role.cluster",
            "module.eks.aws_iam_role_policy_attachment.cluster_AmazonEKSClusterPolicy",
            "module.eks.aws_iam_role_policy_attachment.cluster_AmazonEKSServicePolicy",
            "module.eks.aws_iam_role_policy_attachment.cluster_AmazonEKSVPCResourceControllerPolicy",
            "module.eks.aws_security_group.cluster",
            "module.eks.aws_security_group.workers",
            "module.eks.aws_security_group_rule.cluster_egress_internet",
            "module.eks.aws_security_group_rule.cluster_https_worker_ingress",
            "module.eks.data.aws_iam_policy_document.cluster_assume_role_policy",
            "module.eks.data.aws_iam_policy_document.workers_assume_role_policy",
            "module.eks.data.aws_iam_role.custom_cluster_iam_role",
            "module.eks.data.aws_partition.current",
            "module.network.aws_subnet.private_subnet",
            "module.network.aws_subnet.public_subnet",
            "module.network.aws_vpc.vpc"
          ],
          "create_before_destroy": true
        }
      ]
    },
    {
      "module": "module.eks",
      "mode": "managed",
      "type": "aws_iam_role_policy_attachment",
      "name": "cluster_AmazonEKSClusterPolicy",
      "provider": "provider[\"registry.terraform.io/hashicorp/aws\"]",
      "instances": [
        {
          "index_key": 0,
          "schema_version": 0,
          "attributes": {
            "id": "moz-health-qa20230325090835177400000009-20230325090846521500000014",
            "policy_arn": "arn:aws:iam::aws:policy/AmazonEKSClusterPolicy",
            "role": "moz-health-qa20230325090835177400000009"
          },
          "sensitive_attributes": [],
          "private": "bnVsbA==",
          "dependencies": [
            "module.eks.aws_iam_role.cluster",
            "module.eks.data.aws_iam_policy_document.cluster_assume_role_policy",
            "module.eks.data.aws_partition.current"
          ],
          "create_before_destroy": true
        }
      ]
    },
    {
      "module": "module.eks",
      "mode": "managed",
      "type": "aws_iam_role_policy_attachment",
      "name": "cluster_AmazonEKSServicePolicy",
      "provider": "provider[\"registry.terraform.io/hashicorp/aws\"]",
      "instances": [
        {
          "index_key": 0,
          "schema_version": 0,
          "attributes": {
            "id": "moz-health-qa20230325090835177400000009-20230325090845999500000012",
            "policy_arn": "arn:aws:iam::aws:policy/AmazonEKSServicePolicy",
            "role": "moz-health-qa20230325090835177400000009"
          },
          "sensitive_attributes": [],
          "private": "bnVsbA==",
          "dependencies": [
            "module.eks.aws_iam_role.cluster",
            "module.eks.data.aws_iam_policy_document.cluster_assume_role_policy",
            "module.eks.data.aws_partition.current"
          ],
          "create_before_destroy": true
        }
      ]
    },
    {
      "module": "module.eks",
      "mode": "managed",
      "type": "aws_iam_role_policy_attachment",
      "name": "cluster_AmazonEKSVPCResourceControllerPolicy",
      "provider": "provider[\"registry.terraform.io/hashicorp/aws\"]",
      "instances": [
        {
          "index_key": 0,
          "schema_version": 0,
          "attributes": {
            "id": "moz-health-qa20230325090835177400000009-20230325090846489400000013",
            "policy_arn": "arn:aws:iam::aws:policy/AmazonEKSVPCResourceController",
            "role": "moz-health-qa20230325090835177400000009"
          },
          "sensitive_attributes": [],
          "private": "bnVsbA==",
          "dependencies": [
            "module.eks.aws_iam_role.cluster",
            "module.eks.data.aws_iam_policy_document.cluster_assume_role_policy",
            "module.eks.data.aws_partition.current"
          ],
          "create_before_destroy": true
        }
      ]
    },
    {
      "module": "module.eks",
      "mode": "managed",
      "type": "aws_iam_role_policy_attachment",
      "name": "cluster_deny_log_group",
      "provider": "provider[\"registry.terraform.io/hashicorp/aws\"]",
      "instances": [
        {
          "index_key": 0,
          "schema_version": 0,
          "attributes": {
            "id": "moz-health-qa20230325090835177400000009-20230325090845986600000010",
            "policy_arn": "arn:aws:iam::680148267093:policy/moz-health-qa-deny-log-group20230325090835176300000008",
            "role": "moz-health-qa20230325090835177400000009"
          },
          "sensitive_attributes": [],
          "private": "bnVsbA==",
          "dependencies": [
            "module.eks.aws_iam_policy.cluster_deny_log_group",
            "module.eks.aws_iam_role.cluster",
            "module.eks.data.aws_iam_policy_document.cluster_assume_role_policy",
            "module.eks.data.aws_iam_policy_document.cluster_deny_log_group"
          ]
        }
      ]
    },
    {
      "module": "module.eks",
      "mode": "managed",
      "type": "aws_iam_role_policy_attachment",
      "name": "cluster_elb_sl_role_creation",
      "provider": "provider[\"registry.terraform.io/hashicorp/aws\"]",
      "instances": [
        {
          "index_key": 0,
          "schema_version": 0,
          "attributes": {
            "id": "moz-health-qa20230325090835177400000009-20230325090845988700000011",
            "policy_arn": "arn:aws:iam::680148267093:policy/moz-health-qa-elb-sl-role-creation20230325090835175500000006",
            "role": "moz-health-qa20230325090835177400000009"
          },
          "sensitive_attributes": [],
          "private": "bnVsbA==",
          "dependencies": [
            "module.eks.aws_iam_policy.cluster_elb_sl_role_creation",
            "module.eks.aws_iam_role.cluster",
            "module.eks.data.aws_iam_policy_document.cluster_assume_role_policy",
            "module.eks.data.aws_iam_policy_document.cluster_elb_sl_role_creation"
          ]
        }
      ]
    },
    {
      "module": "module.eks",
      "mode": "managed",
      "type": "aws_iam_role_policy_attachment",
      "name": "workers_AmazonEC2ContainerRegistryReadOnly",
      "provider": "provider[\"registry.terraform.io/hashicorp/aws\"]",
      "instances": [
        {
          "index_key": 0,
          "schema_version": 0,
          "attributes": {
            "id": "moz-health-qa20230325092325274000000018-2023032509232736000000001a",
            "policy_arn": "arn:aws:iam::aws:policy/AmazonEC2ContainerRegistryReadOnly",
            "role": "moz-health-qa20230325092325274000000018"
          },
          "sensitive_attributes": [],
          "private": "bnVsbA==",
          "dependencies": [
            "module.eks.aws_cloudwatch_log_group.this",
            "module.eks.aws_eks_cluster.this",
            "module.eks.aws_iam_role.cluster",
            "module.eks.aws_iam_role.workers",
            "module.eks.aws_iam_role_policy_attachment.cluster_AmazonEKSClusterPolicy",
            "module.eks.aws_iam_role_policy_attachment.cluster_AmazonEKSServicePolicy",
            "module.eks.aws_iam_role_policy_attachment.cluster_AmazonEKSVPCResourceControllerPolicy",
            "module.eks.aws_security_group.cluster",
            "module.eks.aws_security_group.workers",
            "module.eks.aws_security_group_rule.cluster_egress_internet",
            "module.eks.aws_security_group_rule.cluster_https_worker_ingress",
            "module.eks.data.aws_iam_policy_document.cluster_assume_role_policy",
            "module.eks.data.aws_iam_policy_document.workers_assume_role_policy",
            "module.eks.data.aws_iam_role.custom_cluster_iam_role",
            "module.eks.data.aws_partition.current",
            "module.network.aws_subnet.private_subnet",
            "module.network.aws_subnet.public_subnet",
            "module.network.aws_vpc.vpc"
          ],
          "create_before_destroy": true
        }
      ]
    },
    {
      "module": "module.eks",
      "mode": "managed",
      "type": "aws_iam_role_policy_attachment",
      "name": "workers_AmazonEKSWorkerNodePolicy",
      "provider": "provider[\"registry.terraform.io/hashicorp/aws\"]",
      "instances": [
        {
          "index_key": 0,
          "schema_version": 0,
          "attributes": {
            "id": "moz-health-qa20230325092325274000000018-2023032509232761450000001b",
            "policy_arn": "arn:aws:iam::aws:policy/AmazonEKSWorkerNodePolicy",
            "role": "moz-health-qa20230325092325274000000018"
          },
          "sensitive_attributes": [],
          "private": "bnVsbA==",
          "dependencies": [
            "module.eks.aws_cloudwatch_log_group.this",
            "module.eks.aws_eks_cluster.this",
            "module.eks.aws_iam_role.cluster",
            "module.eks.aws_iam_role.workers",
            "module.eks.aws_iam_role_policy_attachment.cluster_AmazonEKSClusterPolicy",
            "module.eks.aws_iam_role_policy_attachment.cluster_AmazonEKSServicePolicy",
            "module.eks.aws_iam_role_policy_attachment.cluster_AmazonEKSVPCResourceControllerPolicy",
            "module.eks.aws_security_group.cluster",
            "module.eks.aws_security_group.workers",
            "module.eks.aws_security_group_rule.cluster_egress_internet",
            "module.eks.aws_security_group_rule.cluster_https_worker_ingress",
            "module.eks.data.aws_iam_policy_document.cluster_assume_role_policy",
            "module.eks.data.aws_iam_policy_document.workers_assume_role_policy",
            "module.eks.data.aws_iam_role.custom_cluster_iam_role",
            "module.eks.data.aws_partition.current",
            "module.network.aws_subnet.private_subnet",
            "module.network.aws_subnet.public_subnet",
            "module.network.aws_vpc.vpc"
          ],
          "create_before_destroy": true
        }
      ]
    },
    {
      "module": "module.eks",
      "mode": "managed",
      "type": "aws_iam_role_policy_attachment",
      "name": "workers_AmazonEKS_CNI_Policy",
      "provider": "provider[\"registry.terraform.io/hashicorp/aws\"]",
      "instances": [
        {
          "index_key": 0,
          "schema_version": 0,
          "attributes": {
            "id": "moz-health-qa20230325092325274000000018-2023032509232787820000001c",
            "policy_arn": "arn:aws:iam::aws:policy/AmazonEKS_CNI_Policy",
            "role": "moz-health-qa20230325092325274000000018"
          },
          "sensitive_attributes": [],
          "private": "bnVsbA==",
          "dependencies": [
            "module.eks.aws_cloudwatch_log_group.this",
            "module.eks.aws_eks_cluster.this",
            "module.eks.aws_iam_role.cluster",
            "module.eks.aws_iam_role.workers",
            "module.eks.aws_iam_role_policy_attachment.cluster_AmazonEKSClusterPolicy",
            "module.eks.aws_iam_role_policy_attachment.cluster_AmazonEKSServicePolicy",
            "module.eks.aws_iam_role_policy_attachment.cluster_AmazonEKSVPCResourceControllerPolicy",
            "module.eks.aws_security_group.cluster",
            "module.eks.aws_security_group.workers",
            "module.eks.aws_security_group_rule.cluster_egress_internet",
            "module.eks.aws_security_group_rule.cluster_https_worker_ingress",
            "module.eks.data.aws_iam_policy_document.cluster_assume_role_policy",
            "module.eks.data.aws_iam_policy_document.workers_assume_role_policy",
            "module.eks.data.aws_iam_role.custom_cluster_iam_role",
            "module.eks.data.aws_partition.current",
            "module.network.aws_subnet.private_subnet",
            "module.network.aws_subnet.public_subnet",
            "module.network.aws_vpc.vpc"
          ],
          "create_before_destroy": true
        }
      ]
    },
    {
      "module": "module.eks",
      "mode": "managed",
      "type": "aws_launch_configuration",
      "name": "workers",
      "provider": "provider[\"registry.terraform.io/hashicorp/aws\"]",
      "instances": [
        {
          "index_key": 0,
          "schema_version": 0,
          "attributes": {
            "arn": "arn:aws:autoscaling:ap-south-1:680148267093:launchConfiguration:ee4fb0b9-1cec-4344-8ef0-f6e01dc7bd5c:launchConfigurationName/moz-health-qa-spot2023032509232886660000001d",
            "associate_public_ip_address": false,
            "ebs_block_device": [],
            "ebs_optimized": true,
            "enable_monitoring": true,
            "ephemeral_block_device": [],
            "iam_instance_profile": "moz-health-qa20230325092327106100000019",
            "id": "moz-health-qa-spot2023032509232886660000001d",
            "image_id": "ami-0b0a935e750050af4",
            "instance_type": "m4.large",
            "key_name": "",
            "metadata_options": [
              {
                "http_endpoint": "enabled",
                "http_put_response_hop_limit": 1,
                "http_tokens": "optional"
              }
            ],
            "name": "moz-health-qa-spot2023032509232886660000001d",
            "name_prefix": "moz-health-qa-spot",
            "placement_tenancy": "",
            "root_block_device": [
              {
                "delete_on_termination": true,
                "encrypted": false,
                "iops": 0,
                "throughput": 0,
                "volume_size": 100,
                "volume_type": "gp2"
              }
            ],
            "security_groups": [
              "sg-013df97bd2d1d695d",
              "sg-0515e711eaf35d664"
            ],
            "spot_price": "",
            "user_data": null,
            "user_data_base64": "IyEvYmluL2Jhc2ggLWUKCiMgQWxsb3cgdXNlciBzdXBwbGllZCBwcmUgdXNlcmRhdGEgY29kZQoKCiMgQm9vdHN0cmFwIGFuZCBqb2luIHRoZSBjbHVzdGVyCi9ldGMvZWtzL2Jvb3RzdHJhcC5zaCAtLWI2NC1jbHVzdGVyLWNhICdMUzB0TFMxQ1JVZEpUaUJEUlZKVVNVWkpRMEZVUlMwdExTMHRDazFKU1VNdmFrTkRRV1ZoWjBGM1NVSkJaMGxDUVVSQlRrSm5hM0ZvYTJsSE9YY3dRa0ZSYzBaQlJFRldUVkpOZDBWUldVUldVVkZFUlhkd2NtUlhTbXdLWTIwMWJHUkhWbnBOUWpSWVJGUkplazFFVFhsT1ZFRTFUVlJOZWs1R2IxaEVWRTE2VFVSTmVVMXFRVFZOVkUxNlRrWnZkMFpVUlZSTlFrVkhRVEZWUlFwQmVFMUxZVE5XYVZwWVNuVmFXRkpzWTNwRFEwRlRTWGRFVVZsS1MyOWFTV2gyWTA1QlVVVkNRbEZCUkdkblJWQkJSRU5EUVZGdlEyZG5SVUpCVDFWMENrSnljMEpMV0dwb2FrTjNNRm81TWxaTk1GQm1aWEJwYlRSNmVFdEJSVUlyWTJvclVrcERhMjVoWm5aWmRVdHpRMlpTUnpBMlRESkhWMXBUY0RkUFozUUtMMmRsTlVSWFpVTlVaemRrT1RoMVFraHdaVFVyVGpRMGEyVm5RV0o1UTBobE9VVTRNWFZFZVRsa1JDdG9jRU12ZUV0b01qaENZVUpIUzBOQmQxQnFXQXBJY21OTmRGVnRWelZPZVV4NE1qVlJkbVF5VjFoME9HcDRXRGw2VkVWNlRFMU1SMk4wU1M5dVpXTTVWa2Q0ZG1WWlIyUlFjVTF4TUhobFZVSnlTVGs0Q25aTlZXbE1TamxHYm01WU9XdDBaazh4YkVSRmRsSlZPVWh6V0ROMGFsbGlMMGRVTTBrMmRucEJibmN2UXpVdmNuYzVTVzFsVTNabVpUWmFUazR4VlRBS05TOVlXbTlTY2twNk5YUk1LM3BsVVdONGQyaEVkVkpVT1Radk5HY3pjMVJVTm01RFMycE5SMHcyTDBsc09XZG5UbTVRZUhCbldGWXdURXRMTDJnMU1BcDVjakZZVUVsMlJWSk9WbTlaV2xWMGJ6ZHpRMEYzUlVGQllVNWFUVVpqZDBSbldVUldVakJRUVZGSUwwSkJVVVJCWjB0clRVRTRSMEV4VldSRmQwVkNDaTkzVVVaTlFVMUNRV1k0ZDBoUldVUldVakJQUWtKWlJVWk9OVWhQUXpNeldHbHBVbFpuWTBOSmMySnlLemhoVTNkaFVrSk5RbFZIUVRGVlpFVlJVVThLVFVGNVEwTnRkREZaYlZaNVltMVdNRnBZVFhkRVVWbEtTMjlhU1doMlkwNUJVVVZNUWxGQlJHZG5SVUpCUlVkUk5UaFFVVmtyVFd4alpFOTVRMkpFZVFvNWVFcDNVMGN3VERaa0wxVkpieTl5WTFJMVVIYzVSM1JIV1ZoaFN5dHZXRGRNTldrd1lsRjFVbWxxU1hwNlZtODJVa2xhSzBNemNtVnFVSEZ5ZG10MkNuTjFRVmd5VFZCM05EVXJXaXRvTW5GNVFVVnhWRWRKUldkbE5WcDBWak50V20xTVlrRnFZV3AwU3pVNVpWRlBhbU5DZUZrNVdWQkZZVGR6U205alkyVUtOREUxVFhkelZ5OXZOMWhrV2tkQlJ6aFpNSE5xWlhvNFprNVVibVkxVWtRdlZUQkRieXRXTXpKS1pUUmpTRVJ6THpjM1lVMVhUMGwyTDA1bVJWWmFjUXBVTkVSamRHNDBRbkZxUW5weFVuWkdOMWxETjA5TU0zQkNaemhVWkM5WGJXSlNOMnRMTlVSWFV6Rk5ZWEY2TVRKVU9DOXBRbHBFWTNreWVsVjJOMmRXQ2xSNGRtcHlSV3RPZDFGdWNUVk9NVkZFWkVKR2RuZzJWSFpOUVZKTE1tbDFUM3BCYTBkbVJXWlNhSE5wSzJsdE1VVjRXVVp1VW01TGIyWlNjMGhJT1RrS1dVRk5QUW90TFMwdExVVk9SQ0JEUlZKVVNVWkpRMEZVUlMwdExTMHRDZz09JyAtLWFwaXNlcnZlci1lbmRwb2ludCAnaHR0cHM6Ly84MENGNDJFMERBQTk5MjczNUQyRkY3REQ4MkUzODc1QS55bDQuYXAtc291dGgtMS5la3MuYW1hem9uYXdzLmNvbScgIC0ta3ViZWxldC1leHRyYS1hcmdzICItLW5vZGUtbGFiZWxzPW5vZGUua3ViZXJuZXRlcy5pby9saWZlY3ljbGU9c3BvdCIgJ21vei1oZWFsdGgtcWEnCgojIEFsbG93IHVzZXIgc3VwcGxpZWQgdXNlcmRhdGEgY29kZQoK",
            "vpc_classic_link_id": "",
            "vpc_classic_link_security_groups": null
          },
          "sensitive_attributes": [],
          "private": "bnVsbA==",
          "dependencies": [
            "module.eks.aws_cloudwatch_log_group.this",
            "module.eks.aws_eks_cluster.this",
            "module.eks.aws_iam_instance_profile.workers",
            "module.eks.aws_iam_role.cluster",
            "module.eks.aws_iam_role.workers",
            "module.eks.aws_iam_role_policy_attachment.cluster_AmazonEKSClusterPolicy",
            "module.eks.aws_iam_role_policy_attachment.cluster_AmazonEKSServicePolicy",
            "module.eks.aws_iam_role_policy_attachment.cluster_AmazonEKSVPCResourceControllerPolicy",
            "module.eks.aws_iam_role_policy_attachment.workers_AmazonEC2ContainerRegistryReadOnly",
            "module.eks.aws_iam_role_policy_attachment.workers_AmazonEKSWorkerNodePolicy",
            "module.eks.aws_iam_role_policy_attachment.workers_AmazonEKS_CNI_Policy",
            "module.eks.aws_iam_role_policy_attachment.workers_additional_policies",
            "module.eks.aws_security_group.cluster",
            "module.eks.aws_security_group.workers",
            "module.eks.aws_security_group_rule.cluster_egress_internet",
            "module.eks.aws_security_group_rule.cluster_https_worker_ingress",
            "module.eks.aws_security_group_rule.cluster_primary_ingress_workers",
            "module.eks.aws_security_group_rule.workers_egress_internet",
            "module.eks.aws_security_group_rule.workers_ingress_cluster",
            "module.eks.aws_security_group_rule.workers_ingress_cluster_https",
            "module.eks.aws_security_group_rule.workers_ingress_cluster_kubelet",
            "module.eks.aws_security_group_rule.workers_ingress_cluster_primary",
            "module.eks.aws_security_group_rule.workers_ingress_self",
            "module.eks.data.aws_ami.eks_worker",
            "module.eks.data.aws_ami.eks_worker_windows",
            "module.eks.data.aws_iam_instance_profile.custom_worker_group_iam_instance_profile",
            "module.eks.data.aws_iam_policy_document.cluster_assume_role_policy",
            "module.eks.data.aws_iam_policy_document.workers_assume_role_policy",
            "module.eks.data.aws_iam_role.custom_cluster_iam_role",
            "module.eks.data.aws_partition.current",
            "module.network.aws_security_group.worker_nodes_sg",
            "module.network.aws_subnet.private_subnet",
            "module.network.aws_subnet.public_subnet",
            "module.network.aws_vpc.vpc"
          ],
          "create_before_destroy": true
        }
      ]
    },
    {
      "module": "module.eks",
      "mode": "managed",
      "type": "aws_security_group",
      "name": "cluster",
      "provider": "provider[\"registry.terraform.io/hashicorp/aws\"]",
      "instances": [
        {
          "index_key": 0,
          "schema_version": 1,
          "attributes": {
            "arn": "arn:aws:ec2:ap-south-1:680148267093:security-group/sg-0c84db9e0ac08dc8a",
            "description": "EKS cluster security group.",
            "egress": [],
            "id": "sg-0c84db9e0ac08dc8a",
            "ingress": [],
            "name": "moz-health-qa20230325090847585900000015",
            "name_prefix": "moz-health-qa",
            "owner_id": "680148267093",
            "revoke_rules_on_delete": false,
            "tags": {
              "KubernetesCluster": "moz-health-qa",
              "Name": "moz-health-qa-eks_cluster_sg",
              "kubernetes.io/cluster/moz-health-qa": "owned"
            },
            "tags_all": {
              "KubernetesCluster": "moz-health-qa",
              "Name": "moz-health-qa-eks_cluster_sg",
              "kubernetes.io/cluster/moz-health-qa": "owned"
            },
            "timeouts": null,
            "vpc_id": "vpc-03321ad8ddc3ec8e9"
          },
          "sensitive_attributes": [],
          "private": "eyJlMmJmYjczMC1lY2FhLTExZTYtOGY4OC0zNDM2M2JjN2M0YzAiOnsiY3JlYXRlIjo2MDAwMDAwMDAwMDAsImRlbGV0ZSI6OTAwMDAwMDAwMDAwfSwic2NoZW1hX3ZlcnNpb24iOiIxIn0=",
          "dependencies": [
            "module.network.aws_vpc.vpc"
          ],
          "create_before_destroy": true
        }
      ]
    },
    {
      "module": "module.eks",
      "mode": "managed",
      "type": "aws_security_group",
      "name": "workers",
      "provider": "provider[\"registry.terraform.io/hashicorp/aws\"]",
      "instances": [
        {
          "index_key": 0,
          "schema_version": 1,
          "attributes": {
            "arn": "arn:aws:ec2:ap-south-1:680148267093:security-group/sg-0515e711eaf35d664",
            "description": "Security group for all nodes in the cluster.",
            "egress": [],
            "id": "sg-0515e711eaf35d664",
            "ingress": [],
            "name": "moz-health-qa20230325090847587800000016",
            "name_prefix": "moz-health-qa",
            "owner_id": "680148267093",
            "revoke_rules_on_delete": false,
            "tags": {
              "KubernetesCluster": "moz-health-qa",
              "Name": "moz-health-qa-eks_worker_sg",
              "kubernetes.io/cluster/moz-health-qa": "owned"
            },
            "tags_all": {
              "KubernetesCluster": "moz-health-qa",
              "Name": "moz-health-qa-eks_worker_sg",
              "kubernetes.io/cluster/moz-health-qa": "owned"
            },
            "timeouts": null,
            "vpc_id": "vpc-03321ad8ddc3ec8e9"
          },
          "sensitive_attributes": [],
          "private": "eyJlMmJmYjczMC1lY2FhLTExZTYtOGY4OC0zNDM2M2JjN2M0YzAiOnsiY3JlYXRlIjo2MDAwMDAwMDAwMDAsImRlbGV0ZSI6OTAwMDAwMDAwMDAwfSwic2NoZW1hX3ZlcnNpb24iOiIxIn0=",
          "dependencies": [
            "module.network.aws_vpc.vpc"
          ],
          "create_before_destroy": true
        }
      ]
    },
    {
      "module": "module.eks",
      "mode": "managed",
      "type": "aws_security_group_rule",
      "name": "cluster_egress_internet",
      "provider": "provider[\"registry.terraform.io/hashicorp/aws\"]",
      "instances": [
        {
          "index_key": 0,
          "schema_version": 2,
          "attributes": {
            "cidr_blocks": [
              "0.0.0.0/0"
            ],
            "description": "Allow cluster egress access to the Internet.",
            "from_port": 0,
            "id": "sgrule-2728982499",
            "ipv6_cidr_blocks": null,
            "prefix_list_ids": null,
            "protocol": "-1",
            "security_group_id": "sg-0c84db9e0ac08dc8a",
            "security_group_rule_id": "sgr-06f91c61807cacdc0",
            "self": false,
            "source_security_group_id": null,
            "timeouts": null,
            "to_port": 0,
            "type": "egress"
          },
          "sensitive_attributes": [],
          "private": "eyJlMmJmYjczMC1lY2FhLTExZTYtOGY4OC0zNDM2M2JjN2M0YzAiOnsiY3JlYXRlIjozMDAwMDAwMDAwMDB9LCJzY2hlbWFfdmVyc2lvbiI6IjIifQ==",
          "dependencies": [
            "module.eks.aws_security_group.cluster",
            "module.network.aws_vpc.vpc"
          ],
          "create_before_destroy": true
        }
      ]
    },
    {
      "module": "module.eks",
      "mode": "managed",
      "type": "aws_security_group_rule",
      "name": "cluster_https_worker_ingress",
      "provider": "provider[\"registry.terraform.io/hashicorp/aws\"]",
      "instances": [
        {
          "index_key": 0,
          "schema_version": 2,
          "attributes": {
            "cidr_blocks": null,
            "description": "Allow pods to communicate with the EKS cluster API.",
            "from_port": 443,
            "id": "sgrule-975007507",
            "ipv6_cidr_blocks": null,
            "prefix_list_ids": null,
            "protocol": "tcp",
            "security_group_id": "sg-0c84db9e0ac08dc8a",
            "security_group_rule_id": "sgr-0dad3760650bb3d22",
            "self": false,
            "source_security_group_id": "sg-0515e711eaf35d664",
            "timeouts": null,
            "to_port": 443,
            "type": "ingress"
          },
          "sensitive_attributes": [],
          "private": "eyJlMmJmYjczMC1lY2FhLTExZTYtOGY4OC0zNDM2M2JjN2M0YzAiOnsiY3JlYXRlIjozMDAwMDAwMDAwMDB9LCJzY2hlbWFfdmVyc2lvbiI6IjIifQ==",
          "dependencies": [
            "module.eks.aws_security_group.cluster",
            "module.eks.aws_security_group.workers",
            "module.network.aws_vpc.vpc"
          ],
          "create_before_destroy": true
        }
      ]
    },
    {
      "module": "module.eks",
      "mode": "managed",
      "type": "aws_security_group_rule",
      "name": "workers_egress_internet",
      "provider": "provider[\"registry.terraform.io/hashicorp/aws\"]",
      "instances": [
        {
          "index_key": 0,
          "schema_version": 2,
          "attributes": {
            "cidr_blocks": [
              "0.0.0.0/0"
            ],
            "description": "Allow nodes all egress to the Internet.",
            "from_port": 0,
            "id": "sgrule-142950333",
            "ipv6_cidr_blocks": null,
            "prefix_list_ids": null,
            "protocol": "-1",
            "security_group_id": "sg-0515e711eaf35d664",
            "security_group_rule_id": "sgr-0144ff4be5305a117",
            "self": false,
            "source_security_group_id": null,
            "timeouts": null,
            "to_port": 0,
            "type": "egress"
          },
          "sensitive_attributes": [],
          "private": "eyJlMmJmYjczMC1lY2FhLTExZTYtOGY4OC0zNDM2M2JjN2M0YzAiOnsiY3JlYXRlIjozMDAwMDAwMDAwMDB9LCJzY2hlbWFfdmVyc2lvbiI6IjIifQ==",
          "dependencies": [
            "module.eks.aws_security_group.workers",
            "module.network.aws_vpc.vpc"
          ],
          "create_before_destroy": true
        }
      ]
    },
    {
      "module": "module.eks",
      "mode": "managed",
      "type": "aws_security_group_rule",
      "name": "workers_ingress_cluster",
      "provider": "provider[\"registry.terraform.io/hashicorp/aws\"]",
      "instances": [
        {
          "index_key": 0,
          "schema_version": 2,
          "attributes": {
            "cidr_blocks": null,
            "description": "Allow workers pods to receive communication from the cluster control plane.",
            "from_port": 1025,
            "id": "sgrule-3878483103",
            "ipv6_cidr_blocks": null,
            "prefix_list_ids": null,
            "protocol": "tcp",
            "security_group_id": "sg-0515e711eaf35d664",
            "security_group_rule_id": "sgr-0c548b5d7d2c34ce7",
            "self": false,
            "source_security_group_id": "sg-0c84db9e0ac08dc8a",
            "timeouts": null,
            "to_port": 65535,
            "type": "ingress"
          },
          "sensitive_attributes": [],
          "private": "eyJlMmJmYjczMC1lY2FhLTExZTYtOGY4OC0zNDM2M2JjN2M0YzAiOnsiY3JlYXRlIjozMDAwMDAwMDAwMDB9LCJzY2hlbWFfdmVyc2lvbiI6IjIifQ==",
          "dependencies": [
            "module.eks.aws_security_group.cluster",
            "module.eks.aws_security_group.workers",
            "module.network.aws_vpc.vpc"
          ],
          "create_before_destroy": true
        }
      ]
    },
    {
      "module": "module.eks",
      "mode": "managed",
      "type": "aws_security_group_rule",
      "name": "workers_ingress_cluster_https",
      "provider": "provider[\"registry.terraform.io/hashicorp/aws\"]",
      "instances": [
        {
          "index_key": 0,
          "schema_version": 2,
          "attributes": {
            "cidr_blocks": null,
            "description": "Allow pods running extension API servers on port 443 to receive communication from cluster control plane.",
            "from_port": 443,
            "id": "sgrule-3762782409",
            "ipv6_cidr_blocks": null,
            "prefix_list_ids": null,
            "protocol": "tcp",
            "security_group_id": "sg-0515e711eaf35d664",
            "security_group_rule_id": "sgr-067fe85e2d0dea275",
            "self": false,
            "source_security_group_id": "sg-0c84db9e0ac08dc8a",
            "timeouts": null,
            "to_port": 443,
            "type": "ingress"
          },
          "sensitive_attributes": [],
          "private": "eyJlMmJmYjczMC1lY2FhLTExZTYtOGY4OC0zNDM2M2JjN2M0YzAiOnsiY3JlYXRlIjozMDAwMDAwMDAwMDB9LCJzY2hlbWFfdmVyc2lvbiI6IjIifQ==",
          "dependencies": [
            "module.eks.aws_security_group.cluster",
            "module.eks.aws_security_group.workers",
            "module.network.aws_vpc.vpc"
          ],
          "create_before_destroy": true
        }
      ]
    },
    {
      "module": "module.eks",
      "mode": "managed",
      "type": "aws_security_group_rule",
      "name": "workers_ingress_self",
      "provider": "provider[\"registry.terraform.io/hashicorp/aws\"]",
      "instances": [
        {
          "index_key": 0,
          "schema_version": 2,
          "attributes": {
            "cidr_blocks": null,
            "description": "Allow node to communicate with each other.",
            "from_port": 0,
            "id": "sgrule-559540134",
            "ipv6_cidr_blocks": null,
            "prefix_list_ids": null,
            "protocol": "-1",
            "security_group_id": "sg-0515e711eaf35d664",
            "security_group_rule_id": "sgr-0bc2d74bfd845bfe7",
            "self": false,
            "source_security_group_id": "sg-0515e711eaf35d664",
            "timeouts": null,
            "to_port": 65535,
            "type": "ingress"
          },
          "sensitive_attributes": [],
          "private": "eyJlMmJmYjczMC1lY2FhLTExZTYtOGY4OC0zNDM2M2JjN2M0YzAiOnsiY3JlYXRlIjozMDAwMDAwMDAwMDB9LCJzY2hlbWFfdmVyc2lvbiI6IjIifQ==",
          "dependencies": [
            "module.eks.aws_security_group.workers",
            "module.network.aws_vpc.vpc"
          ],
          "create_before_destroy": true
        }
      ]
    },
    {
      "module": "module.eks",
      "mode": "managed",
      "type": "kubernetes_config_map",
      "name": "aws_auth",
      "provider": "provider[\"registry.terraform.io/hashicorp/kubernetes\"]",
      "instances": [
        {
          "index_key": 0,
          "schema_version": 0,
          "attributes": {
            "binary_data": null,
            "data": {
              "mapAccounts": "[]\n",
              "mapRoles": "- \"groups\":\n  - \"system:bootstrappers\"\n  - \"system:nodes\"\n  \"rolearn\": \"arn:aws:iam::680148267093:role/moz-health-qa20230325092325274000000018\"\n  \"username\": \"system:node:{{EC2PrivateDNSName}}\"\n",
              "mapUsers": "[]\n"
            },
            "id": "kube-system/aws-auth",
            "immutable": false,
            "metadata": [
              {
                "annotations": null,
                "generate_name": "",
                "generation": 0,
                "labels": {
                  "app.kubernetes.io/managed-by": "Terraform",
                  "terraform.io/module": "terraform-aws-modules.eks.aws"
                },
                "name": "aws-auth",
                "namespace": "kube-system",
                "resource_version": "2067",
                "uid": "5b2f4db0-6778-476b-b941-e597705f84f7"
              }
            ]
          },
          "sensitive_attributes": [],
          "private": "bnVsbA==",
          "dependencies": [
            "data.aws_eks_cluster.cluster",
            "data.aws_eks_cluster_auth.cluster",
            "module.eks.aws_cloudwatch_log_group.this",
            "module.eks.aws_eks_cluster.this",
            "module.eks.aws_iam_instance_profile.workers",
            "module.eks.aws_iam_instance_profile.workers_launch_template",
            "module.eks.aws_iam_role.cluster",
            "module.eks.aws_iam_role.workers",
            "module.eks.aws_iam_role_policy_attachment.cluster_AmazonEKSClusterPolicy",
            "module.eks.aws_iam_role_policy_attachment.cluster_AmazonEKSServicePolicy",
            "module.eks.aws_iam_role_policy_attachment.cluster_AmazonEKSVPCResourceControllerPolicy",
            "module.eks.aws_iam_role_policy_attachment.workers_AmazonEC2ContainerRegistryReadOnly",
            "module.eks.aws_iam_role_policy_attachment.workers_AmazonEKSWorkerNodePolicy",
            "module.eks.aws_iam_role_policy_attachment.workers_AmazonEKS_CNI_Policy",
            "module.eks.aws_security_group.cluster",
            "module.eks.aws_security_group.workers",
            "module.eks.aws_security_group_rule.cluster_egress_internet",
            "module.eks.aws_security_group_rule.cluster_https_worker_ingress",
            "module.eks.aws_security_group_rule.cluster_private_access_cidrs_source",
            "module.eks.aws_security_group_rule.cluster_private_access_sg_source",
            "module.eks.data.aws_ami.eks_worker",
            "module.eks.data.aws_ami.eks_worker_windows",
            "module.eks.data.aws_caller_identity.current",
            "module.eks.data.aws_iam_instance_profile.custom_worker_group_iam_instance_profile",
            "module.eks.data.aws_iam_instance_profile.custom_worker_group_launch_template_iam_instance_profile",
            "module.eks.data.aws_iam_policy_document.cluster_assume_role_policy",
            "module.eks.data.aws_iam_policy_document.workers_assume_role_policy",
            "module.eks.data.aws_iam_role.custom_cluster_iam_role",
            "module.eks.data.aws_partition.current",
            "module.eks.data.http.wait_for_cluster",
            "module.eks.module.fargate.aws_iam_role.eks_fargate_pod",
            "module.eks.module.fargate.data.aws_iam_role.custom_fargate_iam_role",
            "module.network.aws_security_group.worker_nodes_sg",
            "module.network.aws_subnet.private_subnet",
            "module.network.aws_subnet.public_subnet",
            "module.network.aws_vpc.vpc"
          ]
        }
      ]
    },
    {
      "module": "module.eks",
      "mode": "managed",
      "type": "local_file",
      "name": "kubeconfig",
      "provider": "provider[\"registry.terraform.io/hashicorp/local\"]",
      "instances": [
        {
          "index_key": 0,
          "schema_version": 0,
          "attributes": {
            "content": "apiVersion: v1\npreferences: {}\nkind: Config\n\nclusters:\n- cluster:\n    server: https://80CF42E0DAA992735D2FF7DD82E3875A.yl4.ap-south-1.eks.amazonaws.com\n    certificate-authority-data: LS0tLS1CRUdJTiBDRVJUSUZJQ0FURS0tLS0tCk1JSUMvakNDQWVhZ0F3SUJBZ0lCQURBTkJna3Foa2lHOXcwQkFRc0ZBREFWTVJNd0VRWURWUVFERXdwcmRXSmwKY201bGRHVnpNQjRYRFRJek1ETXlOVEE1TVRNek5Gb1hEVE16TURNeU1qQTVNVE16TkZvd0ZURVRNQkVHQTFVRQpBeE1LYTNWaVpYSnVaWFJsY3pDQ0FTSXdEUVlKS29aSWh2Y05BUUVCQlFBRGdnRVBBRENDQVFvQ2dnRUJBT1V0CkJyc0JLWGpoakN3MFo5MlZNMFBmZXBpbTR6eEtBRUIrY2orUkpDa25hZnZZdUtzQ2ZSRzA2TDJHV1pTcDdPZ3QKL2dlNURXZUNUZzdkOTh1QkhwZTUrTjQ0a2VnQWJ5Q0hlOUU4MXVEeTlkRCtocEMveEtoMjhCYUJHS0NBd1BqWApIcmNNdFVtVzVOeUx4MjVRdmQyV1h0OGp4WDl6VEV6TE1MR2N0SS9uZWM5Vkd4dmVZR2RQcU1xMHhlVUJySTk4CnZNVWlMSjlGbm5YOWt0Zk8xbERFdlJVOUhzWDN0alliL0dUM0k2dnpBbncvQzUvcnc5SW1lU3ZmZTZaTk4xVTAKNS9YWm9Sckp6NXRMK3plUWN4d2hEdVJUOTZvNGczc1RUNm5DS2pNR0w2L0lsOWdnTm5QeHBnWFYwTEtLL2g1MAp5cjFYUEl2RVJOVm9ZWlV0bzdzQ0F3RUFBYU5aTUZjd0RnWURWUjBQQVFIL0JBUURBZ0trTUE4R0ExVWRFd0VCCi93UUZNQU1CQWY4d0hRWURWUjBPQkJZRUZONUhPQzMzWGlpUlZnY0NJc2JyKzhhU3dhUkJNQlVHQTFVZEVRUU8KTUF5Q0NtdDFZbVZ5Ym1WMFpYTXdEUVlKS29aSWh2Y05BUUVMQlFBRGdnRUJBRUdRNThQUVkrTWxjZE95Q2JEeQo5eEp3U0cwTDZkL1VJby9yY1I1UHc5R3RHWVhhSytvWDdMNWkwYlF1UmlqSXp6Vm82UklaK0MzcmVqUHFydmt2CnN1QVgyTVB3NDUrWitoMnF5QUVxVEdJRWdlNVp0VjNtWm1MYkFqYWp0SzU5ZVFPamNCeFk5WVBFYTdzSm9jY2UKNDE1TXdzVy9vN1hkWkdBRzhZMHNqZXo4Zk5UbmY1UkQvVTBDbytWMzJKZTRjSERzLzc3YU1XT0l2L05mRVZacQpUNERjdG40QnFqQnpxUnZGN1lDN09MM3BCZzhUZC9XbWJSN2tLNURXUzFNYXF6MTJUOC9pQlpEY3kyelV2N2dWClR4dmpyRWtOd1FucTVOMVFEZEJGdng2VHZNQVJLMml1T3pBa0dmRWZSaHNpK2ltMUV4WUZuUm5Lb2ZSc0hIOTkKWUFNPQotLS0tLUVORCBDRVJUSUZJQ0FURS0tLS0tCg==\n  name: eks_moz-health-qa\n\ncontexts:\n- context:\n    cluster: eks_moz-health-qa\n    user: eks_moz-health-qa\n  name: eks_moz-health-qa\n\ncurrent-context: eks_moz-health-qa\n\nusers:\n- name: eks_moz-health-qa\n  user:\n    exec:\n      apiVersion: client.authentication.k8s.io/v1alpha1\n      command: aws-iam-authenticator\n      args:\n        - \"token\"\n        - \"-i\"\n        - \"moz-health-qa\"\n",
            "content_base64": null,
            "content_base64sha256": "Z4F+w1Ds7i6XceKLGs4GX2avMTBInN2n1EJ7L9n6mIc=",
            "content_base64sha512": "nod1DLMH08WxVheoYqglHih8vRt3fOKmLiidOL2BEWC0PfzdFHeBtOYTEj4TC5OY+thJ+x+tDWlBuaBiYfDFLQ==",
            "content_md5": "11ed819bebde36f28b5bafdea74f240d",
            "content_sha1": "4efb684ddc03e096075a6ea9776680e770af19f1",
            "content_sha256": "67817ec350ecee2e9771e28b1ace065f66af3130489cdda7d4427b2fd9fa9887",
            "content_sha512": "9e87750cb307d3c5b15617a862a8251e287cbd1b777ce2a62e289d38bd811160b43dfcdd147781b4e613123e130b9398fad849fb1fad0d6941b9a06261f0c52d",
            "directory_permission": "0755",
            "file_permission": "0600",
            "filename": "./kubeconfig_moz-health-qa",
            "id": "4efb684ddc03e096075a6ea9776680e770af19f1",
            "sensitive_content": null,
            "source": null
          },
          "sensitive_attributes": [],
          "dependencies": [
            "module.eks.aws_cloudwatch_log_group.this",
            "module.eks.aws_eks_cluster.this",
            "module.eks.aws_iam_role.cluster",
            "module.eks.aws_iam_role_policy_attachment.cluster_AmazonEKSClusterPolicy",
            "module.eks.aws_iam_role_policy_attachment.cluster_AmazonEKSServicePolicy",
            "module.eks.aws_iam_role_policy_attachment.cluster_AmazonEKSVPCResourceControllerPolicy",
            "module.eks.aws_security_group.cluster",
            "module.eks.aws_security_group.workers",
            "module.eks.aws_security_group_rule.cluster_egress_internet",
            "module.eks.aws_security_group_rule.cluster_https_worker_ingress",
            "module.eks.data.aws_iam_policy_document.cluster_assume_role_policy",
            "module.eks.data.aws_iam_role.custom_cluster_iam_role",
            "module.eks.data.aws_partition.current",
            "module.network.aws_subnet.private_subnet",
            "module.network.aws_subnet.public_subnet",
            "module.network.aws_vpc.vpc"
          ]
        }
      ]
    },
    {
      "module": "module.eks.module.fargate",
      "mode": "data",
      "type": "aws_partition",
      "name": "current",
      "provider": "provider[\"registry.terraform.io/hashicorp/aws\"]",
      "instances": [
        {
          "schema_version": 0,
          "attributes": {
            "dns_suffix": "amazonaws.com",
            "id": "aws",
            "partition": "aws",
            "reverse_dns_prefix": "com.amazonaws"
          },
          "sensitive_attributes": []
        }
      ]
    },
    {
      "module": "module.es-data-v1",
      "mode": "managed",
      "type": "aws_ebs_volume",
      "name": "vol",
      "provider": "provider[\"registry.terraform.io/hashicorp/aws\"]",
      "instances": [
        {
          "index_key": 0,
          "schema_version": 0,
          "attributes": {
            "arn": "arn:aws:ec2:ap-south-1:680148267093:volume/vol-09d55fb62037b5d1f",
            "availability_zone": "ap-south-1b",
            "encrypted": false,
            "final_snapshot": false,
            "id": "vol-09d55fb62037b5d1f",
            "iops": 300,
            "kms_key_id": "",
            "multi_attach_enabled": false,
            "outpost_arn": "",
            "size": 100,
            "snapshot_id": "",
            "tags": {
              "KubernetesCluster": "moz-health-qa",
              "Name": "es-data-v1-0"
            },
            "tags_all": {
              "KubernetesCluster": "moz-health-qa",
              "Name": "es-data-v1-0"
            },
            "throughput": 0,
            "timeouts": null,
            "type": "gp2"
          },
          "sensitive_attributes": [],
          "private": "eyJlMmJmYjczMC1lY2FhLTExZTYtOGY4OC0zNDM2M2JjN2M0YzAiOnsiY3JlYXRlIjozMDAwMDAwMDAwMDAsImRlbGV0ZSI6MzAwMDAwMDAwMDAwLCJ1cGRhdGUiOjMwMDAwMDAwMDAwMH19"
        },
        {
          "index_key": 1,
          "schema_version": 0,
          "attributes": {
            "arn": "arn:aws:ec2:ap-south-1:680148267093:volume/vol-038aba3b51849c8f8",
            "availability_zone": "ap-south-1b",
            "encrypted": false,
            "final_snapshot": false,
            "id": "vol-038aba3b51849c8f8",
            "iops": 300,
            "kms_key_id": "",
            "multi_attach_enabled": false,
            "outpost_arn": "",
            "size": 100,
            "snapshot_id": "",
            "tags": {
              "KubernetesCluster": "moz-health-qa",
              "Name": "es-data-v1-1"
            },
            "tags_all": {
              "KubernetesCluster": "moz-health-qa",
              "Name": "es-data-v1-1"
            },
            "throughput": 0,
            "timeouts": null,
            "type": "gp2"
          },
          "sensitive_attributes": [],
          "private": "eyJlMmJmYjczMC1lY2FhLTExZTYtOGY4OC0zNDM2M2JjN2M0YzAiOnsiY3JlYXRlIjozMDAwMDAwMDAwMDAsImRlbGV0ZSI6MzAwMDAwMDAwMDAwLCJ1cGRhdGUiOjMwMDAwMDAwMDAwMH19"
        },
        {
          "index_key": 2,
          "schema_version": 0,
          "attributes": {
            "arn": "arn:aws:ec2:ap-south-1:680148267093:volume/vol-0f41c0ca0926e0fed",
            "availability_zone": "ap-south-1b",
            "encrypted": false,
            "final_snapshot": false,
            "id": "vol-0f41c0ca0926e0fed",
            "iops": 300,
            "kms_key_id": "",
            "multi_attach_enabled": false,
            "outpost_arn": "",
            "size": 100,
            "snapshot_id": "",
            "tags": {
              "KubernetesCluster": "moz-health-qa",
              "Name": "es-data-v1-2"
            },
            "tags_all": {
              "KubernetesCluster": "moz-health-qa",
              "Name": "es-data-v1-2"
            },
            "throughput": 0,
            "timeouts": null,
            "type": "gp2"
          },
          "sensitive_attributes": [],
          "private": "eyJlMmJmYjczMC1lY2FhLTExZTYtOGY4OC0zNDM2M2JjN2M0YzAiOnsiY3JlYXRlIjozMDAwMDAwMDAwMDAsImRlbGV0ZSI6MzAwMDAwMDAwMDAwLCJ1cGRhdGUiOjMwMDAwMDAwMDAwMH19"
        }
      ]
    },
    {
      "module": "module.es-master",
      "mode": "managed",
      "type": "aws_ebs_volume",
      "name": "vol",
      "provider": "provider[\"registry.terraform.io/hashicorp/aws\"]",
      "instances": [
        {
          "index_key": 0,
          "schema_version": 0,
          "attributes": {
            "arn": "arn:aws:ec2:ap-south-1:680148267093:volume/vol-0b1a0a0d69c16f99d",
            "availability_zone": "ap-south-1b",
            "encrypted": false,
            "final_snapshot": false,
            "id": "vol-0b1a0a0d69c16f99d",
            "iops": 100,
            "kms_key_id": "",
            "multi_attach_enabled": false,
            "outpost_arn": "",
            "size": 10,
            "snapshot_id": "",
            "tags": {
              "KubernetesCluster": "moz-health-qa",
              "Name": "es-master-0"
            },
            "tags_all": {
              "KubernetesCluster": "moz-health-qa",
              "Name": "es-master-0"
            },
            "throughput": 0,
            "timeouts": null,
            "type": "gp2"
          },
          "sensitive_attributes": [],
          "private": "eyJlMmJmYjczMC1lY2FhLTExZTYtOGY4OC0zNDM2M2JjN2M0YzAiOnsiY3JlYXRlIjozMDAwMDAwMDAwMDAsImRlbGV0ZSI6MzAwMDAwMDAwMDAwLCJ1cGRhdGUiOjMwMDAwMDAwMDAwMH19"
        },
        {
          "index_key": 1,
          "schema_version": 0,
          "attributes": {
            "arn": "arn:aws:ec2:ap-south-1:680148267093:volume/vol-047cbd2544c64b6da",
            "availability_zone": "ap-south-1b",
            "encrypted": false,
            "final_snapshot": false,
            "id": "vol-047cbd2544c64b6da",
            "iops": 100,
            "kms_key_id": "",
            "multi_attach_enabled": false,
            "outpost_arn": "",
            "size": 10,
            "snapshot_id": "",
            "tags": {
              "KubernetesCluster": "moz-health-qa",
              "Name": "es-master-1"
            },
            "tags_all": {
              "KubernetesCluster": "moz-health-qa",
              "Name": "es-master-1"
            },
            "throughput": 0,
            "timeouts": null,
            "type": "gp2"
          },
          "sensitive_attributes": [],
          "private": "eyJlMmJmYjczMC1lY2FhLTExZTYtOGY4OC0zNDM2M2JjN2M0YzAiOnsiY3JlYXRlIjozMDAwMDAwMDAwMDAsImRlbGV0ZSI6MzAwMDAwMDAwMDAwLCJ1cGRhdGUiOjMwMDAwMDAwMDAwMH19"
        },
        {
          "index_key": 2,
          "schema_version": 0,
          "attributes": {
            "arn": "arn:aws:ec2:ap-south-1:680148267093:volume/vol-0f144434b9bb7e260",
            "availability_zone": "ap-south-1b",
            "encrypted": false,
            "final_snapshot": false,
            "id": "vol-0f144434b9bb7e260",
            "iops": 100,
            "kms_key_id": "",
            "multi_attach_enabled": false,
            "outpost_arn": "",
            "size": 10,
            "snapshot_id": "",
            "tags": {
              "KubernetesCluster": "moz-health-qa",
              "Name": "es-master-2"
            },
            "tags_all": {
              "KubernetesCluster": "moz-health-qa",
              "Name": "es-master-2"
            },
            "throughput": 0,
            "timeouts": null,
            "type": "gp2"
          },
          "sensitive_attributes": [],
          "private": "eyJlMmJmYjczMC1lY2FhLTExZTYtOGY4OC0zNDM2M2JjN2M0YzAiOnsiY3JlYXRlIjozMDAwMDAwMDAwMDAsImRlbGV0ZSI6MzAwMDAwMDAwMDAwLCJ1cGRhdGUiOjMwMDAwMDAwMDAwMH19"
        }
      ]
    },
    {
      "module": "module.kafka",
      "mode": "managed",
      "type": "aws_ebs_volume",
      "name": "vol",
      "provider": "provider[\"registry.terraform.io/hashicorp/aws\"]",
      "instances": [
        {
          "index_key": 0,
          "schema_version": 0,
          "attributes": {
            "arn": "arn:aws:ec2:ap-south-1:680148267093:volume/vol-0cc74a64781eacc2a",
            "availability_zone": "ap-south-1b",
            "encrypted": false,
            "final_snapshot": false,
            "id": "vol-0cc74a64781eacc2a",
            "iops": 300,
            "kms_key_id": "",
            "multi_attach_enabled": false,
            "outpost_arn": "",
            "size": 100,
            "snapshot_id": "",
            "tags": {
              "KubernetesCluster": "moz-health-qa",
              "Name": "kafka-0"
            },
            "tags_all": {
              "KubernetesCluster": "moz-health-qa",
              "Name": "kafka-0"
            },
            "throughput": 0,
            "timeouts": null,
            "type": "gp2"
          },
          "sensitive_attributes": [],
          "private": "eyJlMmJmYjczMC1lY2FhLTExZTYtOGY4OC0zNDM2M2JjN2M0YzAiOnsiY3JlYXRlIjozMDAwMDAwMDAwMDAsImRlbGV0ZSI6MzAwMDAwMDAwMDAwLCJ1cGRhdGUiOjMwMDAwMDAwMDAwMH19"
        },
        {
          "index_key": 1,
          "schema_version": 0,
          "attributes": {
            "arn": "arn:aws:ec2:ap-south-1:680148267093:volume/vol-0634dc712aa2896fb",
            "availability_zone": "ap-south-1b",
            "encrypted": false,
            "final_snapshot": false,
            "id": "vol-0634dc712aa2896fb",
            "iops": 300,
            "kms_key_id": "",
            "multi_attach_enabled": false,
            "outpost_arn": "",
            "size": 100,
            "snapshot_id": "",
            "tags": {
              "KubernetesCluster": "moz-health-qa",
              "Name": "kafka-1"
            },
            "tags_all": {
              "KubernetesCluster": "moz-health-qa",
              "Name": "kafka-1"
            },
            "throughput": 0,
            "timeouts": null,
            "type": "gp2"
          },
          "sensitive_attributes": [],
          "private": "eyJlMmJmYjczMC1lY2FhLTExZTYtOGY4OC0zNDM2M2JjN2M0YzAiOnsiY3JlYXRlIjozMDAwMDAwMDAwMDAsImRlbGV0ZSI6MzAwMDAwMDAwMDAwLCJ1cGRhdGUiOjMwMDAwMDAwMDAwMH19"
        },
        {
          "index_key": 2,
          "schema_version": 0,
          "attributes": {
            "arn": "arn:aws:ec2:ap-south-1:680148267093:volume/vol-06a5a5ac51c6e8e13",
            "availability_zone": "ap-south-1b",
            "encrypted": false,
            "final_snapshot": false,
            "id": "vol-06a5a5ac51c6e8e13",
            "iops": 300,
            "kms_key_id": "",
            "multi_attach_enabled": false,
            "outpost_arn": "",
            "size": 100,
            "snapshot_id": "",
            "tags": {
              "KubernetesCluster": "moz-health-qa",
              "Name": "kafka-2"
            },
            "tags_all": {
              "KubernetesCluster": "moz-health-qa",
              "Name": "kafka-2"
            },
            "throughput": 0,
            "timeouts": null,
            "type": "gp2"
          },
          "sensitive_attributes": [],
          "private": "eyJlMmJmYjczMC1lY2FhLTExZTYtOGY4OC0zNDM2M2JjN2M0YzAiOnsiY3JlYXRlIjozMDAwMDAwMDAwMDAsImRlbGV0ZSI6MzAwMDAwMDAwMDAwLCJ1cGRhdGUiOjMwMDAwMDAwMDAwMH19"
        }
      ]
    },
    {
      "module": "module.network",
      "mode": "managed",
      "type": "aws_eip",
      "name": "eip",
      "provider": "provider[\"registry.terraform.io/hashicorp/aws\"]",
      "instances": [
        {
          "schema_version": 0,
          "attributes": {
            "address": null,
            "allocation_id": "eipalloc-0c25dc8eef609049e",
            "associate_with_private_ip": null,
            "association_id": "",
            "carrier_ip": "",
            "customer_owned_ip": "",
            "customer_owned_ipv4_pool": "",
            "domain": "vpc",
            "id": "eipalloc-0c25dc8eef609049e",
            "instance": "",
            "network_border_group": "ap-south-1",
            "network_interface": "",
            "private_dns": null,
            "private_ip": "",
            "public_dns": "ec2-13-235-93-107.ap-south-1.compute.amazonaws.com",
            "public_ip": "13.235.93.107",
            "public_ipv4_pool": "amazon",
            "tags": {
              "KubernetesCluster": "moz-health-qa",
              "Name": "eip-moz-health-qa",
              "kubernetes.io/cluster/moz-health-qa": "shared"
            },
            "tags_all": {
              "KubernetesCluster": "moz-health-qa",
              "Name": "eip-moz-health-qa",
              "kubernetes.io/cluster/moz-health-qa": "shared"
            },
            "timeouts": null,
            "vpc": true
          },
          "sensitive_attributes": [],
          "private": "eyJlMmJmYjczMC1lY2FhLTExZTYtOGY4OC0zNDM2M2JjN2M0YzAiOnsiZGVsZXRlIjoxODAwMDAwMDAwMDAsInJlYWQiOjkwMDAwMDAwMDAwMCwidXBkYXRlIjozMDAwMDAwMDAwMDB9fQ==",
          "dependencies": [
            "module.network.aws_internet_gateway.internet_gateway",
            "module.network.aws_vpc.vpc"
          ]
        }
      ]
    },
    {
      "module": "module.network",
      "mode": "managed",
      "type": "aws_internet_gateway",
      "name": "internet_gateway",
      "provider": "provider[\"registry.terraform.io/hashicorp/aws\"]",
      "instances": [
        {
          "schema_version": 0,
          "attributes": {
            "arn": "arn:aws:ec2:ap-south-1:680148267093:internet-gateway/igw-09c6abe42914fcb67",
            "id": "igw-09c6abe42914fcb67",
            "owner_id": "680148267093",
            "tags": {
              "KubernetesCluster": "moz-health-qa",
              "Name": "moz-health-qa",
              "kubernetes.io/cluster/moz-health-qa": "shared"
            },
            "tags_all": {
              "KubernetesCluster": "moz-health-qa",
              "Name": "moz-health-qa",
              "kubernetes.io/cluster/moz-health-qa": "shared"
            },
            "timeouts": null,
            "vpc_id": "vpc-03321ad8ddc3ec8e9"
          },
          "sensitive_attributes": [],
          "private": "eyJlMmJmYjczMC1lY2FhLTExZTYtOGY4OC0zNDM2M2JjN2M0YzAiOnsiY3JlYXRlIjoxMjAwMDAwMDAwMDAwLCJkZWxldGUiOjEyMDAwMDAwMDAwMDAsInVwZGF0ZSI6MTIwMDAwMDAwMDAwMH19",
          "dependencies": [
            "module.network.aws_vpc.vpc"
          ]
        }
      ]
    },
    {
      "module": "module.network",
      "mode": "managed",
      "type": "aws_nat_gateway",
      "name": "nat",
      "provider": "provider[\"registry.terraform.io/hashicorp/aws\"]",
      "instances": [
        {
          "schema_version": 0,
          "attributes": {
            "allocation_id": "eipalloc-0c25dc8eef609049e",
            "connectivity_type": "public",
            "id": "nat-0254e46b6cefbb512",
            "network_interface_id": "eni-02806c72a9a7db220",
            "private_ip": "192.168.0.205",
            "public_ip": "13.235.93.107",
            "subnet_id": "subnet-0aa36ae93fc7ef537",
            "tags": {
              "KubernetesCluster": "moz-health-qa",
              "Name": "nat-gw-moz-health-qa",
              "kubernetes.io/cluster/moz-health-qa": "shared"
            },
            "tags_all": {
              "KubernetesCluster": "moz-health-qa",
              "Name": "nat-gw-moz-health-qa",
              "kubernetes.io/cluster/moz-health-qa": "shared"
            }
          },
          "sensitive_attributes": [],
          "private": "bnVsbA==",
          "dependencies": [
            "module.network.aws_eip.eip",
            "module.network.aws_internet_gateway.internet_gateway",
            "module.network.aws_subnet.public_subnet",
            "module.network.aws_vpc.vpc"
          ]
        }
      ]
    },
    {
      "module": "module.network",
      "mode": "managed",
      "type": "aws_route_table",
      "name": "private_route_table",
      "provider": "provider[\"registry.terraform.io/hashicorp/aws\"]",
      "instances": [
        {
          "schema_version": 0,
          "attributes": {
            "arn": "arn:aws:ec2:ap-south-1:680148267093:route-table/rtb-0a7281e726cd43732",
            "id": "rtb-0a7281e726cd43732",
            "owner_id": "680148267093",
            "propagating_vgws": [],
            "route": [
              {
                "carrier_gateway_id": "",
                "cidr_block": "0.0.0.0/0",
                "core_network_arn": "",
                "destination_prefix_list_id": "",
                "egress_only_gateway_id": "",
                "gateway_id": "",
                "instance_id": "",
                "ipv6_cidr_block": "",
                "local_gateway_id": "",
                "nat_gateway_id": "nat-0254e46b6cefbb512",
                "network_interface_id": "",
                "transit_gateway_id": "",
                "vpc_endpoint_id": "",
                "vpc_peering_connection_id": ""
              }
            ],
            "tags": {
              "KubernetesCluster": "moz-health-qa",
              "Name": "private-moz-health-qa-rtb",
              "kubernetes.io/cluster/moz-health-qa": "shared"
            },
            "tags_all": {
              "KubernetesCluster": "moz-health-qa",
              "Name": "private-moz-health-qa-rtb",
              "kubernetes.io/cluster/moz-health-qa": "shared"
            },
            "timeouts": null,
            "vpc_id": "vpc-03321ad8ddc3ec8e9"
          },
          "sensitive_attributes": [],
          "private": "eyJlMmJmYjczMC1lY2FhLTExZTYtOGY4OC0zNDM2M2JjN2M0YzAiOnsiY3JlYXRlIjozMDAwMDAwMDAwMDAsImRlbGV0ZSI6MzAwMDAwMDAwMDAwLCJ1cGRhdGUiOjEyMDAwMDAwMDAwMH19",
          "dependencies": [
            "module.network.aws_eip.eip",
            "module.network.aws_internet_gateway.internet_gateway",
            "module.network.aws_nat_gateway.nat",
            "module.network.aws_subnet.public_subnet",
            "module.network.aws_vpc.vpc"
          ]
        }
      ]
    },
    {
      "module": "module.network",
      "mode": "managed",
      "type": "aws_route_table",
      "name": "public_route_table",
      "provider": "provider[\"registry.terraform.io/hashicorp/aws\"]",
      "instances": [
        {
          "schema_version": 0,
          "attributes": {
            "arn": "arn:aws:ec2:ap-south-1:680148267093:route-table/rtb-0b8c5c80e8255878a",
            "id": "rtb-0b8c5c80e8255878a",
            "owner_id": "680148267093",
            "propagating_vgws": [],
            "route": [
              {
                "carrier_gateway_id": "",
                "cidr_block": "0.0.0.0/0",
                "core_network_arn": "",
                "destination_prefix_list_id": "",
                "egress_only_gateway_id": "",
                "gateway_id": "igw-09c6abe42914fcb67",
                "instance_id": "",
                "ipv6_cidr_block": "",
                "local_gateway_id": "",
                "nat_gateway_id": "",
                "network_interface_id": "",
                "transit_gateway_id": "",
                "vpc_endpoint_id": "",
                "vpc_peering_connection_id": ""
              }
            ],
            "tags": {
              "KubernetesCluster": "moz-health-qa",
              "Name": "public-moz-health-qa-rtb",
              "kubernetes.io/cluster/moz-health-qa": "shared"
            },
            "tags_all": {
              "KubernetesCluster": "moz-health-qa",
              "Name": "public-moz-health-qa-rtb",
              "kubernetes.io/cluster/moz-health-qa": "shared"
            },
            "timeouts": null,
            "vpc_id": "vpc-03321ad8ddc3ec8e9"
          },
          "sensitive_attributes": [],
          "private": "eyJlMmJmYjczMC1lY2FhLTExZTYtOGY4OC0zNDM2M2JjN2M0YzAiOnsiY3JlYXRlIjozMDAwMDAwMDAwMDAsImRlbGV0ZSI6MzAwMDAwMDAwMDAwLCJ1cGRhdGUiOjEyMDAwMDAwMDAwMH19",
          "dependencies": [
            "module.network.aws_internet_gateway.internet_gateway",
            "module.network.aws_vpc.vpc"
          ]
        }
      ]
    },
    {
      "module": "module.network",
      "mode": "managed",
      "type": "aws_route_table_association",
      "name": "private",
      "provider": "provider[\"registry.terraform.io/hashicorp/aws\"]",
      "instances": [
        {
          "index_key": 0,
          "schema_version": 0,
          "attributes": {
            "gateway_id": "",
            "id": "rtbassoc-01e5763513027b291",
            "route_table_id": "rtb-0a7281e726cd43732",
            "subnet_id": "subnet-0fa453f1cb3695cca"
          },
          "sensitive_attributes": [],
          "private": "bnVsbA==",
          "dependencies": [
            "module.network.aws_eip.eip",
            "module.network.aws_internet_gateway.internet_gateway",
            "module.network.aws_nat_gateway.nat",
            "module.network.aws_route_table.private_route_table",
            "module.network.aws_subnet.private_subnet",
            "module.network.aws_subnet.public_subnet",
            "module.network.aws_vpc.vpc"
          ]
        },
        {
          "index_key": 1,
          "schema_version": 0,
          "attributes": {
            "gateway_id": "",
            "id": "rtbassoc-05aeb07c4013f8fd7",
            "route_table_id": "rtb-0a7281e726cd43732",
            "subnet_id": "subnet-01a7f0b7a595daacf"
          },
          "sensitive_attributes": [],
          "private": "bnVsbA==",
          "dependencies": [
            "module.network.aws_eip.eip",
            "module.network.aws_internet_gateway.internet_gateway",
            "module.network.aws_nat_gateway.nat",
            "module.network.aws_route_table.private_route_table",
            "module.network.aws_subnet.private_subnet",
            "module.network.aws_subnet.public_subnet",
            "module.network.aws_vpc.vpc"
          ]
        }
      ]
    },
    {
      "module": "module.network",
      "mode": "managed",
      "type": "aws_route_table_association",
      "name": "public",
      "provider": "provider[\"registry.terraform.io/hashicorp/aws\"]",
      "instances": [
        {
          "index_key": 0,
          "schema_version": 0,
          "attributes": {
            "gateway_id": "",
            "id": "rtbassoc-02fa6f9b0cb4b927b",
            "route_table_id": "rtb-0b8c5c80e8255878a",
            "subnet_id": "subnet-0aa36ae93fc7ef537"
          },
          "sensitive_attributes": [],
          "private": "bnVsbA==",
          "dependencies": [
            "module.network.aws_internet_gateway.internet_gateway",
            "module.network.aws_route_table.public_route_table",
            "module.network.aws_subnet.public_subnet",
            "module.network.aws_vpc.vpc"
          ]
        },
        {
          "index_key": 1,
          "schema_version": 0,
          "attributes": {
            "gateway_id": "",
            "id": "rtbassoc-01238d47acf14e55c",
            "route_table_id": "rtb-0b8c5c80e8255878a",
            "subnet_id": "subnet-02d7ec32d787715fd"
          },
          "sensitive_attributes": [],
          "private": "bnVsbA==",
          "dependencies": [
            "module.network.aws_internet_gateway.internet_gateway",
            "module.network.aws_route_table.public_route_table",
            "module.network.aws_subnet.public_subnet",
            "module.network.aws_vpc.vpc"
          ]
        }
      ]
    },
    {
      "module": "module.network",
      "mode": "managed",
      "type": "aws_security_group",
      "name": "master_nodes_sg",
      "provider": "provider[\"registry.terraform.io/hashicorp/aws\"]",
      "instances": [
        {
          "schema_version": 1,
          "attributes": {
            "arn": "arn:aws:ec2:ap-south-1:680148267093:security-group/sg-0d676d0c18d7f23de",
            "description": "Master nodes security group",
            "egress": [],
            "id": "sg-0d676d0c18d7f23de",
            "ingress": [],
            "name": "masters-moz-health-qa",
            "name_prefix": "",
            "owner_id": "680148267093",
            "revoke_rules_on_delete": false,
            "tags": {
              "KubernetesCluster": "moz-health-qa",
              "Name": "masters-moz-health-qa",
              "kubernetes.io/cluster/moz-health-qa": "shared"
            },
            "tags_all": {
              "KubernetesCluster": "moz-health-qa",
              "Name": "masters-moz-health-qa",
              "kubernetes.io/cluster/moz-health-qa": "shared"
            },
            "timeouts": null,
            "vpc_id": "vpc-03321ad8ddc3ec8e9"
          },
          "sensitive_attributes": [],
          "private": "eyJlMmJmYjczMC1lY2FhLTExZTYtOGY4OC0zNDM2M2JjN2M0YzAiOnsiY3JlYXRlIjo2MDAwMDAwMDAwMDAsImRlbGV0ZSI6OTAwMDAwMDAwMDAwfSwic2NoZW1hX3ZlcnNpb24iOiIxIn0=",
          "dependencies": [
            "module.network.aws_vpc.vpc"
          ]
        }
      ]
    },
    {
      "module": "module.network",
      "mode": "managed",
      "type": "aws_security_group",
      "name": "rds_db_sg",
      "provider": "provider[\"registry.terraform.io/hashicorp/aws\"]",
      "instances": [
        {
          "schema_version": 1,
          "attributes": {
            "arn": "arn:aws:ec2:ap-south-1:680148267093:security-group/sg-0c83bab6ee83c3ccf",
            "description": "RDS Database security group",
            "egress": [],
            "id": "sg-0c83bab6ee83c3ccf",
            "ingress": [],
            "name": "db-moz-health-qa",
            "name_prefix": "",
            "owner_id": "680148267093",
            "revoke_rules_on_delete": false,
            "tags": {
              "Name": "db-moz-health-qa"
            },
            "tags_all": {
              "Name": "db-moz-health-qa"
            },
            "timeouts": null,
            "vpc_id": "vpc-03321ad8ddc3ec8e9"
          },
          "sensitive_attributes": [],
          "private": "eyJlMmJmYjczMC1lY2FhLTExZTYtOGY4OC0zNDM2M2JjN2M0YzAiOnsiY3JlYXRlIjo2MDAwMDAwMDAwMDAsImRlbGV0ZSI6OTAwMDAwMDAwMDAwfSwic2NoZW1hX3ZlcnNpb24iOiIxIn0=",
          "dependencies": [
            "module.network.aws_vpc.vpc"
          ]
        }
      ]
    },
    {
      "module": "module.network",
      "mode": "managed",
      "type": "aws_security_group",
      "name": "worker_nodes_sg",
      "provider": "provider[\"registry.terraform.io/hashicorp/aws\"]",
      "instances": [
        {
          "schema_version": 1,
          "attributes": {
            "arn": "arn:aws:ec2:ap-south-1:680148267093:security-group/sg-013df97bd2d1d695d",
            "description": "Security group for all worker nodes in the cluster",
            "egress": [
              {
                "cidr_blocks": [
                  "0.0.0.0/0"
                ],
                "description": "",
                "from_port": 0,
                "ipv6_cidr_blocks": [],
                "prefix_list_ids": [],
                "protocol": "-1",
                "security_groups": [],
                "self": false,
                "to_port": 0
              }
            ],
            "id": "sg-013df97bd2d1d695d",
            "ingress": [],
            "name": "nodes-moz-health-qa",
            "name_prefix": "",
            "owner_id": "680148267093",
            "revoke_rules_on_delete": false,
            "tags": {
              "KubernetesCluster": "moz-health-qa",
              "Name": "nodes-moz-health-qa",
              "kubernetes.io/cluster/moz-health-qa": "shared"
            },
            "tags_all": {
              "KubernetesCluster": "moz-health-qa",
              "Name": "nodes-moz-health-qa",
              "kubernetes.io/cluster/moz-health-qa": "shared"
            },
            "timeouts": null,
            "vpc_id": "vpc-03321ad8ddc3ec8e9"
          },
          "sensitive_attributes": [],
          "private": "eyJlMmJmYjczMC1lY2FhLTExZTYtOGY4OC0zNDM2M2JjN2M0YzAiOnsiY3JlYXRlIjo2MDAwMDAwMDAwMDAsImRlbGV0ZSI6OTAwMDAwMDAwMDAwfSwic2NoZW1hX3ZlcnNpb24iOiIxIn0=",
          "dependencies": [
            "module.network.aws_vpc.vpc"
          ],
          "create_before_destroy": true
        }
      ]
    },
    {
      "module": "module.network",
      "mode": "managed",
      "type": "aws_security_group_rule",
      "name": "master_nodes_egress_workers",
      "provider": "provider[\"registry.terraform.io/hashicorp/aws\"]",
      "instances": [
        {
          "schema_version": 2,
          "attributes": {
            "cidr_blocks": null,
            "description": "Allow outbound traffic to worker nodes",
            "from_port": 10250,
            "id": "sgrule-1299256829",
            "ipv6_cidr_blocks": null,
            "prefix_list_ids": null,
            "protocol": "tcp",
            "security_group_id": "sg-0d676d0c18d7f23de",
            "security_group_rule_id": "sgr-0f8d5347acb48b8f7",
            "self": false,
            "source_security_group_id": "sg-013df97bd2d1d695d",
            "timeouts": null,
            "to_port": 65535,
            "type": "egress"
          },
          "sensitive_attributes": [],
          "private": "eyJlMmJmYjczMC1lY2FhLTExZTYtOGY4OC0zNDM2M2JjN2M0YzAiOnsiY3JlYXRlIjozMDAwMDAwMDAwMDB9LCJzY2hlbWFfdmVyc2lvbiI6IjIifQ==",
          "dependencies": [
            "module.network.aws_security_group.master_nodes_sg",
            "module.network.aws_security_group.worker_nodes_sg",
            "module.network.aws_vpc.vpc"
          ]
        }
      ]
    },
    {
      "module": "module.network",
      "mode": "managed",
      "type": "aws_security_group_rule",
      "name": "master_nodes_ingress_workers",
      "provider": "provider[\"registry.terraform.io/hashicorp/aws\"]",
      "instances": [
        {
          "schema_version": 2,
          "attributes": {
            "cidr_blocks": null,
            "description": "Allow worker nodes to communicate with cluster API server",
            "from_port": 443,
            "id": "sgrule-1587954948",
            "ipv6_cidr_blocks": null,
            "prefix_list_ids": null,
            "protocol": "tcp",
            "security_group_id": "sg-0d676d0c18d7f23de",
            "security_group_rule_id": "sgr-0516e48d68a90ebe2",
            "self": false,
            "source_security_group_id": "sg-013df97bd2d1d695d",
            "timeouts": null,
            "to_port": 443,
            "type": "ingress"
          },
          "sensitive_attributes": [],
          "private": "eyJlMmJmYjczMC1lY2FhLTExZTYtOGY4OC0zNDM2M2JjN2M0YzAiOnsiY3JlYXRlIjozMDAwMDAwMDAwMDB9LCJzY2hlbWFfdmVyc2lvbiI6IjIifQ==",
          "dependencies": [
            "module.network.aws_security_group.master_nodes_sg",
            "module.network.aws_security_group.worker_nodes_sg",
            "module.network.aws_vpc.vpc"
          ]
        }
      ]
    },
    {
      "module": "module.network",
      "mode": "managed",
      "type": "aws_security_group_rule",
      "name": "rds_db_ingress_workers",
      "provider": "provider[\"registry.terraform.io/hashicorp/aws\"]",
      "instances": [
        {
          "schema_version": 2,
          "attributes": {
            "cidr_blocks": null,
            "description": "Allow worker nodes to communicate with RDS database",
            "from_port": 5432,
            "id": "sgrule-1191332862",
            "ipv6_cidr_blocks": null,
            "prefix_list_ids": null,
            "protocol": "tcp",
            "security_group_id": "sg-0c83bab6ee83c3ccf",
            "security_group_rule_id": "sgr-0417a00e9c80e4c14",
            "self": false,
            "source_security_group_id": "sg-013df97bd2d1d695d",
            "timeouts": null,
            "to_port": 5432,
            "type": "ingress"
          },
          "sensitive_attributes": [],
          "private": "eyJlMmJmYjczMC1lY2FhLTExZTYtOGY4OC0zNDM2M2JjN2M0YzAiOnsiY3JlYXRlIjozMDAwMDAwMDAwMDB9LCJzY2hlbWFfdmVyc2lvbiI6IjIifQ==",
          "dependencies": [
            "module.network.aws_security_group.rds_db_sg",
            "module.network.aws_security_group.worker_nodes_sg",
            "module.network.aws_vpc.vpc"
          ]
        }
      ]
    },
    {
      "module": "module.network",
      "mode": "managed",
      "type": "aws_security_group_rule",
      "name": "worker_nodes_ingress_cluster",
      "provider": "provider[\"registry.terraform.io/hashicorp/aws\"]",
      "instances": [
        {
          "schema_version": 2,
          "attributes": {
            "cidr_blocks": null,
            "description": "Allow worker Kubelets and pods to receive communication from the cluster control plane",
            "from_port": 1025,
            "id": "sgrule-2762403315",
            "ipv6_cidr_blocks": null,
            "prefix_list_ids": null,
            "protocol": "tcp",
            "security_group_id": "sg-013df97bd2d1d695d",
            "security_group_rule_id": "sgr-092afd84c11bd2626",
            "self": false,
            "source_security_group_id": "sg-0d676d0c18d7f23de",
            "timeouts": null,
            "to_port": 65535,
            "type": "ingress"
          },
          "sensitive_attributes": [],
          "private": "eyJlMmJmYjczMC1lY2FhLTExZTYtOGY4OC0zNDM2M2JjN2M0YzAiOnsiY3JlYXRlIjozMDAwMDAwMDAwMDB9LCJzY2hlbWFfdmVyc2lvbiI6IjIifQ==",
          "dependencies": [
            "module.network.aws_security_group.master_nodes_sg",
            "module.network.aws_security_group.worker_nodes_sg",
            "module.network.aws_vpc.vpc"
          ]
        }
      ]
    },
    {
      "module": "module.network",
      "mode": "managed",
      "type": "aws_security_group_rule",
      "name": "worker_nodes_ingress_self",
      "provider": "provider[\"registry.terraform.io/hashicorp/aws\"]",
      "instances": [
        {
          "schema_version": 2,
          "attributes": {
            "cidr_blocks": null,
            "description": "Allow node to communicate with each other",
            "from_port": 0,
            "id": "sgrule-1915160465",
            "ipv6_cidr_blocks": null,
            "prefix_list_ids": null,
            "protocol": "-1",
            "security_group_id": "sg-013df97bd2d1d695d",
            "security_group_rule_id": "sgr-023f9c414ee90171e",
            "self": false,
            "source_security_group_id": "sg-013df97bd2d1d695d",
            "timeouts": null,
            "to_port": 65535,
            "type": "ingress"
          },
          "sensitive_attributes": [],
          "private": "eyJlMmJmYjczMC1lY2FhLTExZTYtOGY4OC0zNDM2M2JjN2M0YzAiOnsiY3JlYXRlIjozMDAwMDAwMDAwMDB9LCJzY2hlbWFfdmVyc2lvbiI6IjIifQ==",
          "dependencies": [
            "module.network.aws_security_group.worker_nodes_sg",
            "module.network.aws_vpc.vpc"
          ]
        }
      ]
    },
    {
      "module": "module.network",
      "mode": "managed",
      "type": "aws_subnet",
      "name": "private_subnet",
      "provider": "provider[\"registry.terraform.io/hashicorp/aws\"]",
      "instances": [
        {
          "index_key": 0,
          "schema_version": 1,
          "attributes": {
            "arn": "arn:aws:ec2:ap-south-1:680148267093:subnet/subnet-0fa453f1cb3695cca",
            "assign_ipv6_address_on_creation": false,
            "availability_zone": "ap-south-1b",
            "availability_zone_id": "aps1-az3",
            "cidr_block": "192.168.64.0/19",
            "customer_owned_ipv4_pool": "",
            "enable_dns64": false,
            "enable_resource_name_dns_a_record_on_launch": false,
            "enable_resource_name_dns_aaaa_record_on_launch": false,
            "id": "subnet-0fa453f1cb3695cca",
            "ipv6_cidr_block": "",
            "ipv6_cidr_block_association_id": "",
            "ipv6_native": false,
            "map_customer_owned_ip_on_launch": false,
            "map_public_ip_on_launch": false,
            "outpost_arn": "",
            "owner_id": "680148267093",
            "private_dns_hostname_type_on_launch": "ip-name",
            "tags": {
              "KubernetesCluster": "moz-health-qa",
              "Name": "ap-south-1b-moz-health-qa",
              "SubnetType": "Private",
              "kubernetes.io/cluster/moz-health-qa": "shared",
              "kubernetes.io/role/internal-elb": "1"
            },
            "tags_all": {
              "KubernetesCluster": "moz-health-qa",
              "Name": "ap-south-1b-moz-health-qa",
              "SubnetType": "Private",
              "kubernetes.io/cluster/moz-health-qa": "shared",
              "kubernetes.io/role/internal-elb": "1"
            },
            "timeouts": null,
            "vpc_id": "vpc-03321ad8ddc3ec8e9"
          },
          "sensitive_attributes": [],
          "private": "eyJlMmJmYjczMC1lY2FhLTExZTYtOGY4OC0zNDM2M2JjN2M0YzAiOnsiY3JlYXRlIjo2MDAwMDAwMDAwMDAsImRlbGV0ZSI6MTIwMDAwMDAwMDAwMH0sInNjaGVtYV92ZXJzaW9uIjoiMSJ9",
          "dependencies": [
            "module.network.aws_vpc.vpc"
          ],
          "create_before_destroy": true
        },
        {
          "index_key": 1,
          "schema_version": 1,
          "attributes": {
            "arn": "arn:aws:ec2:ap-south-1:680148267093:subnet/subnet-01a7f0b7a595daacf",
            "assign_ipv6_address_on_creation": false,
            "availability_zone": "ap-south-1a",
            "availability_zone_id": "aps1-az1",
            "cidr_block": "192.168.96.0/19",
            "customer_owned_ipv4_pool": "",
            "enable_dns64": false,
            "enable_resource_name_dns_a_record_on_launch": false,
            "enable_resource_name_dns_aaaa_record_on_launch": false,
            "id": "subnet-01a7f0b7a595daacf",
            "ipv6_cidr_block": "",
            "ipv6_cidr_block_association_id": "",
            "ipv6_native": false,
            "map_customer_owned_ip_on_launch": false,
            "map_public_ip_on_launch": false,
            "outpost_arn": "",
            "owner_id": "680148267093",
            "private_dns_hostname_type_on_launch": "ip-name",
            "tags": {
              "KubernetesCluster": "moz-health-qa",
              "Name": "ap-south-1a-moz-health-qa",
              "SubnetType": "Private",
              "kubernetes.io/cluster/moz-health-qa": "shared",
              "kubernetes.io/role/internal-elb": "1"
            },
            "tags_all": {
              "KubernetesCluster": "moz-health-qa",
              "Name": "ap-south-1a-moz-health-qa",
              "SubnetType": "Private",
              "kubernetes.io/cluster/moz-health-qa": "shared",
              "kubernetes.io/role/internal-elb": "1"
            },
            "timeouts": null,
            "vpc_id": "vpc-03321ad8ddc3ec8e9"
          },
          "sensitive_attributes": [],
          "private": "eyJlMmJmYjczMC1lY2FhLTExZTYtOGY4OC0zNDM2M2JjN2M0YzAiOnsiY3JlYXRlIjo2MDAwMDAwMDAwMDAsImRlbGV0ZSI6MTIwMDAwMDAwMDAwMH0sInNjaGVtYV92ZXJzaW9uIjoiMSJ9",
          "dependencies": [
            "module.network.aws_vpc.vpc"
          ],
          "create_before_destroy": true
        }
      ]
    },
    {
      "module": "module.network",
      "mode": "managed",
      "type": "aws_subnet",
      "name": "public_subnet",
      "provider": "provider[\"registry.terraform.io/hashicorp/aws\"]",
      "instances": [
        {
          "index_key": 0,
          "schema_version": 1,
          "attributes": {
            "arn": "arn:aws:ec2:ap-south-1:680148267093:subnet/subnet-0aa36ae93fc7ef537",
            "assign_ipv6_address_on_creation": false,
            "availability_zone": "ap-south-1b",
            "availability_zone_id": "aps1-az3",
            "cidr_block": "192.168.0.0/21",
            "customer_owned_ipv4_pool": "",
            "enable_dns64": false,
            "enable_resource_name_dns_a_record_on_launch": false,
            "enable_resource_name_dns_aaaa_record_on_launch": false,
            "id": "subnet-0aa36ae93fc7ef537",
            "ipv6_cidr_block": "",
            "ipv6_cidr_block_association_id": "",
            "ipv6_native": false,
            "map_customer_owned_ip_on_launch": false,
            "map_public_ip_on_launch": false,
            "outpost_arn": "",
            "owner_id": "680148267093",
            "private_dns_hostname_type_on_launch": "ip-name",
            "tags": {
              "KubernetesCluster": "moz-health-qa",
              "Name": "utility-ap-south-1b-moz-health-qa",
              "SubnetType": "Utility",
              "kubernetes.io/cluster/moz-health-qa": "shared",
              "kubernetes.io/role/elb": "1"
            },
            "tags_all": {
              "KubernetesCluster": "moz-health-qa",
              "Name": "utility-ap-south-1b-moz-health-qa",
              "SubnetType": "Utility",
              "kubernetes.io/cluster/moz-health-qa": "shared",
              "kubernetes.io/role/elb": "1"
            },
            "timeouts": null,
            "vpc_id": "vpc-03321ad8ddc3ec8e9"
          },
          "sensitive_attributes": [],
          "private": "eyJlMmJmYjczMC1lY2FhLTExZTYtOGY4OC0zNDM2M2JjN2M0YzAiOnsiY3JlYXRlIjo2MDAwMDAwMDAwMDAsImRlbGV0ZSI6MTIwMDAwMDAwMDAwMH0sInNjaGVtYV92ZXJzaW9uIjoiMSJ9",
          "dependencies": [
            "module.network.aws_vpc.vpc"
          ],
          "create_before_destroy": true
        },
        {
          "index_key": 1,
          "schema_version": 1,
          "attributes": {
            "arn": "arn:aws:ec2:ap-south-1:680148267093:subnet/subnet-02d7ec32d787715fd",
            "assign_ipv6_address_on_creation": false,
            "availability_zone": "ap-south-1a",
            "availability_zone_id": "aps1-az1",
            "cidr_block": "192.168.8.0/21",
            "customer_owned_ipv4_pool": "",
            "enable_dns64": false,
            "enable_resource_name_dns_a_record_on_launch": false,
            "enable_resource_name_dns_aaaa_record_on_launch": false,
            "id": "subnet-02d7ec32d787715fd",
            "ipv6_cidr_block": "",
            "ipv6_cidr_block_association_id": "",
            "ipv6_native": false,
            "map_customer_owned_ip_on_launch": false,
            "map_public_ip_on_launch": false,
            "outpost_arn": "",
            "owner_id": "680148267093",
            "private_dns_hostname_type_on_launch": "ip-name",
            "tags": {
              "KubernetesCluster": "moz-health-qa",
              "Name": "utility-ap-south-1a-moz-health-qa",
              "SubnetType": "Utility",
              "kubernetes.io/cluster/moz-health-qa": "shared",
              "kubernetes.io/role/elb": "1"
            },
            "tags_all": {
              "KubernetesCluster": "moz-health-qa",
              "Name": "utility-ap-south-1a-moz-health-qa",
              "SubnetType": "Utility",
              "kubernetes.io/cluster/moz-health-qa": "shared",
              "kubernetes.io/role/elb": "1"
            },
            "timeouts": null,
            "vpc_id": "vpc-03321ad8ddc3ec8e9"
          },
          "sensitive_attributes": [],
          "private": "eyJlMmJmYjczMC1lY2FhLTExZTYtOGY4OC0zNDM2M2JjN2M0YzAiOnsiY3JlYXRlIjo2MDAwMDAwMDAwMDAsImRlbGV0ZSI6MTIwMDAwMDAwMDAwMH0sInNjaGVtYV92ZXJzaW9uIjoiMSJ9",
          "dependencies": [
            "module.network.aws_vpc.vpc"
          ],
          "create_before_destroy": true
        }
      ]
    },
    {
      "module": "module.network",
      "mode": "managed",
      "type": "aws_vpc",
      "name": "vpc",
      "provider": "provider[\"registry.terraform.io/hashicorp/aws\"]",
      "instances": [
        {
          "schema_version": 1,
          "attributes": {
            "arn": "arn:aws:ec2:ap-south-1:680148267093:vpc/vpc-03321ad8ddc3ec8e9",
            "assign_generated_ipv6_cidr_block": false,
            "cidr_block": "192.168.0.0/16",
            "default_network_acl_id": "acl-06f6809501d521a1b",
            "default_route_table_id": "rtb-03f31b14dd63400e1",
            "default_security_group_id": "sg-0b4b77254693cdbed",
            "dhcp_options_id": "dopt-5e994435",
            "enable_classiclink": false,
            "enable_classiclink_dns_support": false,
            "enable_dns_hostnames": true,
            "enable_dns_support": true,
            "enable_network_address_usage_metrics": false,
            "id": "vpc-03321ad8ddc3ec8e9",
            "instance_tenancy": "default",
            "ipv4_ipam_pool_id": null,
            "ipv4_netmask_length": null,
            "ipv6_association_id": "",
            "ipv6_cidr_block": "",
            "ipv6_cidr_block_network_border_group": "",
            "ipv6_ipam_pool_id": "",
            "ipv6_netmask_length": 0,
            "main_route_table_id": "rtb-03f31b14dd63400e1",
            "owner_id": "680148267093",
            "tags": {
              "Name": "moz-health-qa",
              "kubernetes.io/cluster/moz-health-qa": "shared"
            },
            "tags_all": {
              "Name": "moz-health-qa",
              "kubernetes.io/cluster/moz-health-qa": "shared"
            }
          },
          "sensitive_attributes": [],
          "private": "eyJzY2hlbWFfdmVyc2lvbiI6IjEifQ==",
          "create_before_destroy": true
        }
      ]
    },
    {
      "module": "module.zookeeper",
      "mode": "managed",
      "type": "aws_ebs_volume",
      "name": "vol",
      "provider": "provider[\"registry.terraform.io/hashicorp/aws\"]",
      "instances": [
        {
          "index_key": 0,
          "schema_version": 0,
          "attributes": {
            "arn": "arn:aws:ec2:ap-south-1:680148267093:volume/vol-0eb4cda93097e8ff3",
            "availability_zone": "ap-south-1b",
            "encrypted": false,
            "final_snapshot": false,
            "id": "vol-0eb4cda93097e8ff3",
            "iops": 100,
            "kms_key_id": "",
            "multi_attach_enabled": false,
            "outpost_arn": "",
            "size": 10,
            "snapshot_id": "",
            "tags": {
              "KubernetesCluster": "moz-health-qa",
              "Name": "zookeeper-0"
            },
            "tags_all": {
              "KubernetesCluster": "moz-health-qa",
              "Name": "zookeeper-0"
            },
            "throughput": 0,
            "timeouts": null,
            "type": "gp2"
          },
          "sensitive_attributes": [],
          "private": "eyJlMmJmYjczMC1lY2FhLTExZTYtOGY4OC0zNDM2M2JjN2M0YzAiOnsiY3JlYXRlIjozMDAwMDAwMDAwMDAsImRlbGV0ZSI6MzAwMDAwMDAwMDAwLCJ1cGRhdGUiOjMwMDAwMDAwMDAwMH19"
        },
        {
          "index_key": 1,
          "schema_version": 0,
          "attributes": {
            "arn": "arn:aws:ec2:ap-south-1:680148267093:volume/vol-03a90642de18966e7",
            "availability_zone": "ap-south-1b",
            "encrypted": false,
            "final_snapshot": false,
            "id": "vol-03a90642de18966e7",
            "iops": 100,
            "kms_key_id": "",
            "multi_attach_enabled": false,
            "outpost_arn": "",
            "size": 10,
            "snapshot_id": "",
            "tags": {
              "KubernetesCluster": "moz-health-qa",
              "Name": "zookeeper-1"
            },
            "tags_all": {
              "KubernetesCluster": "moz-health-qa",
              "Name": "zookeeper-1"
            },
            "throughput": 0,
            "timeouts": null,
            "type": "gp2"
          },
          "sensitive_attributes": [],
          "private": "eyJlMmJmYjczMC1lY2FhLTExZTYtOGY4OC0zNDM2M2JjN2M0YzAiOnsiY3JlYXRlIjozMDAwMDAwMDAwMDAsImRlbGV0ZSI6MzAwMDAwMDAwMDAwLCJ1cGRhdGUiOjMwMDAwMDAwMDAwMH19"
        },
        {
          "index_key": 2,
          "schema_version": 0,
          "attributes": {
            "arn": "arn:aws:ec2:ap-south-1:680148267093:volume/vol-0de48e5878784f4e7",
            "availability_zone": "ap-south-1b",
            "encrypted": false,
            "final_snapshot": false,
            "id": "vol-0de48e5878784f4e7",
            "iops": 100,
            "kms_key_id": "",
            "multi_attach_enabled": false,
            "outpost_arn": "",
            "size": 10,
            "snapshot_id": "",
            "tags": {
              "KubernetesCluster": "moz-health-qa",
              "Name": "zookeeper-2"
            },
            "tags_all": {
              "KubernetesCluster": "moz-health-qa",
              "Name": "zookeeper-2"
            },
            "throughput": 0,
            "timeouts": null,
            "type": "gp2"
          },
          "sensitive_attributes": [],
          "private": "eyJlMmJmYjczMC1lY2FhLTExZTYtOGY4OC0zNDM2M2JjN2M0YzAiOnsiY3JlYXRlIjozMDAwMDAwMDAwMDAsImRlbGV0ZSI6MzAwMDAwMDAwMDAwLCJ1cGRhdGUiOjMwMDAwMDAwMDAwMH19"
        }
      ]
    }
  ]
}
